
Microsoft Visual Studio Solution File, Format Version 12.00
Project("{FAE04EC0-301F-11D3-BF4B-00C04F79EFBC}") = "Wavee.Spotify", "Wavee.Spotify\Wavee.Spotify.csproj", "{9EE93F6F-6C56-455F-9131-5DD11C33E2C7}"
EndProject
Project("{FAE04EC0-301F-11D3-BF4B-00C04F79EFBC}") = "Wavee.Spotify.Proto", "Wavee.Spotify.Proto\Wavee.Spotify.Proto.csproj", "{010A5935-38C5-4574-9539-71F69856BC1F}"
EndProject
Project("{FAE04EC0-301F-11D3-BF4B-00C04F79EFBC}") = "ConsoleTest", "..\..\tests\ConsoleTest\ConsoleTest.csproj", "{F66DA253-55FC-48F2-A69D-272B7291E940}"
EndProject
Project("{FAE04EC0-301F-11D3-BF4B-00C04F79EFBC}") = "Wavee.Spotify.Remote", "Wavee.Spotify.Remote\Wavee.Spotify.Remote.csproj", "{37B87624-2A85-44AD-9962-A73CF8581837}"
EndProject
Project("{FAE04EC0-301F-11D3-BF4B-00C04F79EFBC}") = "Wavee.Spotify.Playback", "Wavee.Spotify.Playback\Wavee.Spotify.Playback.csproj", "{7C821370-E64A-4992-B06B-CE109117A05F}"
EndProject
Project("{FAE04EC0-301F-11D3-BF4B-00C04F79EFBC}") = "Wavee", "Wavee\Wavee.csproj", "{E85CEE68-A47F-4D0A-BF12-A07B2826E208}"
EndProject
Global
	GlobalSection(SolutionConfigurationPlatforms) = preSolution
		Debug|Any CPU = Debug|Any CPU
		Release|Any CPU = Release|Any CPU
	EndGlobalSection
	GlobalSection(ProjectConfigurationPlatforms) = postSolution
		{9EE93F6F-6C56-455F-9131-5DD11C33E2C7}.Debug|Any CPU.ActiveCfg = Debug|Any CPU
		{9EE93F6F-6C56-455F-9131-5DD11C33E2C7}.Debug|Any CPU.Build.0 = Debug|Any CPU
		{9EE93F6F-6C56-455F-9131-5DD11C33E2C7}.Release|Any CPU.ActiveCfg = Release|Any CPU
		{9EE93F6F-6C56-455F-9131-5DD11C33E2C7}.Release|Any CPU.Build.0 = Release|Any CPU
		{010A5935-38C5-4574-9539-71F69856BC1F}.Debug|Any CPU.ActiveCfg = Debug|Any CPU
		{010A5935-38C5-4574-9539-71F69856BC1F}.Debug|Any CPU.Build.0 = Debug|Any CPU
		{010A5935-38C5-4574-9539-71F69856BC1F}.Release|Any CPU.ActiveCfg = Release|Any CPU
		{010A5935-38C5-4574-9539-71F69856BC1F}.Release|Any CPU.Build.0 = Release|Any CPU
		{F66DA253-55FC-48F2-A69D-272B7291E940}.Debug|Any CPU.ActiveCfg = Debug|Any CPU
		{F66DA253-55FC-48F2-A69D-272B7291E940}.Debug|Any CPU.Build.0 = Debug|Any CPU
		{F66DA253-55FC-48F2-A69D-272B7291E940}.Release|Any CPU.ActiveCfg = Release|Any CPU
		{F66DA253-55FC-48F2-A69D-272B7291E940}.Release|Any CPU.Build.0 = Release|Any CPU
		{37B87624-2A85-44AD-9962-A73CF8581837}.Debug|Any CPU.ActiveCfg = Debug|Any CPU
		{37B87624-2A85-44AD-9962-A73CF8581837}.Debug|Any CPU.Build.0 = Debug|Any CPU
		{37B87624-2A85-44AD-9962-A73CF8581837}.Release|Any CPU.ActiveCfg = Release|Any CPU
		{37B87624-2A85-44AD-9962-A73CF8581837}.Release|Any CPU.Build.0 = Release|Any CPU
		{7C821370-E64A-4992-B06B-CE109117A05F}.Debug|Any CPU.ActiveCfg = Debug|Any CPU
		{7C821370-E64A-4992-B06B-CE109117A05F}.Debug|Any CPU.Build.0 = Debug|Any CPU
		{7C821370-E64A-4992-B06B-CE109117A05F}.Release|Any CPU.ActiveCfg = Release|Any CPU
		{7C821370-E64A-4992-B06B-CE109117A05F}.Release|Any CPU.Build.0 = Release|Any CPU
		{E85CEE68-A47F-4D0A-BF12-A07B2826E208}.Debug|Any CPU.ActiveCfg = Debug|Any CPU
		{E85CEE68-A47F-4D0A-BF12-A07B2826E208}.Debug|Any CPU.Build.0 = Debug|Any CPU
		{E85CEE68-A47F-4D0A-BF12-A07B2826E208}.Release|Any CPU.ActiveCfg = Release|Any CPU
		{E85CEE68-A47F-4D0A-BF12-A07B2826E208}.Release|Any CPU.Build.0 = Release|Any CPU
	EndGlobalSection
EndGlobal
