
Microsoft Visual Studio Solution File, Format Version 12.00
# Visual Studio Version 17
VisualStudioVersion = 17.5.33103.201
MinimumVisualStudioVersion = 10.0.40219.1
Project("{2150E333-8FDC-42A3-9474-1A3956D46DE8}") = "Library", "Library", "{B96D4141-4833-43FD-98CE-66B2531118C5}"
EndProject
Project("{9A19103F-16F7-4668-BE54-9A1E7A4F7556}") = "Eum.Connections.Spotify", "Eum\src\Spotify\Eum.Connections.Spotify\Eum.Connections.Spotify.csproj", "{38F9FAFD-5392-4818-9BB1-2EA3B9615971}"
EndProject
Project("{9A19103F-16F7-4668-BE54-9A1E7A4F7556}") = "Eum.Connections.Spotify.NAudio", "Eum\src\Spotify\Players\Eum.Connections.Spotify.NAudio\Eum.Connections.Spotify.NAudio.csproj", "{97693087-D58B-4AD2-B8C2-0E96C39C1120}"
EndProject
Project("{9A19103F-16F7-4668-BE54-9A1E7A4F7556}") = "Eum", "Eum\src\Eum\Eum.csproj", "{CF9E4D47-B173-488C-A32C-0ACC68E0CE28}"
EndProject
Project("{9A19103F-16F7-4668-BE54-9A1E7A4F7556}") = "Eum.Connections.Spotify.Playback", "Eum\src\Spotify\Eum.Connections.Spotify.Playback\Eum.Connections.Spotify.Playback.csproj", "{F00F7BDD-7B0B-4966-9FBC-E2636845C5BC}"
EndProject
Project("{9A19103F-16F7-4668-BE54-9A1E7A4F7556}") = "Eum.Protobufs", "Eum\src\Spotify\Eum.Protobufs\Eum.Protobufs.csproj", "{BED118E7-FD60-451A-9AD5-23552DC60B70}"
EndProject
Project("{9A19103F-16F7-4668-BE54-9A1E7A4F7556}") = "SpotifyTcp", "Eum\src\Spotify\SpotifyTcp\SpotifyTcp.csproj", "{7122CD65-3B25-48AA-8B2F-335692F0F96D}"
EndProject
Project("{2150E333-8FDC-42A3-9474-1A3956D46DE8}") = "Shared", "Shared", "{FDFA6C4C-96A0-484A-8F2C-212B6E2CAFE7}"
EndProject
Project("{9A19103F-16F7-4668-BE54-9A1E7A4F7556}") = "Eum.UI.WinUI", "src\Eum.UI.WinUI\Eum.UI.WinUI.csproj", "{6C3A3A7A-F087-4EC4-81C7-0FC0125F95AA}"
EndProject
Project("{9A19103F-16F7-4668-BE54-9A1E7A4F7556}") = "Eum.UI.Spotify", "src\Eum.UI.Spotify\Eum.UI.Spotify.csproj", "{630CF98E-9027-4582-B26E-07218ECEF7EB}"
EndProject
Project("{9A19103F-16F7-4668-BE54-9A1E7A4F7556}") = "Eum.UI", "src\Eum.UI\Eum.UI.csproj", "{3030AE62-F80E-4E7D-AE46-2F69BD6D8A44}"
EndProject
Project("{9A19103F-16F7-4668-BE54-9A1E7A4F7556}") = "Eum.Connections.Spotify.VLC", "Eum\src\Spotify\Players\Eum.Connections.Spotify.VLC\Eum.Connections.Spotify.VLC.csproj", "{85B0D95B-A89C-4463-9806-AFEE1CB9880F}"
EndProject
Project("{9A19103F-16F7-4668-BE54-9A1E7A4F7556}") = "WinRTLibrary", "src\WinRTLibrary\WinRTLibrary.csproj", "{51BEE0D4-7543-4EF3-B5AA-8C3CC71DB638}"
EndProject
Project("{9A19103F-16F7-4668-BE54-9A1E7A4F7556}") = "SpotifyConsoleExample", "Eum\Examples\SpotifyConsoleExample\SpotifyConsoleExample.csproj", "{1A32C856-BB1B-47C8-A76C-147736055890}"
EndProject
Global
	GlobalSection(SolutionConfigurationPlatforms) = preSolution
		Debug|Any CPU = Debug|Any CPU
		Debug|ARM = Debug|ARM
		Debug|arm64 = Debug|arm64
		Debug|x64 = Debug|x64
		Debug|x86 = Debug|x86
		Release|Any CPU = Release|Any CPU
		Release|ARM = Release|ARM
		Release|arm64 = Release|arm64
		Release|x64 = Release|x64
		Release|x86 = Release|x86
	EndGlobalSection
	GlobalSection(ProjectConfigurationPlatforms) = postSolution
		{38F9FAFD-5392-4818-9BB1-2EA3B9615971}.Debug|Any CPU.ActiveCfg = Debug|Any CPU
		{38F9FAFD-5392-4818-9BB1-2EA3B9615971}.Debug|Any CPU.Build.0 = Debug|Any CPU
		{38F9FAFD-5392-4818-9BB1-2EA3B9615971}.Debug|ARM.ActiveCfg = Debug|Any CPU
		{38F9FAFD-5392-4818-9BB1-2EA3B9615971}.Debug|ARM.Build.0 = Debug|Any CPU
		{38F9FAFD-5392-4818-9BB1-2EA3B9615971}.Debug|arm64.ActiveCfg = Debug|Any CPU
		{38F9FAFD-5392-4818-9BB1-2EA3B9615971}.Debug|arm64.Build.0 = Debug|Any CPU
		{38F9FAFD-5392-4818-9BB1-2EA3B9615971}.Debug|x64.ActiveCfg = Debug|Any CPU
		{38F9FAFD-5392-4818-9BB1-2EA3B9615971}.Debug|x64.Build.0 = Debug|Any CPU
		{38F9FAFD-5392-4818-9BB1-2EA3B9615971}.Debug|x86.ActiveCfg = Debug|Any CPU
		{38F9FAFD-5392-4818-9BB1-2EA3B9615971}.Debug|x86.Build.0 = Debug|Any CPU
		{38F9FAFD-5392-4818-9BB1-2EA3B9615971}.Release|Any CPU.ActiveCfg = Release|Any CPU
		{38F9FAFD-5392-4818-9BB1-2EA3B9615971}.Release|Any CPU.Build.0 = Release|Any CPU
		{38F9FAFD-5392-4818-9BB1-2EA3B9615971}.Release|ARM.ActiveCfg = Release|Any CPU
		{38F9FAFD-5392-4818-9BB1-2EA3B9615971}.Release|ARM.Build.0 = Release|Any CPU
		{38F9FAFD-5392-4818-9BB1-2EA3B9615971}.Release|arm64.ActiveCfg = Release|Any CPU
		{38F9FAFD-5392-4818-9BB1-2EA3B9615971}.Release|arm64.Build.0 = Release|Any CPU
		{38F9FAFD-5392-4818-9BB1-2EA3B9615971}.Release|x64.ActiveCfg = Release|Any CPU
		{38F9FAFD-5392-4818-9BB1-2EA3B9615971}.Release|x64.Build.0 = Release|Any CPU
		{38F9FAFD-5392-4818-9BB1-2EA3B9615971}.Release|x86.ActiveCfg = Release|Any CPU
		{38F9FAFD-5392-4818-9BB1-2EA3B9615971}.Release|x86.Build.0 = Release|Any CPU
		{97693087-D58B-4AD2-B8C2-0E96C39C1120}.Debug|Any CPU.ActiveCfg = Debug|Any CPU
		{97693087-D58B-4AD2-B8C2-0E96C39C1120}.Debug|Any CPU.Build.0 = Debug|Any CPU
		{97693087-D58B-4AD2-B8C2-0E96C39C1120}.Debug|ARM.ActiveCfg = Debug|Any CPU
		{97693087-D58B-4AD2-B8C2-0E96C39C1120}.Debug|ARM.Build.0 = Debug|Any CPU
		{97693087-D58B-4AD2-B8C2-0E96C39C1120}.Debug|arm64.ActiveCfg = Debug|Any CPU
		{97693087-D58B-4AD2-B8C2-0E96C39C1120}.Debug|arm64.Build.0 = Debug|Any CPU
		{97693087-D58B-4AD2-B8C2-0E96C39C1120}.Debug|x64.ActiveCfg = Debug|Any CPU
		{97693087-D58B-4AD2-B8C2-0E96C39C1120}.Debug|x64.Build.0 = Debug|Any CPU
		{97693087-D58B-4AD2-B8C2-0E96C39C1120}.Debug|x86.ActiveCfg = Debug|Any CPU
		{97693087-D58B-4AD2-B8C2-0E96C39C1120}.Debug|x86.Build.0 = Debug|Any CPU
		{97693087-D58B-4AD2-B8C2-0E96C39C1120}.Release|Any CPU.ActiveCfg = Release|Any CPU
		{97693087-D58B-4AD2-B8C2-0E96C39C1120}.Release|Any CPU.Build.0 = Release|Any CPU
		{97693087-D58B-4AD2-B8C2-0E96C39C1120}.Release|ARM.ActiveCfg = Release|Any CPU
		{97693087-D58B-4AD2-B8C2-0E96C39C1120}.Release|ARM.Build.0 = Release|Any CPU
		{97693087-D58B-4AD2-B8C2-0E96C39C1120}.Release|arm64.ActiveCfg = Release|Any CPU
		{97693087-D58B-4AD2-B8C2-0E96C39C1120}.Release|arm64.Build.0 = Release|Any CPU
		{97693087-D58B-4AD2-B8C2-0E96C39C1120}.Release|x64.ActiveCfg = Release|Any CPU
		{97693087-D58B-4AD2-B8C2-0E96C39C1120}.Release|x64.Build.0 = Release|Any CPU
		{97693087-D58B-4AD2-B8C2-0E96C39C1120}.Release|x86.ActiveCfg = Release|Any CPU
		{97693087-D58B-4AD2-B8C2-0E96C39C1120}.Release|x86.Build.0 = Release|Any CPU
		{CF9E4D47-B173-488C-A32C-0ACC68E0CE28}.Debug|Any CPU.ActiveCfg = Debug|Any CPU
		{CF9E4D47-B173-488C-A32C-0ACC68E0CE28}.Debug|Any CPU.Build.0 = Debug|Any CPU
		{CF9E4D47-B173-488C-A32C-0ACC68E0CE28}.Debug|ARM.ActiveCfg = Debug|Any CPU
		{CF9E4D47-B173-488C-A32C-0ACC68E0CE28}.Debug|ARM.Build.0 = Debug|Any CPU
		{CF9E4D47-B173-488C-A32C-0ACC68E0CE28}.Debug|arm64.ActiveCfg = Debug|Any CPU
		{CF9E4D47-B173-488C-A32C-0ACC68E0CE28}.Debug|arm64.Build.0 = Debug|Any CPU
		{CF9E4D47-B173-488C-A32C-0ACC68E0CE28}.Debug|x64.ActiveCfg = Debug|Any CPU
		{CF9E4D47-B173-488C-A32C-0ACC68E0CE28}.Debug|x64.Build.0 = Debug|Any CPU
		{CF9E4D47-B173-488C-A32C-0ACC68E0CE28}.Debug|x86.ActiveCfg = Debug|Any CPU
		{CF9E4D47-B173-488C-A32C-0ACC68E0CE28}.Debug|x86.Build.0 = Debug|Any CPU
		{CF9E4D47-B173-488C-A32C-0ACC68E0CE28}.Release|Any CPU.ActiveCfg = Release|Any CPU
		{CF9E4D47-B173-488C-A32C-0ACC68E0CE28}.Release|Any CPU.Build.0 = Release|Any CPU
		{CF9E4D47-B173-488C-A32C-0ACC68E0CE28}.Release|ARM.ActiveCfg = Release|Any CPU
		{CF9E4D47-B173-488C-A32C-0ACC68E0CE28}.Release|ARM.Build.0 = Release|Any CPU
		{CF9E4D47-B173-488C-A32C-0ACC68E0CE28}.Release|arm64.ActiveCfg = Release|Any CPU
		{CF9E4D47-B173-488C-A32C-0ACC68E0CE28}.Release|arm64.Build.0 = Release|Any CPU
		{CF9E4D47-B173-488C-A32C-0ACC68E0CE28}.Release|x64.ActiveCfg = Release|Any CPU
		{CF9E4D47-B173-488C-A32C-0ACC68E0CE28}.Release|x64.Build.0 = Release|Any CPU
		{CF9E4D47-B173-488C-A32C-0ACC68E0CE28}.Release|x86.ActiveCfg = Release|Any CPU
		{CF9E4D47-B173-488C-A32C-0ACC68E0CE28}.Release|x86.Build.0 = Release|Any CPU
		{F00F7BDD-7B0B-4966-9FBC-E2636845C5BC}.Debug|Any CPU.ActiveCfg = Debug|Any CPU
		{F00F7BDD-7B0B-4966-9FBC-E2636845C5BC}.Debug|Any CPU.Build.0 = Debug|Any CPU
		{F00F7BDD-7B0B-4966-9FBC-E2636845C5BC}.Debug|ARM.ActiveCfg = Debug|Any CPU
		{F00F7BDD-7B0B-4966-9FBC-E2636845C5BC}.Debug|ARM.Build.0 = Debug|Any CPU
		{F00F7BDD-7B0B-4966-9FBC-E2636845C5BC}.Debug|arm64.ActiveCfg = Debug|Any CPU
		{F00F7BDD-7B0B-4966-9FBC-E2636845C5BC}.Debug|arm64.Build.0 = Debug|Any CPU
		{F00F7BDD-7B0B-4966-9FBC-E2636845C5BC}.Debug|x64.ActiveCfg = Debug|Any CPU
		{F00F7BDD-7B0B-4966-9FBC-E2636845C5BC}.Debug|x64.Build.0 = Debug|Any CPU
		{F00F7BDD-7B0B-4966-9FBC-E2636845C5BC}.Debug|x86.ActiveCfg = Debug|Any CPU
		{F00F7BDD-7B0B-4966-9FBC-E2636845C5BC}.Debug|x86.Build.0 = Debug|Any CPU
		{F00F7BDD-7B0B-4966-9FBC-E2636845C5BC}.Release|Any CPU.ActiveCfg = Release|Any CPU
		{F00F7BDD-7B0B-4966-9FBC-E2636845C5BC}.Release|Any CPU.Build.0 = Release|Any CPU
		{F00F7BDD-7B0B-4966-9FBC-E2636845C5BC}.Release|ARM.ActiveCfg = Release|Any CPU
		{F00F7BDD-7B0B-4966-9FBC-E2636845C5BC}.Release|ARM.Build.0 = Release|Any CPU
		{F00F7BDD-7B0B-4966-9FBC-E2636845C5BC}.Release|arm64.ActiveCfg = Release|Any CPU
		{F00F7BDD-7B0B-4966-9FBC-E2636845C5BC}.Release|arm64.Build.0 = Release|Any CPU
		{F00F7BDD-7B0B-4966-9FBC-E2636845C5BC}.Release|x64.ActiveCfg = Release|Any CPU
		{F00F7BDD-7B0B-4966-9FBC-E2636845C5BC}.Release|x64.Build.0 = Release|Any CPU
		{F00F7BDD-7B0B-4966-9FBC-E2636845C5BC}.Release|x86.ActiveCfg = Release|Any CPU
		{F00F7BDD-7B0B-4966-9FBC-E2636845C5BC}.Release|x86.Build.0 = Release|Any CPU
		{BED118E7-FD60-451A-9AD5-23552DC60B70}.Debug|Any CPU.ActiveCfg = Debug|Any CPU
		{BED118E7-FD60-451A-9AD5-23552DC60B70}.Debug|Any CPU.Build.0 = Debug|Any CPU
		{BED118E7-FD60-451A-9AD5-23552DC60B70}.Debug|ARM.ActiveCfg = Debug|Any CPU
		{BED118E7-FD60-451A-9AD5-23552DC60B70}.Debug|ARM.Build.0 = Debug|Any CPU
		{BED118E7-FD60-451A-9AD5-23552DC60B70}.Debug|arm64.ActiveCfg = Debug|Any CPU
		{BED118E7-FD60-451A-9AD5-23552DC60B70}.Debug|arm64.Build.0 = Debug|Any CPU
		{BED118E7-FD60-451A-9AD5-23552DC60B70}.Debug|x64.ActiveCfg = Debug|Any CPU
		{BED118E7-FD60-451A-9AD5-23552DC60B70}.Debug|x64.Build.0 = Debug|Any CPU
		{BED118E7-FD60-451A-9AD5-23552DC60B70}.Debug|x86.ActiveCfg = Debug|Any CPU
		{BED118E7-FD60-451A-9AD5-23552DC60B70}.Debug|x86.Build.0 = Debug|Any CPU
		{BED118E7-FD60-451A-9AD5-23552DC60B70}.Release|Any CPU.ActiveCfg = Release|Any CPU
		{BED118E7-FD60-451A-9AD5-23552DC60B70}.Release|Any CPU.Build.0 = Release|Any CPU
		{BED118E7-FD60-451A-9AD5-23552DC60B70}.Release|ARM.ActiveCfg = Release|Any CPU
		{BED118E7-FD60-451A-9AD5-23552DC60B70}.Release|ARM.Build.0 = Release|Any CPU
		{BED118E7-FD60-451A-9AD5-23552DC60B70}.Release|arm64.ActiveCfg = Release|Any CPU
		{BED118E7-FD60-451A-9AD5-23552DC60B70}.Release|arm64.Build.0 = Release|Any CPU
		{BED118E7-FD60-451A-9AD5-23552DC60B70}.Release|x64.ActiveCfg = Release|Any CPU
		{BED118E7-FD60-451A-9AD5-23552DC60B70}.Release|x64.Build.0 = Release|Any CPU
		{BED118E7-FD60-451A-9AD5-23552DC60B70}.Release|x86.ActiveCfg = Release|Any CPU
		{BED118E7-FD60-451A-9AD5-23552DC60B70}.Release|x86.Build.0 = Release|Any CPU
		{7122CD65-3B25-48AA-8B2F-335692F0F96D}.Debug|Any CPU.ActiveCfg = Debug|Any CPU
		{7122CD65-3B25-48AA-8B2F-335692F0F96D}.Debug|Any CPU.Build.0 = Debug|Any CPU
		{7122CD65-3B25-48AA-8B2F-335692F0F96D}.Debug|ARM.ActiveCfg = Debug|Any CPU
		{7122CD65-3B25-48AA-8B2F-335692F0F96D}.Debug|ARM.Build.0 = Debug|Any CPU
		{7122CD65-3B25-48AA-8B2F-335692F0F96D}.Debug|arm64.ActiveCfg = Debug|Any CPU
		{7122CD65-3B25-48AA-8B2F-335692F0F96D}.Debug|arm64.Build.0 = Debug|Any CPU
		{7122CD65-3B25-48AA-8B2F-335692F0F96D}.Debug|x64.ActiveCfg = Debug|Any CPU
		{7122CD65-3B25-48AA-8B2F-335692F0F96D}.Debug|x64.Build.0 = Debug|Any CPU
		{7122CD65-3B25-48AA-8B2F-335692F0F96D}.Debug|x86.ActiveCfg = Debug|Any CPU
		{7122CD65-3B25-48AA-8B2F-335692F0F96D}.Debug|x86.Build.0 = Debug|Any CPU
		{7122CD65-3B25-48AA-8B2F-335692F0F96D}.Release|Any CPU.ActiveCfg = Release|Any CPU
		{7122CD65-3B25-48AA-8B2F-335692F0F96D}.Release|Any CPU.Build.0 = Release|Any CPU
		{7122CD65-3B25-48AA-8B2F-335692F0F96D}.Release|ARM.ActiveCfg = Release|Any CPU
		{7122CD65-3B25-48AA-8B2F-335692F0F96D}.Release|ARM.Build.0 = Release|Any CPU
		{7122CD65-3B25-48AA-8B2F-335692F0F96D}.Release|arm64.ActiveCfg = Release|Any CPU
		{7122CD65-3B25-48AA-8B2F-335692F0F96D}.Release|arm64.Build.0 = Release|Any CPU
		{7122CD65-3B25-48AA-8B2F-335692F0F96D}.Release|x64.ActiveCfg = Release|Any CPU
		{7122CD65-3B25-48AA-8B2F-335692F0F96D}.Release|x64.Build.0 = Release|Any CPU
		{7122CD65-3B25-48AA-8B2F-335692F0F96D}.Release|x86.ActiveCfg = Release|Any CPU
		{7122CD65-3B25-48AA-8B2F-335692F0F96D}.Release|x86.Build.0 = Release|Any CPU
		{6C3A3A7A-F087-4EC4-81C7-0FC0125F95AA}.Debug|Any CPU.ActiveCfg = Debug|x64
		{6C3A3A7A-F087-4EC4-81C7-0FC0125F95AA}.Debug|Any CPU.Build.0 = Debug|x64
		{6C3A3A7A-F087-4EC4-81C7-0FC0125F95AA}.Debug|Any CPU.Deploy.0 = Debug|x64
		{6C3A3A7A-F087-4EC4-81C7-0FC0125F95AA}.Debug|ARM.ActiveCfg = Debug|x64
		{6C3A3A7A-F087-4EC4-81C7-0FC0125F95AA}.Debug|ARM.Build.0 = Debug|x64
		{6C3A3A7A-F087-4EC4-81C7-0FC0125F95AA}.Debug|ARM.Deploy.0 = Debug|x64
		{6C3A3A7A-F087-4EC4-81C7-0FC0125F95AA}.Debug|arm64.ActiveCfg = Debug|arm64
		{6C3A3A7A-F087-4EC4-81C7-0FC0125F95AA}.Debug|arm64.Build.0 = Debug|arm64
		{6C3A3A7A-F087-4EC4-81C7-0FC0125F95AA}.Debug|arm64.Deploy.0 = Debug|arm64
		{6C3A3A7A-F087-4EC4-81C7-0FC0125F95AA}.Debug|x64.ActiveCfg = Debug|x64
		{6C3A3A7A-F087-4EC4-81C7-0FC0125F95AA}.Debug|x64.Build.0 = Debug|x64
		{6C3A3A7A-F087-4EC4-81C7-0FC0125F95AA}.Debug|x64.Deploy.0 = Debug|x64
		{6C3A3A7A-F087-4EC4-81C7-0FC0125F95AA}.Debug|x86.ActiveCfg = Debug|x86
		{6C3A3A7A-F087-4EC4-81C7-0FC0125F95AA}.Debug|x86.Build.0 = Debug|x86
		{6C3A3A7A-F087-4EC4-81C7-0FC0125F95AA}.Debug|x86.Deploy.0 = Debug|x86
		{6C3A3A7A-F087-4EC4-81C7-0FC0125F95AA}.Release|Any CPU.ActiveCfg = Release|x86
		{6C3A3A7A-F087-4EC4-81C7-0FC0125F95AA}.Release|Any CPU.Build.0 = Release|x86
		{6C3A3A7A-F087-4EC4-81C7-0FC0125F95AA}.Release|Any CPU.Deploy.0 = Release|x86
		{6C3A3A7A-F087-4EC4-81C7-0FC0125F95AA}.Release|ARM.ActiveCfg = Release|x64
		{6C3A3A7A-F087-4EC4-81C7-0FC0125F95AA}.Release|ARM.Build.0 = Release|x64
		{6C3A3A7A-F087-4EC4-81C7-0FC0125F95AA}.Release|ARM.Deploy.0 = Release|x64
		{6C3A3A7A-F087-4EC4-81C7-0FC0125F95AA}.Release|arm64.ActiveCfg = Release|arm64
		{6C3A3A7A-F087-4EC4-81C7-0FC0125F95AA}.Release|arm64.Build.0 = Release|arm64
		{6C3A3A7A-F087-4EC4-81C7-0FC0125F95AA}.Release|arm64.Deploy.0 = Release|arm64
		{6C3A3A7A-F087-4EC4-81C7-0FC0125F95AA}.Release|x64.ActiveCfg = Release|x64
		{6C3A3A7A-F087-4EC4-81C7-0FC0125F95AA}.Release|x64.Build.0 = Release|x64
		{6C3A3A7A-F087-4EC4-81C7-0FC0125F95AA}.Release|x64.Deploy.0 = Release|x64
		{6C3A3A7A-F087-4EC4-81C7-0FC0125F95AA}.Release|x86.ActiveCfg = Release|x86
		{6C3A3A7A-F087-4EC4-81C7-0FC0125F95AA}.Release|x86.Build.0 = Release|x86
		{6C3A3A7A-F087-4EC4-81C7-0FC0125F95AA}.Release|x86.Deploy.0 = Release|x86
		{630CF98E-9027-4582-B26E-07218ECEF7EB}.Debug|Any CPU.ActiveCfg = Debug|Any CPU
		{630CF98E-9027-4582-B26E-07218ECEF7EB}.Debug|Any CPU.Build.0 = Debug|Any CPU
		{630CF98E-9027-4582-B26E-07218ECEF7EB}.Debug|ARM.ActiveCfg = Debug|Any CPU
		{630CF98E-9027-4582-B26E-07218ECEF7EB}.Debug|ARM.Build.0 = Debug|Any CPU
		{630CF98E-9027-4582-B26E-07218ECEF7EB}.Debug|arm64.ActiveCfg = Debug|Any CPU
		{630CF98E-9027-4582-B26E-07218ECEF7EB}.Debug|arm64.Build.0 = Debug|Any CPU
		{630CF98E-9027-4582-B26E-07218ECEF7EB}.Debug|x64.ActiveCfg = Debug|Any CPU
		{630CF98E-9027-4582-B26E-07218ECEF7EB}.Debug|x64.Build.0 = Debug|Any CPU
		{630CF98E-9027-4582-B26E-07218ECEF7EB}.Debug|x86.ActiveCfg = Debug|Any CPU
		{630CF98E-9027-4582-B26E-07218ECEF7EB}.Debug|x86.Build.0 = Debug|Any CPU
		{630CF98E-9027-4582-B26E-07218ECEF7EB}.Release|Any CPU.ActiveCfg = Release|Any CPU
		{630CF98E-9027-4582-B26E-07218ECEF7EB}.Release|Any CPU.Build.0 = Release|Any CPU
		{630CF98E-9027-4582-B26E-07218ECEF7EB}.Release|ARM.ActiveCfg = Release|Any CPU
		{630CF98E-9027-4582-B26E-07218ECEF7EB}.Release|ARM.Build.0 = Release|Any CPU
		{630CF98E-9027-4582-B26E-07218ECEF7EB}.Release|arm64.ActiveCfg = Release|Any CPU
		{630CF98E-9027-4582-B26E-07218ECEF7EB}.Release|arm64.Build.0 = Release|Any CPU
		{630CF98E-9027-4582-B26E-07218ECEF7EB}.Release|x64.ActiveCfg = Release|Any CPU
		{630CF98E-9027-4582-B26E-07218ECEF7EB}.Release|x64.Build.0 = Release|Any CPU
		{630CF98E-9027-4582-B26E-07218ECEF7EB}.Release|x86.ActiveCfg = Release|Any CPU
		{630CF98E-9027-4582-B26E-07218ECEF7EB}.Release|x86.Build.0 = Release|Any CPU
		{3030AE62-F80E-4E7D-AE46-2F69BD6D8A44}.Debug|Any CPU.ActiveCfg = Debug|Any CPU
		{3030AE62-F80E-4E7D-AE46-2F69BD6D8A44}.Debug|Any CPU.Build.0 = Debug|Any CPU
		{3030AE62-F80E-4E7D-AE46-2F69BD6D8A44}.Debug|ARM.ActiveCfg = Debug|Any CPU
		{3030AE62-F80E-4E7D-AE46-2F69BD6D8A44}.Debug|ARM.Build.0 = Debug|Any CPU
		{3030AE62-F80E-4E7D-AE46-2F69BD6D8A44}.Debug|arm64.ActiveCfg = Debug|Any CPU
		{3030AE62-F80E-4E7D-AE46-2F69BD6D8A44}.Debug|arm64.Build.0 = Debug|Any CPU
		{3030AE62-F80E-4E7D-AE46-2F69BD6D8A44}.Debug|x64.ActiveCfg = Debug|Any CPU
		{3030AE62-F80E-4E7D-AE46-2F69BD6D8A44}.Debug|x64.Build.0 = Debug|Any CPU
		{3030AE62-F80E-4E7D-AE46-2F69BD6D8A44}.Debug|x86.ActiveCfg = Debug|Any CPU
		{3030AE62-F80E-4E7D-AE46-2F69BD6D8A44}.Debug|x86.Build.0 = Debug|Any CPU
		{3030AE62-F80E-4E7D-AE46-2F69BD6D8A44}.Release|Any CPU.ActiveCfg = Release|Any CPU
		{3030AE62-F80E-4E7D-AE46-2F69BD6D8A44}.Release|Any CPU.Build.0 = Release|Any CPU
		{3030AE62-F80E-4E7D-AE46-2F69BD6D8A44}.Release|ARM.ActiveCfg = Release|Any CPU
		{3030AE62-F80E-4E7D-AE46-2F69BD6D8A44}.Release|ARM.Build.0 = Release|Any CPU
		{3030AE62-F80E-4E7D-AE46-2F69BD6D8A44}.Release|arm64.ActiveCfg = Release|Any CPU
		{3030AE62-F80E-4E7D-AE46-2F69BD6D8A44}.Release|arm64.Build.0 = Release|Any CPU
		{3030AE62-F80E-4E7D-AE46-2F69BD6D8A44}.Release|x64.ActiveCfg = Release|Any CPU
		{3030AE62-F80E-4E7D-AE46-2F69BD6D8A44}.Release|x64.Build.0 = Release|Any CPU
		{3030AE62-F80E-4E7D-AE46-2F69BD6D8A44}.Release|x86.ActiveCfg = Release|Any CPU
		{3030AE62-F80E-4E7D-AE46-2F69BD6D8A44}.Release|x86.Build.0 = Release|Any CPU
		{85B0D95B-A89C-4463-9806-AFEE1CB9880F}.Debug|Any CPU.ActiveCfg = Debug|Any CPU
		{85B0D95B-A89C-4463-9806-AFEE1CB9880F}.Debug|Any CPU.Build.0 = Debug|Any CPU
		{85B0D95B-A89C-4463-9806-AFEE1CB9880F}.Debug|ARM.ActiveCfg = Debug|Any CPU
		{85B0D95B-A89C-4463-9806-AFEE1CB9880F}.Debug|ARM.Build.0 = Debug|Any CPU
		{85B0D95B-A89C-4463-9806-AFEE1CB9880F}.Debug|arm64.ActiveCfg = Debug|Any CPU
		{85B0D95B-A89C-4463-9806-AFEE1CB9880F}.Debug|arm64.Build.0 = Debug|Any CPU
		{85B0D95B-A89C-4463-9806-AFEE1CB9880F}.Debug|x64.ActiveCfg = Debug|Any CPU
		{85B0D95B-A89C-4463-9806-AFEE1CB9880F}.Debug|x64.Build.0 = Debug|Any CPU
		{85B0D95B-A89C-4463-9806-AFEE1CB9880F}.Debug|x86.ActiveCfg = Debug|Any CPU
		{85B0D95B-A89C-4463-9806-AFEE1CB9880F}.Debug|x86.Build.0 = Debug|Any CPU
		{85B0D95B-A89C-4463-9806-AFEE1CB9880F}.Release|Any CPU.ActiveCfg = Release|Any CPU
		{85B0D95B-A89C-4463-9806-AFEE1CB9880F}.Release|Any CPU.Build.0 = Release|Any CPU
		{85B0D95B-A89C-4463-9806-AFEE1CB9880F}.Release|ARM.ActiveCfg = Release|Any CPU
		{85B0D95B-A89C-4463-9806-AFEE1CB9880F}.Release|ARM.Build.0 = Release|Any CPU
		{85B0D95B-A89C-4463-9806-AFEE1CB9880F}.Release|arm64.ActiveCfg = Release|Any CPU
		{85B0D95B-A89C-4463-9806-AFEE1CB9880F}.Release|arm64.Build.0 = Release|Any CPU
		{85B0D95B-A89C-4463-9806-AFEE1CB9880F}.Release|x64.ActiveCfg = Release|Any CPU
		{85B0D95B-A89C-4463-9806-AFEE1CB9880F}.Release|x64.Build.0 = Release|Any CPU
		{85B0D95B-A89C-4463-9806-AFEE1CB9880F}.Release|x86.ActiveCfg = Release|Any CPU
		{85B0D95B-A89C-4463-9806-AFEE1CB9880F}.Release|x86.Build.0 = Release|Any CPU
		{51BEE0D4-7543-4EF3-B5AA-8C3CC71DB638}.Debug|Any CPU.ActiveCfg = Debug|x64
		{51BEE0D4-7543-4EF3-B5AA-8C3CC71DB638}.Debug|Any CPU.Build.0 = Debug|x64
		{51BEE0D4-7543-4EF3-B5AA-8C3CC71DB638}.Debug|ARM.ActiveCfg = Debug|Any CPU
		{51BEE0D4-7543-4EF3-B5AA-8C3CC71DB638}.Debug|ARM.Build.0 = Debug|Any CPU
		{51BEE0D4-7543-4EF3-B5AA-8C3CC71DB638}.Debug|arm64.ActiveCfg = Debug|Any CPU
		{51BEE0D4-7543-4EF3-B5AA-8C3CC71DB638}.Debug|arm64.Build.0 = Debug|Any CPU
		{51BEE0D4-7543-4EF3-B5AA-8C3CC71DB638}.Debug|x64.ActiveCfg = Debug|x64
		{51BEE0D4-7543-4EF3-B5AA-8C3CC71DB638}.Debug|x86.ActiveCfg = Debug|x86
		{51BEE0D4-7543-4EF3-B5AA-8C3CC71DB638}.Debug|x86.Build.0 = Debug|x86
		{51BEE0D4-7543-4EF3-B5AA-8C3CC71DB638}.Release|Any CPU.ActiveCfg = Release|Any CPU
		{51BEE0D4-7543-4EF3-B5AA-8C3CC71DB638}.Release|Any CPU.Build.0 = Release|Any CPU
		{51BEE0D4-7543-4EF3-B5AA-8C3CC71DB638}.Release|ARM.ActiveCfg = Release|Any CPU
		{51BEE0D4-7543-4EF3-B5AA-8C3CC71DB638}.Release|ARM.Build.0 = Release|Any CPU
		{51BEE0D4-7543-4EF3-B5AA-8C3CC71DB638}.Release|arm64.ActiveCfg = Release|Any CPU
		{51BEE0D4-7543-4EF3-B5AA-8C3CC71DB638}.Release|arm64.Build.0 = Release|Any CPU
		{51BEE0D4-7543-4EF3-B5AA-8C3CC71DB638}.Release|x64.ActiveCfg = Release|x64
		{51BEE0D4-7543-4EF3-B5AA-8C3CC71DB638}.Release|x64.Build.0 = Release|x64
		{51BEE0D4-7543-4EF3-B5AA-8C3CC71DB638}.Release|x86.ActiveCfg = Release|Any CPU
		{51BEE0D4-7543-4EF3-B5AA-8C3CC71DB638}.Release|x86.Build.0 = Release|Any CPU
		{1A32C856-BB1B-47C8-A76C-147736055890}.Debug|Any CPU.ActiveCfg = Debug|Any CPU
		{1A32C856-BB1B-47C8-A76C-147736055890}.Debug|Any CPU.Build.0 = Debug|Any CPU
		{1A32C856-BB1B-47C8-A76C-147736055890}.Debug|ARM.ActiveCfg = Debug|Any CPU
		{1A32C856-BB1B-47C8-A76C-147736055890}.Debug|ARM.Build.0 = Debug|Any CPU
		{1A32C856-BB1B-47C8-A76C-147736055890}.Debug|arm64.ActiveCfg = Debug|Any CPU
		{1A32C856-BB1B-47C8-A76C-147736055890}.Debug|arm64.Build.0 = Debug|Any CPU
		{1A32C856-BB1B-47C8-A76C-147736055890}.Debug|x64.ActiveCfg = Debug|Any CPU
		{1A32C856-BB1B-47C8-A76C-147736055890}.Debug|x64.Build.0 = Debug|Any CPU
		{1A32C856-BB1B-47C8-A76C-147736055890}.Debug|x86.ActiveCfg = Debug|Any CPU
		{1A32C856-BB1B-47C8-A76C-147736055890}.Debug|x86.Build.0 = Debug|Any CPU
		{1A32C856-BB1B-47C8-A76C-147736055890}.Release|Any CPU.ActiveCfg = Release|Any CPU
		{1A32C856-BB1B-47C8-A76C-147736055890}.Release|Any CPU.Build.0 = Release|Any CPU
		{1A32C856-BB1B-47C8-A76C-147736055890}.Release|ARM.ActiveCfg = Release|Any CPU
		{1A32C856-BB1B-47C8-A76C-147736055890}.Release|ARM.Build.0 = Release|Any CPU
		{1A32C856-BB1B-47C8-A76C-147736055890}.Release|arm64.ActiveCfg = Release|Any CPU
		{1A32C856-BB1B-47C8-A76C-147736055890}.Release|arm64.Build.0 = Release|Any CPU
		{1A32C856-BB1B-47C8-A76C-147736055890}.Release|x64.ActiveCfg = Release|Any CPU
		{1A32C856-BB1B-47C8-A76C-147736055890}.Release|x64.Build.0 = Release|Any CPU
		{1A32C856-BB1B-47C8-A76C-147736055890}.Release|x86.ActiveCfg = Release|Any CPU
		{1A32C856-BB1B-47C8-A76C-147736055890}.Release|x86.Build.0 = Release|Any CPU
	EndGlobalSection
	GlobalSection(SolutionProperties) = preSolution
		HideSolutionNode = FALSE
	EndGlobalSection
	GlobalSection(NestedProjects) = preSolution
		{38F9FAFD-5392-4818-9BB1-2EA3B9615971} = {B96D4141-4833-43FD-98CE-66B2531118C5}
		{97693087-D58B-4AD2-B8C2-0E96C39C1120} = {B96D4141-4833-43FD-98CE-66B2531118C5}
		{CF9E4D47-B173-488C-A32C-0ACC68E0CE28} = {B96D4141-4833-43FD-98CE-66B2531118C5}
		{F00F7BDD-7B0B-4966-9FBC-E2636845C5BC} = {B96D4141-4833-43FD-98CE-66B2531118C5}
		{BED118E7-FD60-451A-9AD5-23552DC60B70} = {B96D4141-4833-43FD-98CE-66B2531118C5}
		{7122CD65-3B25-48AA-8B2F-335692F0F96D} = {B96D4141-4833-43FD-98CE-66B2531118C5}
		{630CF98E-9027-4582-B26E-07218ECEF7EB} = {FDFA6C4C-96A0-484A-8F2C-212B6E2CAFE7}
		{3030AE62-F80E-4E7D-AE46-2F69BD6D8A44} = {FDFA6C4C-96A0-484A-8F2C-212B6E2CAFE7}
		{85B0D95B-A89C-4463-9806-AFEE1CB9880F} = {B96D4141-4833-43FD-98CE-66B2531118C5}
	EndGlobalSection
	GlobalSection(ExtensibilityGlobals) = postSolution
		SolutionGuid = {679A0C3A-3C78-49F5-A23E-BFB91D98283E}
	EndGlobalSection
EndGlobal
