
Microsoft Visual Studio Solution File, Format Version 12.00
Project("{FAE04EC0-301F-11D3-BF4B-00C04F79EFBC}") = "Wavee", "src\lib\Wavee\Wavee.csproj", "{86873550-4575-40CB-877C-114E125CF00C}"
EndProject
Project("{FAE04EC0-301F-11D3-BF4B-00C04F79EFBC}") = "Wavee.Spotify", "src\lib\Wavee.Spotify\Wavee.Spotify.csproj", "{7AE2A528-28D0-47E5-BD2E-23B3F5535923}"
EndProject
Project("{FAE04EC0-301F-11D3-BF4B-00C04F79EFBC}") = "Wavee.Spotify.Tests", "tests\Wavee.Spotify.Tests\Wavee.Spotify.Tests.csproj", "{FDD33059-4555-47BA-A261-227D96C98257}"
EndProject
Project("{FAE04EC0-301F-11D3-BF4B-00C04F79EFBC}") = "Wavee.Spotify.Proto", "src\lib\Wavee.Spotify.Proto\Wavee.Spotify.Proto.csproj", "{3B5C661F-6008-4073-9B2B-EFEB76DDF6CB}"
EndProject
Project("{2150E333-8FDC-42A3-9474-1A3956D46DE8}") = "Spotify", "Spotify", "{0A5DF669-5A21-4D1E-952F-FCF6D8075224}"
EndProject
Project("{2150E333-8FDC-42A3-9474-1A3956D46DE8}") = "Tests", "Tests", "{D8738B98-2736-480A-80A5-7C8D4E56FBAC}"
EndProject
Project("{FAE04EC0-301F-11D3-BF4B-00C04F79EFBC}") = "Wavee.Spotify.ConsoleTests", "src\lib\Wavee.Spotify.ConsoleTests\Wavee.Spotify.ConsoleTests.csproj", "{79D9AF50-E392-4EA3-AAE5-84D475DB1F56}"
EndProject
Project("{FAE04EC0-301F-11D3-BF4B-00C04F79EFBC}") = "Wavee.Player", "src\lib\Wavee.Player\Wavee.Player.csproj", "{C9B34798-B4B8-4FEC-A34F-EB0C39E6C485}"
EndProject
Project("{FAE04EC0-301F-11D3-BF4B-00C04F79EFBC}") = "Wavee.Spotify.Cache", "Wavee.Spotify.Cache\Wavee.Spotify.Cache.csproj", "{84F4CD93-85E1-4502-9F6A-9E4DECE11AC3}"
EndProject
Project("{FAE04EC0-301F-11D3-BF4B-00C04F79EFBC}") = "Wavee.Spotify.Playback", "src\lib\Wavee.Spotify.Playback\Wavee.Spotify.Playback.csproj", "{18A12EFC-F0AF-43E0-9A6F-987D434522A1}"
EndProject
Global
	GlobalSection(SolutionConfigurationPlatforms) = preSolution
		Debug|Any CPU = Debug|Any CPU
		Release|Any CPU = Release|Any CPU
	EndGlobalSection
	GlobalSection(ProjectConfigurationPlatforms) = postSolution
		{86873550-4575-40CB-877C-114E125CF00C}.Debug|Any CPU.ActiveCfg = Debug|Any CPU
		{86873550-4575-40CB-877C-114E125CF00C}.Debug|Any CPU.Build.0 = Debug|Any CPU
		{86873550-4575-40CB-877C-114E125CF00C}.Release|Any CPU.ActiveCfg = Release|Any CPU
		{86873550-4575-40CB-877C-114E125CF00C}.Release|Any CPU.Build.0 = Release|Any CPU
		{7AE2A528-28D0-47E5-BD2E-23B3F5535923}.Debug|Any CPU.ActiveCfg = Debug|Any CPU
		{7AE2A528-28D0-47E5-BD2E-23B3F5535923}.Debug|Any CPU.Build.0 = Debug|Any CPU
		{7AE2A528-28D0-47E5-BD2E-23B3F5535923}.Release|Any CPU.ActiveCfg = Release|Any CPU
		{7AE2A528-28D0-47E5-BD2E-23B3F5535923}.Release|Any CPU.Build.0 = Release|Any CPU
		{FDD33059-4555-47BA-A261-227D96C98257}.Debug|Any CPU.ActiveCfg = Debug|Any CPU
		{FDD33059-4555-47BA-A261-227D96C98257}.Debug|Any CPU.Build.0 = Debug|Any CPU
		{FDD33059-4555-47BA-A261-227D96C98257}.Release|Any CPU.ActiveCfg = Release|Any CPU
		{FDD33059-4555-47BA-A261-227D96C98257}.Release|Any CPU.Build.0 = Release|Any CPU
		{3B5C661F-6008-4073-9B2B-EFEB76DDF6CB}.Debug|Any CPU.ActiveCfg = Debug|Any CPU
		{3B5C661F-6008-4073-9B2B-EFEB76DDF6CB}.Debug|Any CPU.Build.0 = Debug|Any CPU
		{3B5C661F-6008-4073-9B2B-EFEB76DDF6CB}.Release|Any CPU.ActiveCfg = Release|Any CPU
		{3B5C661F-6008-4073-9B2B-EFEB76DDF6CB}.Release|Any CPU.Build.0 = Release|Any CPU
		{79D9AF50-E392-4EA3-AAE5-84D475DB1F56}.Debug|Any CPU.ActiveCfg = Debug|Any CPU
		{79D9AF50-E392-4EA3-AAE5-84D475DB1F56}.Debug|Any CPU.Build.0 = Debug|Any CPU
		{79D9AF50-E392-4EA3-AAE5-84D475DB1F56}.Release|Any CPU.ActiveCfg = Release|Any CPU
		{79D9AF50-E392-4EA3-AAE5-84D475DB1F56}.Release|Any CPU.Build.0 = Release|Any CPU
		{C9B34798-B4B8-4FEC-A34F-EB0C39E6C485}.Debug|Any CPU.ActiveCfg = Debug|Any CPU
		{C9B34798-B4B8-4FEC-A34F-EB0C39E6C485}.Debug|Any CPU.Build.0 = Debug|Any CPU
		{C9B34798-B4B8-4FEC-A34F-EB0C39E6C485}.Release|Any CPU.ActiveCfg = Release|Any CPU
		{C9B34798-B4B8-4FEC-A34F-EB0C39E6C485}.Release|Any CPU.Build.0 = Release|Any CPU
		{84F4CD93-85E1-4502-9F6A-9E4DECE11AC3}.Debug|Any CPU.ActiveCfg = Debug|Any CPU
		{84F4CD93-85E1-4502-9F6A-9E4DECE11AC3}.Debug|Any CPU.Build.0 = Debug|Any CPU
		{84F4CD93-85E1-4502-9F6A-9E4DECE11AC3}.Release|Any CPU.ActiveCfg = Release|Any CPU
		{84F4CD93-85E1-4502-9F6A-9E4DECE11AC3}.Release|Any CPU.Build.0 = Release|Any CPU
		{18A12EFC-F0AF-43E0-9A6F-987D434522A1}.Debug|Any CPU.ActiveCfg = Debug|Any CPU
		{18A12EFC-F0AF-43E0-9A6F-987D434522A1}.Debug|Any CPU.Build.0 = Debug|Any CPU
		{18A12EFC-F0AF-43E0-9A6F-987D434522A1}.Release|Any CPU.ActiveCfg = Release|Any CPU
		{18A12EFC-F0AF-43E0-9A6F-987D434522A1}.Release|Any CPU.Build.0 = Release|Any CPU
	EndGlobalSection
	GlobalSection(NestedProjects) = preSolution
		{7AE2A528-28D0-47E5-BD2E-23B3F5535923} = {0A5DF669-5A21-4D1E-952F-FCF6D8075224}
		{3B5C661F-6008-4073-9B2B-EFEB76DDF6CB} = {0A5DF669-5A21-4D1E-952F-FCF6D8075224}
		{FDD33059-4555-47BA-A261-227D96C98257} = {D8738B98-2736-480A-80A5-7C8D4E56FBAC}
		{79D9AF50-E392-4EA3-AAE5-84D475DB1F56} = {D8738B98-2736-480A-80A5-7C8D4E56FBAC}
		{84F4CD93-85E1-4502-9F6A-9E4DECE11AC3} = {0A5DF669-5A21-4D1E-952F-FCF6D8075224}
		{18A12EFC-F0AF-43E0-9A6F-987D434522A1} = {0A5DF669-5A21-4D1E-952F-FCF6D8075224}
	EndGlobalSection
EndGlobal
