
Microsoft Visual Studio Solution File, Format Version 12.00
# Visual Studio Version 17
VisualStudioVersion = 17.7.33711.374
MinimumVisualStudioVersion = 10.0.40219.1
Project("{9A19103F-16F7-4668-BE54-9A1E7A4F7556}") = "Wavee.Player", "src\lib\Wavee.Player\Wavee.Player.csproj", "{52BF282A-4B84-4B5A-A930-90F3D2C70126}"
EndProject
Project("{9A19103F-16F7-4668-BE54-9A1E7A4F7556}") = "Wavee", "src\lib\Wavee\Wavee.csproj", "{9694C906-C112-4660-93CC-942633247D6B}"
EndProject
Project("{9A19103F-16F7-4668-BE54-9A1E7A4F7556}") = "Wavee.Spotify.Proto", "src\lib\Wavee.Spotify.Proto\Wavee.Spotify.Proto.csproj", "{0F522611-CC21-42CF-9D2A-17B6CB67CF9E}"
EndProject
Project("{2150E333-8FDC-42A3-9474-1A3956D46DE8}") = "lib", "lib", "{A19592E6-AD07-4C3E-93BA-B796094F31ED}"
EndProject
Project("{2150E333-8FDC-42A3-9474-1A3956D46DE8}") = "ui", "ui", "{80DB3D5D-3E79-4DCA-A639-49CE9FA6F06E}"
EndProject
Project("{9A19103F-16F7-4668-BE54-9A1E7A4F7556}") = "Wavee.UI.WinUI", "src\ui\Wavee.UI.WinUI\Wavee.UI.WinUI.csproj", "{D0BB2878-3BC4-4337-8AFC-8CAF6370B707}"
EndProject
Project("{9A19103F-16F7-4668-BE54-9A1E7A4F7556}") = "Wavee.UI", "src\ui\Wavee.UI\Wavee.UI.csproj", "{6DE9880C-8F78-4974-B116-479C4E0FB4CB}"
EndProject
Project("{9A19103F-16F7-4668-BE54-9A1E7A4F7556}") = "Wavee.UI.Spotify", "src\ui\Wavee.UI.Spotify\Wavee.UI.Spotify.csproj", "{142922D8-2433-432C-A40B-8BE3CC98FE38}"
EndProject
Project("{9A19103F-16F7-4668-BE54-9A1E7A4F7556}") = "Wavee.AudioVisualization", "src\ui\Wavee.AudioVisualization\Wavee.AudioVisualization.csproj", "{1DB3D811-3C17-42C4-83B8-258AF086267E}"
EndProject
Project("{9A19103F-16F7-4668-BE54-9A1E7A4F7556}") = "Wavee.Sqlite", "src\lib\Wavee.Sqlite\Wavee.Sqlite.csproj", "{AE29D745-560B-454B-A1F3-E632D9F91FE5}"
EndProject
Project("{FAE04EC0-301F-11D3-BF4B-00C04F79EFBC}") = "ConsoleTest", "src\ConsoleTest\ConsoleTest.csproj", "{B7396ED4-AC48-448E-910E-7080769C9A85}"
EndProject
Global
	GlobalSection(SolutionConfigurationPlatforms) = preSolution
		Debug|Any CPU = Debug|Any CPU
		Debug|ARM = Debug|ARM
		Debug|ARM64 = Debug|ARM64
		Debug|x64 = Debug|x64
		Debug|x86 = Debug|x86
		Release|Any CPU = Release|Any CPU
		Release|ARM = Release|ARM
		Release|ARM64 = Release|ARM64
		Release|x64 = Release|x64
		Release|x86 = Release|x86
	EndGlobalSection
	GlobalSection(ProjectConfigurationPlatforms) = postSolution
		{52BF282A-4B84-4B5A-A930-90F3D2C70126}.Debug|Any CPU.ActiveCfg = Debug|Any CPU
		{52BF282A-4B84-4B5A-A930-90F3D2C70126}.Debug|Any CPU.Build.0 = Debug|Any CPU
		{52BF282A-4B84-4B5A-A930-90F3D2C70126}.Debug|ARM.ActiveCfg = Debug|Any CPU
		{52BF282A-4B84-4B5A-A930-90F3D2C70126}.Debug|ARM.Build.0 = Debug|Any CPU
		{52BF282A-4B84-4B5A-A930-90F3D2C70126}.Debug|ARM64.ActiveCfg = Debug|Any CPU
		{52BF282A-4B84-4B5A-A930-90F3D2C70126}.Debug|ARM64.Build.0 = Debug|Any CPU
		{52BF282A-4B84-4B5A-A930-90F3D2C70126}.Debug|x64.ActiveCfg = Debug|Any CPU
		{52BF282A-4B84-4B5A-A930-90F3D2C70126}.Debug|x64.Build.0 = Debug|Any CPU
		{52BF282A-4B84-4B5A-A930-90F3D2C70126}.Debug|x86.ActiveCfg = Debug|Any CPU
		{52BF282A-4B84-4B5A-A930-90F3D2C70126}.Debug|x86.Build.0 = Debug|Any CPU
		{52BF282A-4B84-4B5A-A930-90F3D2C70126}.Release|Any CPU.ActiveCfg = Release|Any CPU
		{52BF282A-4B84-4B5A-A930-90F3D2C70126}.Release|Any CPU.Build.0 = Release|Any CPU
		{52BF282A-4B84-4B5A-A930-90F3D2C70126}.Release|ARM.ActiveCfg = Release|Any CPU
		{52BF282A-4B84-4B5A-A930-90F3D2C70126}.Release|ARM.Build.0 = Release|Any CPU
		{52BF282A-4B84-4B5A-A930-90F3D2C70126}.Release|ARM64.ActiveCfg = Release|Any CPU
		{52BF282A-4B84-4B5A-A930-90F3D2C70126}.Release|ARM64.Build.0 = Release|Any CPU
		{52BF282A-4B84-4B5A-A930-90F3D2C70126}.Release|x64.ActiveCfg = Release|Any CPU
		{52BF282A-4B84-4B5A-A930-90F3D2C70126}.Release|x64.Build.0 = Release|Any CPU
		{52BF282A-4B84-4B5A-A930-90F3D2C70126}.Release|x86.ActiveCfg = Release|Any CPU
		{52BF282A-4B84-4B5A-A930-90F3D2C70126}.Release|x86.Build.0 = Release|Any CPU
		{9694C906-C112-4660-93CC-942633247D6B}.Debug|Any CPU.ActiveCfg = Debug|Any CPU
		{9694C906-C112-4660-93CC-942633247D6B}.Debug|Any CPU.Build.0 = Debug|Any CPU
		{9694C906-C112-4660-93CC-942633247D6B}.Debug|ARM.ActiveCfg = Debug|Any CPU
		{9694C906-C112-4660-93CC-942633247D6B}.Debug|ARM.Build.0 = Debug|Any CPU
		{9694C906-C112-4660-93CC-942633247D6B}.Debug|ARM64.ActiveCfg = Debug|Any CPU
		{9694C906-C112-4660-93CC-942633247D6B}.Debug|ARM64.Build.0 = Debug|Any CPU
		{9694C906-C112-4660-93CC-942633247D6B}.Debug|x64.ActiveCfg = Debug|Any CPU
		{9694C906-C112-4660-93CC-942633247D6B}.Debug|x64.Build.0 = Debug|Any CPU
		{9694C906-C112-4660-93CC-942633247D6B}.Debug|x86.ActiveCfg = Debug|Any CPU
		{9694C906-C112-4660-93CC-942633247D6B}.Debug|x86.Build.0 = Debug|Any CPU
		{9694C906-C112-4660-93CC-942633247D6B}.Release|Any CPU.ActiveCfg = Release|Any CPU
		{9694C906-C112-4660-93CC-942633247D6B}.Release|Any CPU.Build.0 = Release|Any CPU
		{9694C906-C112-4660-93CC-942633247D6B}.Release|ARM.ActiveCfg = Release|Any CPU
		{9694C906-C112-4660-93CC-942633247D6B}.Release|ARM.Build.0 = Release|Any CPU
		{9694C906-C112-4660-93CC-942633247D6B}.Release|ARM64.ActiveCfg = Release|Any CPU
		{9694C906-C112-4660-93CC-942633247D6B}.Release|ARM64.Build.0 = Release|Any CPU
		{9694C906-C112-4660-93CC-942633247D6B}.Release|x64.ActiveCfg = Release|Any CPU
		{9694C906-C112-4660-93CC-942633247D6B}.Release|x64.Build.0 = Release|Any CPU
		{9694C906-C112-4660-93CC-942633247D6B}.Release|x86.ActiveCfg = Release|Any CPU
		{9694C906-C112-4660-93CC-942633247D6B}.Release|x86.Build.0 = Release|Any CPU
		{0F522611-CC21-42CF-9D2A-17B6CB67CF9E}.Debug|Any CPU.ActiveCfg = Debug|Any CPU
		{0F522611-CC21-42CF-9D2A-17B6CB67CF9E}.Debug|Any CPU.Build.0 = Debug|Any CPU
		{0F522611-CC21-42CF-9D2A-17B6CB67CF9E}.Debug|ARM.ActiveCfg = Debug|Any CPU
		{0F522611-CC21-42CF-9D2A-17B6CB67CF9E}.Debug|ARM.Build.0 = Debug|Any CPU
		{0F522611-CC21-42CF-9D2A-17B6CB67CF9E}.Debug|ARM64.ActiveCfg = Debug|Any CPU
		{0F522611-CC21-42CF-9D2A-17B6CB67CF9E}.Debug|ARM64.Build.0 = Debug|Any CPU
		{0F522611-CC21-42CF-9D2A-17B6CB67CF9E}.Debug|x64.ActiveCfg = Debug|Any CPU
		{0F522611-CC21-42CF-9D2A-17B6CB67CF9E}.Debug|x64.Build.0 = Debug|Any CPU
		{0F522611-CC21-42CF-9D2A-17B6CB67CF9E}.Debug|x86.ActiveCfg = Debug|Any CPU
		{0F522611-CC21-42CF-9D2A-17B6CB67CF9E}.Debug|x86.Build.0 = Debug|Any CPU
		{0F522611-CC21-42CF-9D2A-17B6CB67CF9E}.Release|Any CPU.ActiveCfg = Release|Any CPU
		{0F522611-CC21-42CF-9D2A-17B6CB67CF9E}.Release|Any CPU.Build.0 = Release|Any CPU
		{0F522611-CC21-42CF-9D2A-17B6CB67CF9E}.Release|ARM.ActiveCfg = Release|Any CPU
		{0F522611-CC21-42CF-9D2A-17B6CB67CF9E}.Release|ARM.Build.0 = Release|Any CPU
		{0F522611-CC21-42CF-9D2A-17B6CB67CF9E}.Release|ARM64.ActiveCfg = Release|Any CPU
		{0F522611-CC21-42CF-9D2A-17B6CB67CF9E}.Release|ARM64.Build.0 = Release|Any CPU
		{0F522611-CC21-42CF-9D2A-17B6CB67CF9E}.Release|x64.ActiveCfg = Release|Any CPU
		{0F522611-CC21-42CF-9D2A-17B6CB67CF9E}.Release|x64.Build.0 = Release|Any CPU
		{0F522611-CC21-42CF-9D2A-17B6CB67CF9E}.Release|x86.ActiveCfg = Release|Any CPU
		{0F522611-CC21-42CF-9D2A-17B6CB67CF9E}.Release|x86.Build.0 = Release|Any CPU
		{D0BB2878-3BC4-4337-8AFC-8CAF6370B707}.Debug|Any CPU.ActiveCfg = Debug|x64
		{D0BB2878-3BC4-4337-8AFC-8CAF6370B707}.Debug|Any CPU.Build.0 = Debug|x64
		{D0BB2878-3BC4-4337-8AFC-8CAF6370B707}.Debug|Any CPU.Deploy.0 = Debug|x64
		{D0BB2878-3BC4-4337-8AFC-8CAF6370B707}.Debug|ARM.ActiveCfg = Debug|x64
		{D0BB2878-3BC4-4337-8AFC-8CAF6370B707}.Debug|ARM.Build.0 = Debug|x64
		{D0BB2878-3BC4-4337-8AFC-8CAF6370B707}.Debug|ARM.Deploy.0 = Debug|x64
		{D0BB2878-3BC4-4337-8AFC-8CAF6370B707}.Debug|ARM64.ActiveCfg = Debug|ARM64
		{D0BB2878-3BC4-4337-8AFC-8CAF6370B707}.Debug|ARM64.Build.0 = Debug|ARM64
		{D0BB2878-3BC4-4337-8AFC-8CAF6370B707}.Debug|ARM64.Deploy.0 = Debug|ARM64
		{D0BB2878-3BC4-4337-8AFC-8CAF6370B707}.Debug|x64.ActiveCfg = Debug|x64
		{D0BB2878-3BC4-4337-8AFC-8CAF6370B707}.Debug|x64.Build.0 = Debug|x64
		{D0BB2878-3BC4-4337-8AFC-8CAF6370B707}.Debug|x64.Deploy.0 = Debug|x64
		{D0BB2878-3BC4-4337-8AFC-8CAF6370B707}.Debug|x86.ActiveCfg = Debug|x86
		{D0BB2878-3BC4-4337-8AFC-8CAF6370B707}.Debug|x86.Build.0 = Debug|x86
		{D0BB2878-3BC4-4337-8AFC-8CAF6370B707}.Debug|x86.Deploy.0 = Debug|x86
		{D0BB2878-3BC4-4337-8AFC-8CAF6370B707}.Release|Any CPU.ActiveCfg = Release|x64
		{D0BB2878-3BC4-4337-8AFC-8CAF6370B707}.Release|Any CPU.Build.0 = Release|x64
		{D0BB2878-3BC4-4337-8AFC-8CAF6370B707}.Release|Any CPU.Deploy.0 = Release|x64
		{D0BB2878-3BC4-4337-8AFC-8CAF6370B707}.Release|ARM.ActiveCfg = Release|x64
		{D0BB2878-3BC4-4337-8AFC-8CAF6370B707}.Release|ARM.Build.0 = Release|x64
		{D0BB2878-3BC4-4337-8AFC-8CAF6370B707}.Release|ARM.Deploy.0 = Release|x64
		{D0BB2878-3BC4-4337-8AFC-8CAF6370B707}.Release|ARM64.ActiveCfg = Release|ARM64
		{D0BB2878-3BC4-4337-8AFC-8CAF6370B707}.Release|ARM64.Build.0 = Release|ARM64
		{D0BB2878-3BC4-4337-8AFC-8CAF6370B707}.Release|ARM64.Deploy.0 = Release|ARM64
		{D0BB2878-3BC4-4337-8AFC-8CAF6370B707}.Release|x64.ActiveCfg = Release|x64
		{D0BB2878-3BC4-4337-8AFC-8CAF6370B707}.Release|x64.Build.0 = Release|x64
		{D0BB2878-3BC4-4337-8AFC-8CAF6370B707}.Release|x64.Deploy.0 = Release|x64
		{D0BB2878-3BC4-4337-8AFC-8CAF6370B707}.Release|x86.ActiveCfg = Release|x86
		{D0BB2878-3BC4-4337-8AFC-8CAF6370B707}.Release|x86.Build.0 = Release|x86
		{D0BB2878-3BC4-4337-8AFC-8CAF6370B707}.Release|x86.Deploy.0 = Release|x86
		{6DE9880C-8F78-4974-B116-479C4E0FB4CB}.Debug|Any CPU.ActiveCfg = Debug|Any CPU
		{6DE9880C-8F78-4974-B116-479C4E0FB4CB}.Debug|Any CPU.Build.0 = Debug|Any CPU
		{6DE9880C-8F78-4974-B116-479C4E0FB4CB}.Debug|ARM.ActiveCfg = Debug|Any CPU
		{6DE9880C-8F78-4974-B116-479C4E0FB4CB}.Debug|ARM.Build.0 = Debug|Any CPU
		{6DE9880C-8F78-4974-B116-479C4E0FB4CB}.Debug|ARM64.ActiveCfg = Debug|Any CPU
		{6DE9880C-8F78-4974-B116-479C4E0FB4CB}.Debug|ARM64.Build.0 = Debug|Any CPU
		{6DE9880C-8F78-4974-B116-479C4E0FB4CB}.Debug|x64.ActiveCfg = Debug|Any CPU
		{6DE9880C-8F78-4974-B116-479C4E0FB4CB}.Debug|x64.Build.0 = Debug|Any CPU
		{6DE9880C-8F78-4974-B116-479C4E0FB4CB}.Debug|x86.ActiveCfg = Debug|Any CPU
		{6DE9880C-8F78-4974-B116-479C4E0FB4CB}.Debug|x86.Build.0 = Debug|Any CPU
		{6DE9880C-8F78-4974-B116-479C4E0FB4CB}.Release|Any CPU.ActiveCfg = Release|Any CPU
		{6DE9880C-8F78-4974-B116-479C4E0FB4CB}.Release|Any CPU.Build.0 = Release|Any CPU
		{6DE9880C-8F78-4974-B116-479C4E0FB4CB}.Release|ARM.ActiveCfg = Release|Any CPU
		{6DE9880C-8F78-4974-B116-479C4E0FB4CB}.Release|ARM.Build.0 = Release|Any CPU
		{6DE9880C-8F78-4974-B116-479C4E0FB4CB}.Release|ARM64.ActiveCfg = Release|Any CPU
		{6DE9880C-8F78-4974-B116-479C4E0FB4CB}.Release|ARM64.Build.0 = Release|Any CPU
		{6DE9880C-8F78-4974-B116-479C4E0FB4CB}.Release|x64.ActiveCfg = Release|Any CPU
		{6DE9880C-8F78-4974-B116-479C4E0FB4CB}.Release|x64.Build.0 = Release|Any CPU
		{6DE9880C-8F78-4974-B116-479C4E0FB4CB}.Release|x86.ActiveCfg = Release|Any CPU
		{6DE9880C-8F78-4974-B116-479C4E0FB4CB}.Release|x86.Build.0 = Release|Any CPU
		{142922D8-2433-432C-A40B-8BE3CC98FE38}.Debug|Any CPU.ActiveCfg = Debug|Any CPU
		{142922D8-2433-432C-A40B-8BE3CC98FE38}.Debug|Any CPU.Build.0 = Debug|Any CPU
		{142922D8-2433-432C-A40B-8BE3CC98FE38}.Debug|ARM.ActiveCfg = Debug|Any CPU
		{142922D8-2433-432C-A40B-8BE3CC98FE38}.Debug|ARM.Build.0 = Debug|Any CPU
		{142922D8-2433-432C-A40B-8BE3CC98FE38}.Debug|ARM64.ActiveCfg = Debug|Any CPU
		{142922D8-2433-432C-A40B-8BE3CC98FE38}.Debug|ARM64.Build.0 = Debug|Any CPU
		{142922D8-2433-432C-A40B-8BE3CC98FE38}.Debug|x64.ActiveCfg = Debug|Any CPU
		{142922D8-2433-432C-A40B-8BE3CC98FE38}.Debug|x64.Build.0 = Debug|Any CPU
		{142922D8-2433-432C-A40B-8BE3CC98FE38}.Debug|x86.ActiveCfg = Debug|Any CPU
		{142922D8-2433-432C-A40B-8BE3CC98FE38}.Debug|x86.Build.0 = Debug|Any CPU
		{142922D8-2433-432C-A40B-8BE3CC98FE38}.Release|Any CPU.ActiveCfg = Release|Any CPU
		{142922D8-2433-432C-A40B-8BE3CC98FE38}.Release|Any CPU.Build.0 = Release|Any CPU
		{142922D8-2433-432C-A40B-8BE3CC98FE38}.Release|ARM.ActiveCfg = Release|Any CPU
		{142922D8-2433-432C-A40B-8BE3CC98FE38}.Release|ARM.Build.0 = Release|Any CPU
		{142922D8-2433-432C-A40B-8BE3CC98FE38}.Release|ARM64.ActiveCfg = Release|Any CPU
		{142922D8-2433-432C-A40B-8BE3CC98FE38}.Release|ARM64.Build.0 = Release|Any CPU
		{142922D8-2433-432C-A40B-8BE3CC98FE38}.Release|x64.ActiveCfg = Release|Any CPU
		{142922D8-2433-432C-A40B-8BE3CC98FE38}.Release|x64.Build.0 = Release|Any CPU
		{142922D8-2433-432C-A40B-8BE3CC98FE38}.Release|x86.ActiveCfg = Release|Any CPU
		{142922D8-2433-432C-A40B-8BE3CC98FE38}.Release|x86.Build.0 = Release|Any CPU
		{1DB3D811-3C17-42C4-83B8-258AF086267E}.Debug|Any CPU.ActiveCfg = Debug|Any CPU
		{1DB3D811-3C17-42C4-83B8-258AF086267E}.Debug|Any CPU.Build.0 = Debug|Any CPU
		{1DB3D811-3C17-42C4-83B8-258AF086267E}.Debug|ARM.ActiveCfg = Debug|Any CPU
		{1DB3D811-3C17-42C4-83B8-258AF086267E}.Debug|ARM.Build.0 = Debug|Any CPU
		{1DB3D811-3C17-42C4-83B8-258AF086267E}.Debug|ARM64.ActiveCfg = Debug|Any CPU
		{1DB3D811-3C17-42C4-83B8-258AF086267E}.Debug|ARM64.Build.0 = Debug|Any CPU
		{1DB3D811-3C17-42C4-83B8-258AF086267E}.Debug|x64.ActiveCfg = Debug|Any CPU
		{1DB3D811-3C17-42C4-83B8-258AF086267E}.Debug|x64.Build.0 = Debug|Any CPU
		{1DB3D811-3C17-42C4-83B8-258AF086267E}.Debug|x86.ActiveCfg = Debug|Any CPU
		{1DB3D811-3C17-42C4-83B8-258AF086267E}.Debug|x86.Build.0 = Debug|Any CPU
		{1DB3D811-3C17-42C4-83B8-258AF086267E}.Release|Any CPU.ActiveCfg = Release|Any CPU
		{1DB3D811-3C17-42C4-83B8-258AF086267E}.Release|Any CPU.Build.0 = Release|Any CPU
		{1DB3D811-3C17-42C4-83B8-258AF086267E}.Release|ARM.ActiveCfg = Release|Any CPU
		{1DB3D811-3C17-42C4-83B8-258AF086267E}.Release|ARM.Build.0 = Release|Any CPU
		{1DB3D811-3C17-42C4-83B8-258AF086267E}.Release|ARM64.ActiveCfg = Release|Any CPU
		{1DB3D811-3C17-42C4-83B8-258AF086267E}.Release|ARM64.Build.0 = Release|Any CPU
		{1DB3D811-3C17-42C4-83B8-258AF086267E}.Release|x64.ActiveCfg = Release|Any CPU
		{1DB3D811-3C17-42C4-83B8-258AF086267E}.Release|x64.Build.0 = Release|Any CPU
		{1DB3D811-3C17-42C4-83B8-258AF086267E}.Release|x86.ActiveCfg = Release|Any CPU
		{1DB3D811-3C17-42C4-83B8-258AF086267E}.Release|x86.Build.0 = Release|Any CPU
		{AE29D745-560B-454B-A1F3-E632D9F91FE5}.Debug|Any CPU.ActiveCfg = Debug|Any CPU
		{AE29D745-560B-454B-A1F3-E632D9F91FE5}.Debug|Any CPU.Build.0 = Debug|Any CPU
		{AE29D745-560B-454B-A1F3-E632D9F91FE5}.Debug|ARM.ActiveCfg = Debug|Any CPU
		{AE29D745-560B-454B-A1F3-E632D9F91FE5}.Debug|ARM.Build.0 = Debug|Any CPU
		{AE29D745-560B-454B-A1F3-E632D9F91FE5}.Debug|ARM64.ActiveCfg = Debug|Any CPU
		{AE29D745-560B-454B-A1F3-E632D9F91FE5}.Debug|ARM64.Build.0 = Debug|Any CPU
		{AE29D745-560B-454B-A1F3-E632D9F91FE5}.Debug|x64.ActiveCfg = Debug|Any CPU
		{AE29D745-560B-454B-A1F3-E632D9F91FE5}.Debug|x64.Build.0 = Debug|Any CPU
		{AE29D745-560B-454B-A1F3-E632D9F91FE5}.Debug|x86.ActiveCfg = Debug|Any CPU
		{AE29D745-560B-454B-A1F3-E632D9F91FE5}.Debug|x86.Build.0 = Debug|Any CPU
		{AE29D745-560B-454B-A1F3-E632D9F91FE5}.Release|Any CPU.ActiveCfg = Release|Any CPU
		{AE29D745-560B-454B-A1F3-E632D9F91FE5}.Release|Any CPU.Build.0 = Release|Any CPU
		{AE29D745-560B-454B-A1F3-E632D9F91FE5}.Release|ARM.ActiveCfg = Release|Any CPU
		{AE29D745-560B-454B-A1F3-E632D9F91FE5}.Release|ARM.Build.0 = Release|Any CPU
		{AE29D745-560B-454B-A1F3-E632D9F91FE5}.Release|ARM64.ActiveCfg = Release|Any CPU
		{AE29D745-560B-454B-A1F3-E632D9F91FE5}.Release|ARM64.Build.0 = Release|Any CPU
		{AE29D745-560B-454B-A1F3-E632D9F91FE5}.Release|x64.ActiveCfg = Release|Any CPU
		{AE29D745-560B-454B-A1F3-E632D9F91FE5}.Release|x64.Build.0 = Release|Any CPU
		{AE29D745-560B-454B-A1F3-E632D9F91FE5}.Release|x86.ActiveCfg = Release|Any CPU
		{AE29D745-560B-454B-A1F3-E632D9F91FE5}.Release|x86.Build.0 = Release|Any CPU
		{B7396ED4-AC48-448E-910E-7080769C9A85}.Debug|Any CPU.ActiveCfg = Debug|Any CPU
		{B7396ED4-AC48-448E-910E-7080769C9A85}.Debug|Any CPU.Build.0 = Debug|Any CPU
		{B7396ED4-AC48-448E-910E-7080769C9A85}.Debug|ARM.ActiveCfg = Debug|Any CPU
		{B7396ED4-AC48-448E-910E-7080769C9A85}.Debug|ARM.Build.0 = Debug|Any CPU
		{B7396ED4-AC48-448E-910E-7080769C9A85}.Debug|ARM64.ActiveCfg = Debug|Any CPU
		{B7396ED4-AC48-448E-910E-7080769C9A85}.Debug|ARM64.Build.0 = Debug|Any CPU
		{B7396ED4-AC48-448E-910E-7080769C9A85}.Debug|x64.ActiveCfg = Debug|Any CPU
		{B7396ED4-AC48-448E-910E-7080769C9A85}.Debug|x64.Build.0 = Debug|Any CPU
		{B7396ED4-AC48-448E-910E-7080769C9A85}.Debug|x86.ActiveCfg = Debug|Any CPU
		{B7396ED4-AC48-448E-910E-7080769C9A85}.Debug|x86.Build.0 = Debug|Any CPU
		{B7396ED4-AC48-448E-910E-7080769C9A85}.Release|Any CPU.ActiveCfg = Release|Any CPU
		{B7396ED4-AC48-448E-910E-7080769C9A85}.Release|Any CPU.Build.0 = Release|Any CPU
		{B7396ED4-AC48-448E-910E-7080769C9A85}.Release|ARM.ActiveCfg = Release|Any CPU
		{B7396ED4-AC48-448E-910E-7080769C9A85}.Release|ARM.Build.0 = Release|Any CPU
		{B7396ED4-AC48-448E-910E-7080769C9A85}.Release|ARM64.ActiveCfg = Release|Any CPU
		{B7396ED4-AC48-448E-910E-7080769C9A85}.Release|ARM64.Build.0 = Release|Any CPU
		{B7396ED4-AC48-448E-910E-7080769C9A85}.Release|x64.ActiveCfg = Release|Any CPU
		{B7396ED4-AC48-448E-910E-7080769C9A85}.Release|x64.Build.0 = Release|Any CPU
		{B7396ED4-AC48-448E-910E-7080769C9A85}.Release|x86.ActiveCfg = Release|Any CPU
		{B7396ED4-AC48-448E-910E-7080769C9A85}.Release|x86.Build.0 = Release|Any CPU
	EndGlobalSection
	GlobalSection(SolutionProperties) = preSolution
		HideSolutionNode = FALSE
	EndGlobalSection
	GlobalSection(NestedProjects) = preSolution
		{52BF282A-4B84-4B5A-A930-90F3D2C70126} = {A19592E6-AD07-4C3E-93BA-B796094F31ED}
		{9694C906-C112-4660-93CC-942633247D6B} = {A19592E6-AD07-4C3E-93BA-B796094F31ED}
		{0F522611-CC21-42CF-9D2A-17B6CB67CF9E} = {A19592E6-AD07-4C3E-93BA-B796094F31ED}
		{D0BB2878-3BC4-4337-8AFC-8CAF6370B707} = {80DB3D5D-3E79-4DCA-A639-49CE9FA6F06E}
		{6DE9880C-8F78-4974-B116-479C4E0FB4CB} = {80DB3D5D-3E79-4DCA-A639-49CE9FA6F06E}
		{142922D8-2433-432C-A40B-8BE3CC98FE38} = {80DB3D5D-3E79-4DCA-A639-49CE9FA6F06E}
		{1DB3D811-3C17-42C4-83B8-258AF086267E} = {A19592E6-AD07-4C3E-93BA-B796094F31ED}
		{AE29D745-560B-454B-A1F3-E632D9F91FE5} = {A19592E6-AD07-4C3E-93BA-B796094F31ED}
	EndGlobalSection
	GlobalSection(ExtensibilityGlobals) = postSolution
		SolutionGuid = {666D8C34-F2E0-47CC-B2E4-8A44AAEC0842}
	EndGlobalSection
EndGlobal
