
Microsoft Visual Studio Solution File, Format Version 12.00
Project("{FAE04EC0-301F-11D3-BF4B-00C04F79EFBC}") = "Wavee", "src\lib\Wavee\Wavee.csproj", "{86873550-4575-40CB-877C-114E125CF00C}"
EndProject
Project("{FAE04EC0-301F-11D3-BF4B-00C04F79EFBC}") = "Wavee.Spotify", "src\lib\Wavee.Spotify\Wavee.Spotify.csproj", "{7AE2A528-28D0-47E5-BD2E-23B3F5535923}"
EndProject
Project("{FAE04EC0-301F-11D3-BF4B-00C04F79EFBC}") = "ConsoleTest", "tests\ConsoleTest\ConsoleTest.csproj", "{E658E91E-A056-47C7-8880-FE5CB2376656}"
EndProject
Project("{FAE04EC0-301F-11D3-BF4B-00C04F79EFBC}") = "Wavee.Spotify.Tests", "tests\Wavee.Spotify.Tests\Wavee.Spotify.Tests.csproj", "{FDD33059-4555-47BA-A261-227D96C98257}"
EndProject
Project("{FAE04EC0-301F-11D3-BF4B-00C04F79EFBC}") = "Wavee.Spotify.Proto", "src\lib\Wavee.Spotify.Proto\Wavee.Spotify.Proto.csproj", "{3B5C661F-6008-4073-9B2B-EFEB76DDF6CB}"
EndProject
Project("{FAE04EC0-301F-11D3-BF4B-00C04F79EFBC}") = "Wavee.Spotify.Playback", "src\lib\Wavee.Spotify.Playback\Wavee.Spotify.Playback.csproj", "{E9D4AFF8-EA10-4087-B1E0-11922A9BD705}"
EndProject
Project("{2150E333-8FDC-42A3-9474-1A3956D46DE8}") = "Spotify", "Spotify", "{0A5DF669-5A21-4D1E-952F-FCF6D8075224}"
EndProject
Project("{2150E333-8FDC-42A3-9474-1A3956D46DE8}") = "Tests", "Tests", "{D8738B98-2736-480A-80A5-7C8D4E56FBAC}"
EndProject
Project("{FAE04EC0-301F-11D3-BF4B-00C04F79EFBC}") = "Wavee.Spotify.Remote", "src\lib\Wavee.Spotify.Remote\Wavee.Spotify.Remote.csproj", "{CC075224-6854-4DEF-8FB3-4081187BCE11}"
EndProject
Project("{FAE04EC0-301F-11D3-BF4B-00C04F79EFBC}") = "Wavee.Spotify.Contracts", "src\lib\Wavee.Spotify.Contracts\Wavee.Spotify.Contracts.csproj", "{F743E30E-F6D1-439C-A5D6-30C63E4F2727}"
EndProject
Global
	GlobalSection(SolutionConfigurationPlatforms) = preSolution
		Debug|Any CPU = Debug|Any CPU
		Release|Any CPU = Release|Any CPU
	EndGlobalSection
	GlobalSection(ProjectConfigurationPlatforms) = postSolution
		{86873550-4575-40CB-877C-114E125CF00C}.Debug|Any CPU.ActiveCfg = Debug|Any CPU
		{86873550-4575-40CB-877C-114E125CF00C}.Debug|Any CPU.Build.0 = Debug|Any CPU
		{86873550-4575-40CB-877C-114E125CF00C}.Release|Any CPU.ActiveCfg = Release|Any CPU
		{86873550-4575-40CB-877C-114E125CF00C}.Release|Any CPU.Build.0 = Release|Any CPU
		{7AE2A528-28D0-47E5-BD2E-23B3F5535923}.Debug|Any CPU.ActiveCfg = Debug|Any CPU
		{7AE2A528-28D0-47E5-BD2E-23B3F5535923}.Debug|Any CPU.Build.0 = Debug|Any CPU
		{7AE2A528-28D0-47E5-BD2E-23B3F5535923}.Release|Any CPU.ActiveCfg = Release|Any CPU
		{7AE2A528-28D0-47E5-BD2E-23B3F5535923}.Release|Any CPU.Build.0 = Release|Any CPU
		{E658E91E-A056-47C7-8880-FE5CB2376656}.Debug|Any CPU.ActiveCfg = Debug|Any CPU
		{E658E91E-A056-47C7-8880-FE5CB2376656}.Debug|Any CPU.Build.0 = Debug|Any CPU
		{E658E91E-A056-47C7-8880-FE5CB2376656}.Release|Any CPU.ActiveCfg = Release|Any CPU
		{E658E91E-A056-47C7-8880-FE5CB2376656}.Release|Any CPU.Build.0 = Release|Any CPU
		{FDD33059-4555-47BA-A261-227D96C98257}.Debug|Any CPU.ActiveCfg = Debug|Any CPU
		{FDD33059-4555-47BA-A261-227D96C98257}.Debug|Any CPU.Build.0 = Debug|Any CPU
		{FDD33059-4555-47BA-A261-227D96C98257}.Release|Any CPU.ActiveCfg = Release|Any CPU
		{FDD33059-4555-47BA-A261-227D96C98257}.Release|Any CPU.Build.0 = Release|Any CPU
		{3B5C661F-6008-4073-9B2B-EFEB76DDF6CB}.Debug|Any CPU.ActiveCfg = Debug|Any CPU
		{3B5C661F-6008-4073-9B2B-EFEB76DDF6CB}.Debug|Any CPU.Build.0 = Debug|Any CPU
		{3B5C661F-6008-4073-9B2B-EFEB76DDF6CB}.Release|Any CPU.ActiveCfg = Release|Any CPU
		{3B5C661F-6008-4073-9B2B-EFEB76DDF6CB}.Release|Any CPU.Build.0 = Release|Any CPU
		{E9D4AFF8-EA10-4087-B1E0-11922A9BD705}.Debug|Any CPU.ActiveCfg = Debug|Any CPU
		{E9D4AFF8-EA10-4087-B1E0-11922A9BD705}.Debug|Any CPU.Build.0 = Debug|Any CPU
		{E9D4AFF8-EA10-4087-B1E0-11922A9BD705}.Release|Any CPU.ActiveCfg = Release|Any CPU
		{E9D4AFF8-EA10-4087-B1E0-11922A9BD705}.Release|Any CPU.Build.0 = Release|Any CPU
		{CC075224-6854-4DEF-8FB3-4081187BCE11}.Debug|Any CPU.ActiveCfg = Debug|Any CPU
		{CC075224-6854-4DEF-8FB3-4081187BCE11}.Debug|Any CPU.Build.0 = Debug|Any CPU
		{CC075224-6854-4DEF-8FB3-4081187BCE11}.Release|Any CPU.ActiveCfg = Release|Any CPU
		{CC075224-6854-4DEF-8FB3-4081187BCE11}.Release|Any CPU.Build.0 = Release|Any CPU
		{F743E30E-F6D1-439C-A5D6-30C63E4F2727}.Debug|Any CPU.ActiveCfg = Debug|Any CPU
		{F743E30E-F6D1-439C-A5D6-30C63E4F2727}.Debug|Any CPU.Build.0 = Debug|Any CPU
		{F743E30E-F6D1-439C-A5D6-30C63E4F2727}.Release|Any CPU.ActiveCfg = Release|Any CPU
		{F743E30E-F6D1-439C-A5D6-30C63E4F2727}.Release|Any CPU.Build.0 = Release|Any CPU
	EndGlobalSection
	GlobalSection(NestedProjects) = preSolution
		{7AE2A528-28D0-47E5-BD2E-23B3F5535923} = {0A5DF669-5A21-4D1E-952F-FCF6D8075224}
		{3B5C661F-6008-4073-9B2B-EFEB76DDF6CB} = {0A5DF669-5A21-4D1E-952F-FCF6D8075224}
		{E9D4AFF8-EA10-4087-B1E0-11922A9BD705} = {0A5DF669-5A21-4D1E-952F-FCF6D8075224}
		{FDD33059-4555-47BA-A261-227D96C98257} = {D8738B98-2736-480A-80A5-7C8D4E56FBAC}
		{E658E91E-A056-47C7-8880-FE5CB2376656} = {D8738B98-2736-480A-80A5-7C8D4E56FBAC}
		{CC075224-6854-4DEF-8FB3-4081187BCE11} = {0A5DF669-5A21-4D1E-952F-FCF6D8075224}
		{F743E30E-F6D1-439C-A5D6-30C63E4F2727} = {0A5DF669-5A21-4D1E-952F-FCF6D8075224}
	EndGlobalSection
EndGlobal
