
Microsoft Visual Studio Solution File, Format Version 12.00
Project("{FAE04EC0-301F-11D3-BF4B-00C04F79EFBC}") = "Wavee.Core", "src\lib\Wavee.Core\Wavee.Core.csproj", "{C6498FF0-2A75-4E7E-97FE-1B41A86AD0EC}"
EndProject
Project("{FAE04EC0-301F-11D3-BF4B-00C04F79EFBC}") = "Wavee.Player", "src\lib\Wavee.Player\Wavee.Player.csproj", "{A87DAF9F-9320-4FF2-852E-4BE4AF09BF70}"
EndProject
Project("{FAE04EC0-301F-11D3-BF4B-00C04F79EFBC}") = "Wavee.Spotify", "src\lib\Wavee.Spotify\Wavee.Spotify.csproj", "{C427C3AB-D413-4EA8-B390-AFFA6248AD00}"
EndProject
Project("{FAE04EC0-301F-11D3-BF4B-00C04F79EFBC}") = "Wavee.Local", "src\lib\Wavee.Local\Wavee.Local.csproj", "{22BFEDE9-AC64-4064-B635-FBC403FC4A58}"
EndProject
Project("{2150E333-8FDC-42A3-9474-1A3956D46DE8}") = "Spotify", "Spotify", "{5EE6B491-82C1-4511-8FA3-133D939175F9}"
EndProject
Project("{FAE04EC0-301F-11D3-BF4B-00C04F79EFBC}") = "Wavee.Spotify.Proto", "src\lib\Wavee.Spotify.Proto\Wavee.Spotify.Proto.csproj", "{00088998-A02D-4E63-95DB-D7ADA1BB16CC}"
EndProject
Project("{FAE04EC0-301F-11D3-BF4B-00C04F79EFBC}") = "Wavee.Spotify.ConsoleTest", "tests\Wavee.Spotify.ConsoleTest\Wavee.Spotify.ConsoleTest.csproj", "{C7E309C6-57C3-447F-A2D5-2AE67BF074DC}"
EndProject
Project("{FAE04EC0-301F-11D3-BF4B-00C04F79EFBC}") = "Wavee.Spotify.Remote", "src\lib\Wavee.Spotify.Remote\Wavee.Spotify.Remote.csproj", "{72318B4D-E1DD-46DB-B4B8-056E425477E0}"
EndProject
Project("{2150E333-8FDC-42A3-9474-1A3956D46DE8}") = "Tests", "Tests", "{E271C3E4-2CAC-4B22-87B0-B660794375A6}"
EndProject
Project("{FAE04EC0-301F-11D3-BF4B-00C04F79EFBC}") = "Wavee.Player.Tests", "tests\Wavee.Player.Tests\Wavee.Player.Tests.csproj", "{26760E9B-890F-4F22-849B-C54DF16E194E}"
EndProject
Project("{FAE04EC0-301F-11D3-BF4B-00C04F79EFBC}") = "Wavee.Spotify.Playback", "src\lib\Wavee.Spotify.Playback\Wavee.Spotify.Playback.csproj", "{3F6551EF-A6F3-4ED1-956B-83CB774AFC45}"
EndProject
Project("{FAE04EC0-301F-11D3-BF4B-00C04F79EFBC}") = "Wavee.AudioOutput.LibVLC", "src\lib\Wavee.AudioOutput.LibVLC\Wavee.AudioOutput.LibVLC.csproj", "{E2724764-1C71-4852-82F2-53DF0821B612}"
EndProject
Project("{FAE04EC0-301F-11D3-BF4B-00C04F79EFBC}") = "Wavee.Spotify.Cache", "src\lib\Wavee.Spotify.Cache\Wavee.Spotify.Cache.csproj", "{B0824932-9B20-4CBB-923E-2A64DA93257B}"
EndProject
Project("{FAE04EC0-301F-11D3-BF4B-00C04F79EFBC}") = "DatabaseEffect", "external\database-effect\src\DatabaseEffect.csproj", "{6C2D52B5-6122-46A2-A5A0-AD9C1D4A7E9F}"
EndProject
Project("{FAE04EC0-301F-11D3-BF4B-00C04F79EFBC}") = "Wavee.AudioOutput.NAudio", "src\lib\Wavee.AudioOutput.NAudio\Wavee.AudioOutput.NAudio.csproj", "{BC81C1F1-7946-49AA-A8DD-19481EE8DA27}"
EndProject
Project("{FAE04EC0-301F-11D3-BF4B-00C04F79EFBC}") = "AesCtr", "src\lib\AesCtr\AesCtr.csproj", "{D5637DCC-2707-4EC4-88F7-8EC6AFDD1747}"
EndProject
Project("{FAE04EC0-301F-11D3-BF4B-00C04F79EFBC}") = "AesCtrTests", "tests\AesCtrTests\AesCtrTests.csproj", "{3995CF24-A453-4F49-86A8-4E4A125EA6A4}"
EndProject
Project("{2150E333-8FDC-42A3-9474-1A3956D46DE8}") = "Core", "Core", "{9473769B-3B2E-47E3-9F9F-A01569F39059}"
EndProject
Project("{2150E333-8FDC-42A3-9474-1A3956D46DE8}") = "External", "External", "{703DD030-CF33-4531-B8E9-4C873C1B58E9}"
EndProject
Project("{FAE04EC0-301F-11D3-BF4B-00C04F79EFBC}") = "AesCtrBouncyCastle", "src\lib\AesCtrBouncyCastle\AesCtrBouncyCastle.csproj", "{AE60B1FC-86CF-41C3-BF60-4CE7C0B339FF}"
EndProject
Global
	GlobalSection(SolutionConfigurationPlatforms) = preSolution
		Debug|Any CPU = Debug|Any CPU
		Release|Any CPU = Release|Any CPU
	EndGlobalSection
	GlobalSection(ProjectConfigurationPlatforms) = postSolution
		{C6498FF0-2A75-4E7E-97FE-1B41A86AD0EC}.Debug|Any CPU.ActiveCfg = Debug|Any CPU
		{C6498FF0-2A75-4E7E-97FE-1B41A86AD0EC}.Debug|Any CPU.Build.0 = Debug|Any CPU
		{C6498FF0-2A75-4E7E-97FE-1B41A86AD0EC}.Release|Any CPU.ActiveCfg = Release|Any CPU
		{C6498FF0-2A75-4E7E-97FE-1B41A86AD0EC}.Release|Any CPU.Build.0 = Release|Any CPU
		{A87DAF9F-9320-4FF2-852E-4BE4AF09BF70}.Debug|Any CPU.ActiveCfg = Debug|Any CPU
		{A87DAF9F-9320-4FF2-852E-4BE4AF09BF70}.Debug|Any CPU.Build.0 = Debug|Any CPU
		{A87DAF9F-9320-4FF2-852E-4BE4AF09BF70}.Release|Any CPU.ActiveCfg = Release|Any CPU
		{A87DAF9F-9320-4FF2-852E-4BE4AF09BF70}.Release|Any CPU.Build.0 = Release|Any CPU
		{C427C3AB-D413-4EA8-B390-AFFA6248AD00}.Debug|Any CPU.ActiveCfg = Debug|Any CPU
		{C427C3AB-D413-4EA8-B390-AFFA6248AD00}.Debug|Any CPU.Build.0 = Debug|Any CPU
		{C427C3AB-D413-4EA8-B390-AFFA6248AD00}.Release|Any CPU.ActiveCfg = Release|Any CPU
		{C427C3AB-D413-4EA8-B390-AFFA6248AD00}.Release|Any CPU.Build.0 = Release|Any CPU
		{22BFEDE9-AC64-4064-B635-FBC403FC4A58}.Debug|Any CPU.ActiveCfg = Debug|Any CPU
		{22BFEDE9-AC64-4064-B635-FBC403FC4A58}.Debug|Any CPU.Build.0 = Debug|Any CPU
		{22BFEDE9-AC64-4064-B635-FBC403FC4A58}.Release|Any CPU.ActiveCfg = Release|Any CPU
		{22BFEDE9-AC64-4064-B635-FBC403FC4A58}.Release|Any CPU.Build.0 = Release|Any CPU
		{00088998-A02D-4E63-95DB-D7ADA1BB16CC}.Debug|Any CPU.ActiveCfg = Debug|Any CPU
		{00088998-A02D-4E63-95DB-D7ADA1BB16CC}.Debug|Any CPU.Build.0 = Debug|Any CPU
		{00088998-A02D-4E63-95DB-D7ADA1BB16CC}.Release|Any CPU.ActiveCfg = Release|Any CPU
		{00088998-A02D-4E63-95DB-D7ADA1BB16CC}.Release|Any CPU.Build.0 = Release|Any CPU
		{C7E309C6-57C3-447F-A2D5-2AE67BF074DC}.Debug|Any CPU.ActiveCfg = Debug|Any CPU
		{C7E309C6-57C3-447F-A2D5-2AE67BF074DC}.Debug|Any CPU.Build.0 = Debug|Any CPU
		{C7E309C6-57C3-447F-A2D5-2AE67BF074DC}.Release|Any CPU.ActiveCfg = Release|Any CPU
		{C7E309C6-57C3-447F-A2D5-2AE67BF074DC}.Release|Any CPU.Build.0 = Release|Any CPU
		{72318B4D-E1DD-46DB-B4B8-056E425477E0}.Debug|Any CPU.ActiveCfg = Debug|Any CPU
		{72318B4D-E1DD-46DB-B4B8-056E425477E0}.Debug|Any CPU.Build.0 = Debug|Any CPU
		{72318B4D-E1DD-46DB-B4B8-056E425477E0}.Release|Any CPU.ActiveCfg = Release|Any CPU
		{72318B4D-E1DD-46DB-B4B8-056E425477E0}.Release|Any CPU.Build.0 = Release|Any CPU
		{26760E9B-890F-4F22-849B-C54DF16E194E}.Debug|Any CPU.ActiveCfg = Debug|Any CPU
		{26760E9B-890F-4F22-849B-C54DF16E194E}.Debug|Any CPU.Build.0 = Debug|Any CPU
		{26760E9B-890F-4F22-849B-C54DF16E194E}.Release|Any CPU.ActiveCfg = Release|Any CPU
		{26760E9B-890F-4F22-849B-C54DF16E194E}.Release|Any CPU.Build.0 = Release|Any CPU
		{3F6551EF-A6F3-4ED1-956B-83CB774AFC45}.Debug|Any CPU.ActiveCfg = Debug|Any CPU
		{3F6551EF-A6F3-4ED1-956B-83CB774AFC45}.Debug|Any CPU.Build.0 = Debug|Any CPU
		{3F6551EF-A6F3-4ED1-956B-83CB774AFC45}.Release|Any CPU.ActiveCfg = Release|Any CPU
		{3F6551EF-A6F3-4ED1-956B-83CB774AFC45}.Release|Any CPU.Build.0 = Release|Any CPU
		{E2724764-1C71-4852-82F2-53DF0821B612}.Debug|Any CPU.ActiveCfg = Debug|Any CPU
		{E2724764-1C71-4852-82F2-53DF0821B612}.Debug|Any CPU.Build.0 = Debug|Any CPU
		{E2724764-1C71-4852-82F2-53DF0821B612}.Release|Any CPU.ActiveCfg = Release|Any CPU
		{E2724764-1C71-4852-82F2-53DF0821B612}.Release|Any CPU.Build.0 = Release|Any CPU
		{B0824932-9B20-4CBB-923E-2A64DA93257B}.Debug|Any CPU.ActiveCfg = Debug|Any CPU
		{B0824932-9B20-4CBB-923E-2A64DA93257B}.Debug|Any CPU.Build.0 = Debug|Any CPU
		{B0824932-9B20-4CBB-923E-2A64DA93257B}.Release|Any CPU.ActiveCfg = Release|Any CPU
		{B0824932-9B20-4CBB-923E-2A64DA93257B}.Release|Any CPU.Build.0 = Release|Any CPU
		{6C2D52B5-6122-46A2-A5A0-AD9C1D4A7E9F}.Debug|Any CPU.ActiveCfg = Debug|Any CPU
		{6C2D52B5-6122-46A2-A5A0-AD9C1D4A7E9F}.Debug|Any CPU.Build.0 = Debug|Any CPU
		{6C2D52B5-6122-46A2-A5A0-AD9C1D4A7E9F}.Release|Any CPU.ActiveCfg = Release|Any CPU
		{6C2D52B5-6122-46A2-A5A0-AD9C1D4A7E9F}.Release|Any CPU.Build.0 = Release|Any CPU
		{BC81C1F1-7946-49AA-A8DD-19481EE8DA27}.Debug|Any CPU.ActiveCfg = Debug|Any CPU
		{BC81C1F1-7946-49AA-A8DD-19481EE8DA27}.Debug|Any CPU.Build.0 = Debug|Any CPU
		{BC81C1F1-7946-49AA-A8DD-19481EE8DA27}.Release|Any CPU.ActiveCfg = Release|Any CPU
		{BC81C1F1-7946-49AA-A8DD-19481EE8DA27}.Release|Any CPU.Build.0 = Release|Any CPU
		{D5637DCC-2707-4EC4-88F7-8EC6AFDD1747}.Debug|Any CPU.ActiveCfg = Debug|Any CPU
		{D5637DCC-2707-4EC4-88F7-8EC6AFDD1747}.Debug|Any CPU.Build.0 = Debug|Any CPU
		{D5637DCC-2707-4EC4-88F7-8EC6AFDD1747}.Release|Any CPU.ActiveCfg = Release|Any CPU
		{D5637DCC-2707-4EC4-88F7-8EC6AFDD1747}.Release|Any CPU.Build.0 = Release|Any CPU
		{3995CF24-A453-4F49-86A8-4E4A125EA6A4}.Debug|Any CPU.ActiveCfg = Debug|Any CPU
		{3995CF24-A453-4F49-86A8-4E4A125EA6A4}.Debug|Any CPU.Build.0 = Debug|Any CPU
		{3995CF24-A453-4F49-86A8-4E4A125EA6A4}.Release|Any CPU.ActiveCfg = Release|Any CPU
		{3995CF24-A453-4F49-86A8-4E4A125EA6A4}.Release|Any CPU.Build.0 = Release|Any CPU
		{AE60B1FC-86CF-41C3-BF60-4CE7C0B339FF}.Debug|Any CPU.ActiveCfg = Debug|Any CPU
		{AE60B1FC-86CF-41C3-BF60-4CE7C0B339FF}.Debug|Any CPU.Build.0 = Debug|Any CPU
		{AE60B1FC-86CF-41C3-BF60-4CE7C0B339FF}.Release|Any CPU.ActiveCfg = Release|Any CPU
		{AE60B1FC-86CF-41C3-BF60-4CE7C0B339FF}.Release|Any CPU.Build.0 = Release|Any CPU
	EndGlobalSection
	GlobalSection(NestedProjects) = preSolution
		{C427C3AB-D413-4EA8-B390-AFFA6248AD00} = {5EE6B491-82C1-4511-8FA3-133D939175F9}
		{00088998-A02D-4E63-95DB-D7ADA1BB16CC} = {5EE6B491-82C1-4511-8FA3-133D939175F9}
		{72318B4D-E1DD-46DB-B4B8-056E425477E0} = {5EE6B491-82C1-4511-8FA3-133D939175F9}
		{26760E9B-890F-4F22-849B-C54DF16E194E} = {E271C3E4-2CAC-4B22-87B0-B660794375A6}
		{3F6551EF-A6F3-4ED1-956B-83CB774AFC45} = {5EE6B491-82C1-4511-8FA3-133D939175F9}
		{B0824932-9B20-4CBB-923E-2A64DA93257B} = {5EE6B491-82C1-4511-8FA3-133D939175F9}
		{3995CF24-A453-4F49-86A8-4E4A125EA6A4} = {E271C3E4-2CAC-4B22-87B0-B660794375A6}
		{C6498FF0-2A75-4E7E-97FE-1B41A86AD0EC} = {9473769B-3B2E-47E3-9F9F-A01569F39059}
		{A87DAF9F-9320-4FF2-852E-4BE4AF09BF70} = {9473769B-3B2E-47E3-9F9F-A01569F39059}
		{E2724764-1C71-4852-82F2-53DF0821B612} = {703DD030-CF33-4531-B8E9-4C873C1B58E9}
		{6C2D52B5-6122-46A2-A5A0-AD9C1D4A7E9F} = {703DD030-CF33-4531-B8E9-4C873C1B58E9}
		{BC81C1F1-7946-49AA-A8DD-19481EE8DA27} = {703DD030-CF33-4531-B8E9-4C873C1B58E9}
		{C7E309C6-57C3-447F-A2D5-2AE67BF074DC} = {E271C3E4-2CAC-4B22-87B0-B660794375A6}
		{D5637DCC-2707-4EC4-88F7-8EC6AFDD1747} = {9473769B-3B2E-47E3-9F9F-A01569F39059}
		{AE60B1FC-86CF-41C3-BF60-4CE7C0B339FF} = {9473769B-3B2E-47E3-9F9F-A01569F39059}
	EndGlobalSection
EndGlobal
