
Microsoft Visual Studio Solution File, Format Version 12.00
Project("{FAE04EC0-301F-11D3-BF4B-00C04F79EFBC}") = "Wavee.Core", "src\lib\Wavee.Core\Wavee.Core.csproj", "{C6498FF0-2A75-4E7E-97FE-1B41A86AD0EC}"
EndProject
Project("{FAE04EC0-301F-11D3-BF4B-00C04F79EFBC}") = "Wavee.Spotify", "src\lib\Wavee.Spotify\Wavee.Spotify.csproj", "{C427C3AB-D413-4EA8-B390-AFFA6248AD00}"
EndProject
Project("{2150E333-8FDC-42A3-9474-1A3956D46DE8}") = "Spotify", "Spotify", "{5EE6B491-82C1-4511-8FA3-133D939175F9}"
EndProject
Project("{FAE04EC0-301F-11D3-BF4B-00C04F79EFBC}") = "Wavee.Spotify.Proto", "src\lib\Wavee.Spotify.Proto\Wavee.Spotify.Proto.csproj", "{00088998-A02D-4E63-95DB-D7ADA1BB16CC}"
EndProject
Project("{2150E333-8FDC-42A3-9474-1A3956D46DE8}") = "Tests", "Tests", "{E271C3E4-2CAC-4B22-87B0-B660794375A6}"
EndProject
Project("{FAE04EC0-301F-11D3-BF4B-00C04F79EFBC}") = "Wavee.Player.Tests", "tests\Wavee.Player.Tests\Wavee.Player.Tests.csproj", "{26760E9B-890F-4F22-849B-C54DF16E194E}"
EndProject
Project("{FAE04EC0-301F-11D3-BF4B-00C04F79EFBC}") = "Wavee.AudioOutput.NAudio", "src\lib\Wavee.AudioOutput.NAudio\Wavee.AudioOutput.NAudio.csproj", "{BC81C1F1-7946-49AA-A8DD-19481EE8DA27}"
EndProject
Project("{2150E333-8FDC-42A3-9474-1A3956D46DE8}") = "Core", "Core", "{9473769B-3B2E-47E3-9F9F-A01569F39059}"
EndProject
Project("{FAE04EC0-301F-11D3-BF4B-00C04F79EFBC}") = "AesCtrBouncyCastle", "src\lib\AesCtrBouncyCastle\AesCtrBouncyCastle.csproj", "{AE60B1FC-86CF-41C3-BF60-4CE7C0B339FF}"
EndProject
Project("{FAE04EC0-301F-11D3-BF4B-00C04F79EFBC}") = "ConsoleApp1", "tests\ConsoleApp1\ConsoleApp1.csproj", "{9D400413-BF8B-44A6-8161-961764A80632}"
EndProject
Global
	GlobalSection(SolutionConfigurationPlatforms) = preSolution
		Debug|Any CPU = Debug|Any CPU
		Release|Any CPU = Release|Any CPU
	EndGlobalSection
	GlobalSection(ProjectConfigurationPlatforms) = postSolution
		{C6498FF0-2A75-4E7E-97FE-1B41A86AD0EC}.Debug|Any CPU.ActiveCfg = Debug|Any CPU
		{C6498FF0-2A75-4E7E-97FE-1B41A86AD0EC}.Debug|Any CPU.Build.0 = Debug|Any CPU
		{C6498FF0-2A75-4E7E-97FE-1B41A86AD0EC}.Release|Any CPU.ActiveCfg = Release|Any CPU
		{C6498FF0-2A75-4E7E-97FE-1B41A86AD0EC}.Release|Any CPU.Build.0 = Release|Any CPU
		{C427C3AB-D413-4EA8-B390-AFFA6248AD00}.Debug|Any CPU.ActiveCfg = Debug|Any CPU
		{C427C3AB-D413-4EA8-B390-AFFA6248AD00}.Debug|Any CPU.Build.0 = Debug|Any CPU
		{C427C3AB-D413-4EA8-B390-AFFA6248AD00}.Release|Any CPU.ActiveCfg = Release|Any CPU
		{C427C3AB-D413-4EA8-B390-AFFA6248AD00}.Release|Any CPU.Build.0 = Release|Any CPU
		{00088998-A02D-4E63-95DB-D7ADA1BB16CC}.Debug|Any CPU.ActiveCfg = Debug|Any CPU
		{00088998-A02D-4E63-95DB-D7ADA1BB16CC}.Debug|Any CPU.Build.0 = Debug|Any CPU
		{00088998-A02D-4E63-95DB-D7ADA1BB16CC}.Release|Any CPU.ActiveCfg = Release|Any CPU
		{00088998-A02D-4E63-95DB-D7ADA1BB16CC}.Release|Any CPU.Build.0 = Release|Any CPU
		{26760E9B-890F-4F22-849B-C54DF16E194E}.Debug|Any CPU.ActiveCfg = Debug|Any CPU
		{26760E9B-890F-4F22-849B-C54DF16E194E}.Debug|Any CPU.Build.0 = Debug|Any CPU
		{26760E9B-890F-4F22-849B-C54DF16E194E}.Release|Any CPU.ActiveCfg = Release|Any CPU
		{26760E9B-890F-4F22-849B-C54DF16E194E}.Release|Any CPU.Build.0 = Release|Any CPU
		{BC81C1F1-7946-49AA-A8DD-19481EE8DA27}.Debug|Any CPU.ActiveCfg = Debug|Any CPU
		{BC81C1F1-7946-49AA-A8DD-19481EE8DA27}.Debug|Any CPU.Build.0 = Debug|Any CPU
		{BC81C1F1-7946-49AA-A8DD-19481EE8DA27}.Release|Any CPU.ActiveCfg = Release|Any CPU
		{BC81C1F1-7946-49AA-A8DD-19481EE8DA27}.Release|Any CPU.Build.0 = Release|Any CPU
		{AE60B1FC-86CF-41C3-BF60-4CE7C0B339FF}.Debug|Any CPU.ActiveCfg = Debug|Any CPU
		{AE60B1FC-86CF-41C3-BF60-4CE7C0B339FF}.Debug|Any CPU.Build.0 = Debug|Any CPU
		{AE60B1FC-86CF-41C3-BF60-4CE7C0B339FF}.Release|Any CPU.ActiveCfg = Release|Any CPU
		{AE60B1FC-86CF-41C3-BF60-4CE7C0B339FF}.Release|Any CPU.Build.0 = Release|Any CPU
		{9D400413-BF8B-44A6-8161-961764A80632}.Debug|Any CPU.ActiveCfg = Debug|Any CPU
		{9D400413-BF8B-44A6-8161-961764A80632}.Debug|Any CPU.Build.0 = Debug|Any CPU
		{9D400413-BF8B-44A6-8161-961764A80632}.Release|Any CPU.ActiveCfg = Release|Any CPU
		{9D400413-BF8B-44A6-8161-961764A80632}.Release|Any CPU.Build.0 = Release|Any CPU
	EndGlobalSection
	GlobalSection(NestedProjects) = preSolution
		{C427C3AB-D413-4EA8-B390-AFFA6248AD00} = {5EE6B491-82C1-4511-8FA3-133D939175F9}
		{00088998-A02D-4E63-95DB-D7ADA1BB16CC} = {5EE6B491-82C1-4511-8FA3-133D939175F9}
		{26760E9B-890F-4F22-849B-C54DF16E194E} = {E271C3E4-2CAC-4B22-87B0-B660794375A6}
		{C6498FF0-2A75-4E7E-97FE-1B41A86AD0EC} = {9473769B-3B2E-47E3-9F9F-A01569F39059}
		{AE60B1FC-86CF-41C3-BF60-4CE7C0B339FF} = {9473769B-3B2E-47E3-9F9F-A01569F39059}
		{BC81C1F1-7946-49AA-A8DD-19481EE8DA27} = {9473769B-3B2E-47E3-9F9F-A01569F39059}
		{9D400413-BF8B-44A6-8161-961764A80632} = {E271C3E4-2CAC-4B22-87B0-B660794375A6}
	EndGlobalSection
EndGlobal
