
Microsoft Visual Studio Solution File, Format Version 12.00
# Visual Studio Version 17
VisualStudioVersion = 17.9.34310.174
MinimumVisualStudioVersion = 10.0.40219.1
Project("{FAE04EC0-301F-11D3-BF4B-00C04F79EFBC}") = "Wavee", "Wavee.csproj", "{CFDB4C01-209D-4C99-9915-A4E36D254AF1}"
EndProject
Project("{FAE04EC0-301F-11D3-BF4B-00C04F79EFBC}") = "Wavee.Spotify", "..\Wavee.Spotify\Wavee.Spotify.csproj", "{180C2AEC-6255-4A59-BEB2-51B1FA0232CB}"
EndProject
Project("{FAE04EC0-301F-11D3-BF4B-00C04F79EFBC}") = "WaveeTest", "..\WaveeTest\WaveeTest.csproj", "{DC5DC048-2D35-495C-A973-8AD85D11EE83}"
EndProject
Project("{FAE04EC0-301F-11D3-BF4B-00C04F79EFBC}") = "Wavee.Spotify.Proto", "..\Wavee.Spotify.Proto\Wavee.Spotify.Proto.csproj", "{5843F375-E882-4564-994F-BFB7B9675137}"
EndProject
Project("{FAE04EC0-301F-11D3-BF4B-00C04F79EFBC}") = "Wavee.Players.NAudio", "..\Wavee.Players.NAudio\Wavee.Players.NAudio.csproj", "{857FB633-6B51-4C9C-B7B5-6A71634AEA46}"
EndProject
Global
	GlobalSection(SolutionConfigurationPlatforms) = preSolution
		Debug|Any CPU = Debug|Any CPU
		Release|Any CPU = Release|Any CPU
	EndGlobalSection
	GlobalSection(ProjectConfigurationPlatforms) = postSolution
		{CFDB4C01-209D-4C99-9915-A4E36D254AF1}.Debug|Any CPU.ActiveCfg = Debug|Any CPU
		{CFDB4C01-209D-4C99-9915-A4E36D254AF1}.Debug|Any CPU.Build.0 = Debug|Any CPU
		{CFDB4C01-209D-4C99-9915-A4E36D254AF1}.Release|Any CPU.ActiveCfg = Release|Any CPU
		{CFDB4C01-209D-4C99-9915-A4E36D254AF1}.Release|Any CPU.Build.0 = Release|Any CPU
		{180C2AEC-6255-4A59-BEB2-51B1FA0232CB}.Debug|Any CPU.ActiveCfg = Debug|Any CPU
		{180C2AEC-6255-4A59-BEB2-51B1FA0232CB}.Debug|Any CPU.Build.0 = Debug|Any CPU
		{180C2AEC-6255-4A59-BEB2-51B1FA0232CB}.Release|Any CPU.ActiveCfg = Release|Any CPU
		{180C2AEC-6255-4A59-BEB2-51B1FA0232CB}.Release|Any CPU.Build.0 = Release|Any CPU
		{DC5DC048-2D35-495C-A973-8AD85D11EE83}.Debug|Any CPU.ActiveCfg = Debug|Any CPU
		{DC5DC048-2D35-495C-A973-8AD85D11EE83}.Debug|Any CPU.Build.0 = Debug|Any CPU
		{DC5DC048-2D35-495C-A973-8AD85D11EE83}.Release|Any CPU.ActiveCfg = Release|Any CPU
		{DC5DC048-2D35-495C-A973-8AD85D11EE83}.Release|Any CPU.Build.0 = Release|Any CPU
		{5843F375-E882-4564-994F-BFB7B9675137}.Debug|Any CPU.ActiveCfg = Debug|Any CPU
		{5843F375-E882-4564-994F-BFB7B9675137}.Debug|Any CPU.Build.0 = Debug|Any CPU
		{5843F375-E882-4564-994F-BFB7B9675137}.Release|Any CPU.ActiveCfg = Release|Any CPU
		{5843F375-E882-4564-994F-BFB7B9675137}.Release|Any CPU.Build.0 = Release|Any CPU
		{857FB633-6B51-4C9C-B7B5-6A71634AEA46}.Debug|Any CPU.ActiveCfg = Debug|Any CPU
		{857FB633-6B51-4C9C-B7B5-6A71634AEA46}.Debug|Any CPU.Build.0 = Debug|Any CPU
		{857FB633-6B51-4C9C-B7B5-6A71634AEA46}.Release|Any CPU.ActiveCfg = Release|Any CPU
		{857FB633-6B51-4C9C-B7B5-6A71634AEA46}.Release|Any CPU.Build.0 = Release|Any CPU
	EndGlobalSection
	GlobalSection(SolutionProperties) = preSolution
		HideSolutionNode = FALSE
	EndGlobalSection
	GlobalSection(ExtensibilityGlobals) = postSolution
		SolutionGuid = {9BB1631A-DAFA-4AC5-8F56-FF22D43C05FD}
	EndGlobalSection
EndGlobal
