
Microsoft Visual Studio Solution File, Format Version 12.00
# Visual Studio Version 17
VisualStudioVersion = 17.6.33417.168
MinimumVisualStudioVersion = 10.0.40219.1
Project("{FAE04EC0-301F-11D3-BF4B-00C04F79EFBC}") = "Wavee.UI.WinUI", "Wavee.UI.WinUI.csproj", "{EE923EC0-CEC6-4B4D-A015-5F181057EF3C}"
EndProject
Project("{9A19103F-16F7-4668-BE54-9A1E7A4F7556}") = "Wavee.Player.NAudio", "..\Wavee\src\Wavee\Wavee.Player.NAudio\Wavee.Player.NAudio.csproj", "{C845F313-C320-4FE8-9037-CB585A73B848}"
EndProject
Project("{9A19103F-16F7-4668-BE54-9A1E7A4F7556}") = "Wavee", "..\Wavee\src\Wavee\Wavee\Wavee.csproj", "{CA9B0C62-B2AB-484F-A4B6-44BA25EE262E}"
EndProject
Project("{9A19103F-16F7-4668-BE54-9A1E7A4F7556}") = "Wavee.Spotify", "..\Wavee\src\Wavee\Spotify\Wavee.Spotify\Wavee.Spotify.csproj", "{FCD6D08D-300A-4CA4-A5AC-90D76068DDD0}"
EndProject
Project("{9A19103F-16F7-4668-BE54-9A1E7A4F7556}") = "Wavee.Spotify.ConnectState", "..\Wavee\src\Wavee\Spotify\Wavee.Spotify.ConnectState\Wavee.Spotify.ConnectState.csproj", "{259B68B3-A4E2-4D35-881D-F0D4A3CA0338}"
EndProject
Project("{9A19103F-16F7-4668-BE54-9A1E7A4F7556}") = "Wavee.Spotify.Player", "..\Wavee\src\Wavee\Spotify\Wavee.Spotify.Player\Wavee.Spotify.Player.csproj", "{63ABADD1-D3DF-4FA6-9216-3F8083BDD52C}"
EndProject
Project("{9A19103F-16F7-4668-BE54-9A1E7A4F7556}") = "Wavee.Spotify.Player.Playback", "..\Wavee\src\Wavee\Spotify\Wavee.Spotify.Player.Playback\Wavee.Spotify.Player.Playback.csproj", "{0788AA64-4648-4AB5-ABB2-D12FB9AF9120}"
EndProject
Project("{9A19103F-16F7-4668-BE54-9A1E7A4F7556}") = "Wavee.Spotify.Proto", "..\Wavee\src\Wavee\Spotify\Wavee.Spotify.Proto\Wavee.Spotify.Proto.csproj", "{13A9ECB5-A087-4860-9197-464AF49A7E93}"
EndProject
Project("{9A19103F-16F7-4668-BE54-9A1E7A4F7556}") = "NVorbis", "..\Wavee\src\Wavee\NVorbis\NVorbis.csproj", "{17BA01FA-159C-431E-9D15-564C7FF06DA9}"
EndProject
Project("{2150E333-8FDC-42A3-9474-1A3956D46DE8}") = "Core", "Core", "{997055F4-BCBE-4E91-8379-F75DAE0E5D3D}"
EndProject
Project("{2150E333-8FDC-42A3-9474-1A3956D46DE8}") = "Spotify", "Spotify", "{D7A4A09A-CEC9-424F-9300-96AF8803326D}"
EndProject
Project("{FAE04EC0-301F-11D3-BF4B-00C04F79EFBC}") = "Wavee.UI", "..\Wavee.UI\Wavee.UI.csproj", "{79407AF8-A015-4177-9AAE-ECD7581E38FB}"
EndProject
Global
	GlobalSection(SolutionConfigurationPlatforms) = preSolution
		Debug|Any CPU = Debug|Any CPU
		Debug|ARM64 = Debug|ARM64
		Debug|x64 = Debug|x64
		Debug|x86 = Debug|x86
		Release|Any CPU = Release|Any CPU
		Release|ARM64 = Release|ARM64
		Release|x64 = Release|x64
		Release|x86 = Release|x86
	EndGlobalSection
	GlobalSection(ProjectConfigurationPlatforms) = postSolution
		{EE923EC0-CEC6-4B4D-A015-5F181057EF3C}.Debug|Any CPU.ActiveCfg = Debug|x64
		{EE923EC0-CEC6-4B4D-A015-5F181057EF3C}.Debug|Any CPU.Build.0 = Debug|x64
		{EE923EC0-CEC6-4B4D-A015-5F181057EF3C}.Debug|Any CPU.Deploy.0 = Debug|x64
		{EE923EC0-CEC6-4B4D-A015-5F181057EF3C}.Debug|ARM64.ActiveCfg = Debug|ARM64
		{EE923EC0-CEC6-4B4D-A015-5F181057EF3C}.Debug|ARM64.Build.0 = Debug|ARM64
		{EE923EC0-CEC6-4B4D-A015-5F181057EF3C}.Debug|ARM64.Deploy.0 = Debug|ARM64
		{EE923EC0-CEC6-4B4D-A015-5F181057EF3C}.Debug|x64.ActiveCfg = Debug|x64
		{EE923EC0-CEC6-4B4D-A015-5F181057EF3C}.Debug|x64.Build.0 = Debug|x64
		{EE923EC0-CEC6-4B4D-A015-5F181057EF3C}.Debug|x64.Deploy.0 = Debug|x64
		{EE923EC0-CEC6-4B4D-A015-5F181057EF3C}.Debug|x86.ActiveCfg = Debug|x86
		{EE923EC0-CEC6-4B4D-A015-5F181057EF3C}.Debug|x86.Build.0 = Debug|x86
		{EE923EC0-CEC6-4B4D-A015-5F181057EF3C}.Debug|x86.Deploy.0 = Debug|x86
		{EE923EC0-CEC6-4B4D-A015-5F181057EF3C}.Release|Any CPU.ActiveCfg = Release|x64
		{EE923EC0-CEC6-4B4D-A015-5F181057EF3C}.Release|Any CPU.Build.0 = Release|x64
		{EE923EC0-CEC6-4B4D-A015-5F181057EF3C}.Release|Any CPU.Deploy.0 = Release|x64
		{EE923EC0-CEC6-4B4D-A015-5F181057EF3C}.Release|ARM64.ActiveCfg = Release|ARM64
		{EE923EC0-CEC6-4B4D-A015-5F181057EF3C}.Release|ARM64.Build.0 = Release|ARM64
		{EE923EC0-CEC6-4B4D-A015-5F181057EF3C}.Release|ARM64.Deploy.0 = Release|ARM64
		{EE923EC0-CEC6-4B4D-A015-5F181057EF3C}.Release|x64.ActiveCfg = Release|x64
		{EE923EC0-CEC6-4B4D-A015-5F181057EF3C}.Release|x64.Build.0 = Release|x64
		{EE923EC0-CEC6-4B4D-A015-5F181057EF3C}.Release|x64.Deploy.0 = Release|x64
		{EE923EC0-CEC6-4B4D-A015-5F181057EF3C}.Release|x86.ActiveCfg = Release|x86
		{EE923EC0-CEC6-4B4D-A015-5F181057EF3C}.Release|x86.Build.0 = Release|x86
		{EE923EC0-CEC6-4B4D-A015-5F181057EF3C}.Release|x86.Deploy.0 = Release|x86
		{C845F313-C320-4FE8-9037-CB585A73B848}.Debug|Any CPU.ActiveCfg = Debug|Any CPU
		{C845F313-C320-4FE8-9037-CB585A73B848}.Debug|Any CPU.Build.0 = Debug|Any CPU
		{C845F313-C320-4FE8-9037-CB585A73B848}.Debug|ARM64.ActiveCfg = Debug|Any CPU
		{C845F313-C320-4FE8-9037-CB585A73B848}.Debug|ARM64.Build.0 = Debug|Any CPU
		{C845F313-C320-4FE8-9037-CB585A73B848}.Debug|x64.ActiveCfg = Debug|Any CPU
		{C845F313-C320-4FE8-9037-CB585A73B848}.Debug|x64.Build.0 = Debug|Any CPU
		{C845F313-C320-4FE8-9037-CB585A73B848}.Debug|x86.ActiveCfg = Debug|Any CPU
		{C845F313-C320-4FE8-9037-CB585A73B848}.Debug|x86.Build.0 = Debug|Any CPU
		{C845F313-C320-4FE8-9037-CB585A73B848}.Release|Any CPU.ActiveCfg = Release|Any CPU
		{C845F313-C320-4FE8-9037-CB585A73B848}.Release|Any CPU.Build.0 = Release|Any CPU
		{C845F313-C320-4FE8-9037-CB585A73B848}.Release|ARM64.ActiveCfg = Release|Any CPU
		{C845F313-C320-4FE8-9037-CB585A73B848}.Release|ARM64.Build.0 = Release|Any CPU
		{C845F313-C320-4FE8-9037-CB585A73B848}.Release|x64.ActiveCfg = Release|Any CPU
		{C845F313-C320-4FE8-9037-CB585A73B848}.Release|x64.Build.0 = Release|Any CPU
		{C845F313-C320-4FE8-9037-CB585A73B848}.Release|x86.ActiveCfg = Release|Any CPU
		{C845F313-C320-4FE8-9037-CB585A73B848}.Release|x86.Build.0 = Release|Any CPU
		{CA9B0C62-B2AB-484F-A4B6-44BA25EE262E}.Debug|Any CPU.ActiveCfg = Debug|Any CPU
		{CA9B0C62-B2AB-484F-A4B6-44BA25EE262E}.Debug|Any CPU.Build.0 = Debug|Any CPU
		{CA9B0C62-B2AB-484F-A4B6-44BA25EE262E}.Debug|ARM64.ActiveCfg = Debug|Any CPU
		{CA9B0C62-B2AB-484F-A4B6-44BA25EE262E}.Debug|ARM64.Build.0 = Debug|Any CPU
		{CA9B0C62-B2AB-484F-A4B6-44BA25EE262E}.Debug|x64.ActiveCfg = Debug|Any CPU
		{CA9B0C62-B2AB-484F-A4B6-44BA25EE262E}.Debug|x64.Build.0 = Debug|Any CPU
		{CA9B0C62-B2AB-484F-A4B6-44BA25EE262E}.Debug|x86.ActiveCfg = Debug|Any CPU
		{CA9B0C62-B2AB-484F-A4B6-44BA25EE262E}.Debug|x86.Build.0 = Debug|Any CPU
		{CA9B0C62-B2AB-484F-A4B6-44BA25EE262E}.Release|Any CPU.ActiveCfg = Release|Any CPU
		{CA9B0C62-B2AB-484F-A4B6-44BA25EE262E}.Release|Any CPU.Build.0 = Release|Any CPU
		{CA9B0C62-B2AB-484F-A4B6-44BA25EE262E}.Release|ARM64.ActiveCfg = Release|Any CPU
		{CA9B0C62-B2AB-484F-A4B6-44BA25EE262E}.Release|ARM64.Build.0 = Release|Any CPU
		{CA9B0C62-B2AB-484F-A4B6-44BA25EE262E}.Release|x64.ActiveCfg = Release|Any CPU
		{CA9B0C62-B2AB-484F-A4B6-44BA25EE262E}.Release|x64.Build.0 = Release|Any CPU
		{CA9B0C62-B2AB-484F-A4B6-44BA25EE262E}.Release|x86.ActiveCfg = Release|Any CPU
		{CA9B0C62-B2AB-484F-A4B6-44BA25EE262E}.Release|x86.Build.0 = Release|Any CPU
		{FCD6D08D-300A-4CA4-A5AC-90D76068DDD0}.Debug|Any CPU.ActiveCfg = Debug|Any CPU
		{FCD6D08D-300A-4CA4-A5AC-90D76068DDD0}.Debug|Any CPU.Build.0 = Debug|Any CPU
		{FCD6D08D-300A-4CA4-A5AC-90D76068DDD0}.Debug|ARM64.ActiveCfg = Debug|Any CPU
		{FCD6D08D-300A-4CA4-A5AC-90D76068DDD0}.Debug|ARM64.Build.0 = Debug|Any CPU
		{FCD6D08D-300A-4CA4-A5AC-90D76068DDD0}.Debug|x64.ActiveCfg = Debug|Any CPU
		{FCD6D08D-300A-4CA4-A5AC-90D76068DDD0}.Debug|x64.Build.0 = Debug|Any CPU
		{FCD6D08D-300A-4CA4-A5AC-90D76068DDD0}.Debug|x86.ActiveCfg = Debug|Any CPU
		{FCD6D08D-300A-4CA4-A5AC-90D76068DDD0}.Debug|x86.Build.0 = Debug|Any CPU
		{FCD6D08D-300A-4CA4-A5AC-90D76068DDD0}.Release|Any CPU.ActiveCfg = Release|Any CPU
		{FCD6D08D-300A-4CA4-A5AC-90D76068DDD0}.Release|Any CPU.Build.0 = Release|Any CPU
		{FCD6D08D-300A-4CA4-A5AC-90D76068DDD0}.Release|ARM64.ActiveCfg = Release|Any CPU
		{FCD6D08D-300A-4CA4-A5AC-90D76068DDD0}.Release|ARM64.Build.0 = Release|Any CPU
		{FCD6D08D-300A-4CA4-A5AC-90D76068DDD0}.Release|x64.ActiveCfg = Release|Any CPU
		{FCD6D08D-300A-4CA4-A5AC-90D76068DDD0}.Release|x64.Build.0 = Release|Any CPU
		{FCD6D08D-300A-4CA4-A5AC-90D76068DDD0}.Release|x86.ActiveCfg = Release|Any CPU
		{FCD6D08D-300A-4CA4-A5AC-90D76068DDD0}.Release|x86.Build.0 = Release|Any CPU
		{259B68B3-A4E2-4D35-881D-F0D4A3CA0338}.Debug|Any CPU.ActiveCfg = Debug|Any CPU
		{259B68B3-A4E2-4D35-881D-F0D4A3CA0338}.Debug|Any CPU.Build.0 = Debug|Any CPU
		{259B68B3-A4E2-4D35-881D-F0D4A3CA0338}.Debug|ARM64.ActiveCfg = Debug|Any CPU
		{259B68B3-A4E2-4D35-881D-F0D4A3CA0338}.Debug|ARM64.Build.0 = Debug|Any CPU
		{259B68B3-A4E2-4D35-881D-F0D4A3CA0338}.Debug|x64.ActiveCfg = Debug|Any CPU
		{259B68B3-A4E2-4D35-881D-F0D4A3CA0338}.Debug|x64.Build.0 = Debug|Any CPU
		{259B68B3-A4E2-4D35-881D-F0D4A3CA0338}.Debug|x86.ActiveCfg = Debug|Any CPU
		{259B68B3-A4E2-4D35-881D-F0D4A3CA0338}.Debug|x86.Build.0 = Debug|Any CPU
		{259B68B3-A4E2-4D35-881D-F0D4A3CA0338}.Release|Any CPU.ActiveCfg = Release|Any CPU
		{259B68B3-A4E2-4D35-881D-F0D4A3CA0338}.Release|Any CPU.Build.0 = Release|Any CPU
		{259B68B3-A4E2-4D35-881D-F0D4A3CA0338}.Release|ARM64.ActiveCfg = Release|Any CPU
		{259B68B3-A4E2-4D35-881D-F0D4A3CA0338}.Release|ARM64.Build.0 = Release|Any CPU
		{259B68B3-A4E2-4D35-881D-F0D4A3CA0338}.Release|x64.ActiveCfg = Release|Any CPU
		{259B68B3-A4E2-4D35-881D-F0D4A3CA0338}.Release|x64.Build.0 = Release|Any CPU
		{259B68B3-A4E2-4D35-881D-F0D4A3CA0338}.Release|x86.ActiveCfg = Release|Any CPU
		{259B68B3-A4E2-4D35-881D-F0D4A3CA0338}.Release|x86.Build.0 = Release|Any CPU
		{63ABADD1-D3DF-4FA6-9216-3F8083BDD52C}.Debug|Any CPU.ActiveCfg = Debug|Any CPU
		{63ABADD1-D3DF-4FA6-9216-3F8083BDD52C}.Debug|Any CPU.Build.0 = Debug|Any CPU
		{63ABADD1-D3DF-4FA6-9216-3F8083BDD52C}.Debug|ARM64.ActiveCfg = Debug|Any CPU
		{63ABADD1-D3DF-4FA6-9216-3F8083BDD52C}.Debug|ARM64.Build.0 = Debug|Any CPU
		{63ABADD1-D3DF-4FA6-9216-3F8083BDD52C}.Debug|x64.ActiveCfg = Debug|Any CPU
		{63ABADD1-D3DF-4FA6-9216-3F8083BDD52C}.Debug|x64.Build.0 = Debug|Any CPU
		{63ABADD1-D3DF-4FA6-9216-3F8083BDD52C}.Debug|x86.ActiveCfg = Debug|Any CPU
		{63ABADD1-D3DF-4FA6-9216-3F8083BDD52C}.Debug|x86.Build.0 = Debug|Any CPU
		{63ABADD1-D3DF-4FA6-9216-3F8083BDD52C}.Release|Any CPU.ActiveCfg = Release|Any CPU
		{63ABADD1-D3DF-4FA6-9216-3F8083BDD52C}.Release|Any CPU.Build.0 = Release|Any CPU
		{63ABADD1-D3DF-4FA6-9216-3F8083BDD52C}.Release|ARM64.ActiveCfg = Release|Any CPU
		{63ABADD1-D3DF-4FA6-9216-3F8083BDD52C}.Release|ARM64.Build.0 = Release|Any CPU
		{63ABADD1-D3DF-4FA6-9216-3F8083BDD52C}.Release|x64.ActiveCfg = Release|Any CPU
		{63ABADD1-D3DF-4FA6-9216-3F8083BDD52C}.Release|x64.Build.0 = Release|Any CPU
		{63ABADD1-D3DF-4FA6-9216-3F8083BDD52C}.Release|x86.ActiveCfg = Release|Any CPU
		{63ABADD1-D3DF-4FA6-9216-3F8083BDD52C}.Release|x86.Build.0 = Release|Any CPU
		{0788AA64-4648-4AB5-ABB2-D12FB9AF9120}.Debug|Any CPU.ActiveCfg = Debug|Any CPU
		{0788AA64-4648-4AB5-ABB2-D12FB9AF9120}.Debug|Any CPU.Build.0 = Debug|Any CPU
		{0788AA64-4648-4AB5-ABB2-D12FB9AF9120}.Debug|ARM64.ActiveCfg = Debug|Any CPU
		{0788AA64-4648-4AB5-ABB2-D12FB9AF9120}.Debug|ARM64.Build.0 = Debug|Any CPU
		{0788AA64-4648-4AB5-ABB2-D12FB9AF9120}.Debug|x64.ActiveCfg = Debug|Any CPU
		{0788AA64-4648-4AB5-ABB2-D12FB9AF9120}.Debug|x64.Build.0 = Debug|Any CPU
		{0788AA64-4648-4AB5-ABB2-D12FB9AF9120}.Debug|x86.ActiveCfg = Debug|Any CPU
		{0788AA64-4648-4AB5-ABB2-D12FB9AF9120}.Debug|x86.Build.0 = Debug|Any CPU
		{0788AA64-4648-4AB5-ABB2-D12FB9AF9120}.Release|Any CPU.ActiveCfg = Release|Any CPU
		{0788AA64-4648-4AB5-ABB2-D12FB9AF9120}.Release|Any CPU.Build.0 = Release|Any CPU
		{0788AA64-4648-4AB5-ABB2-D12FB9AF9120}.Release|ARM64.ActiveCfg = Release|Any CPU
		{0788AA64-4648-4AB5-ABB2-D12FB9AF9120}.Release|ARM64.Build.0 = Release|Any CPU
		{0788AA64-4648-4AB5-ABB2-D12FB9AF9120}.Release|x64.ActiveCfg = Release|Any CPU
		{0788AA64-4648-4AB5-ABB2-D12FB9AF9120}.Release|x64.Build.0 = Release|Any CPU
		{0788AA64-4648-4AB5-ABB2-D12FB9AF9120}.Release|x86.ActiveCfg = Release|Any CPU
		{0788AA64-4648-4AB5-ABB2-D12FB9AF9120}.Release|x86.Build.0 = Release|Any CPU
		{13A9ECB5-A087-4860-9197-464AF49A7E93}.Debug|Any CPU.ActiveCfg = Debug|Any CPU
		{13A9ECB5-A087-4860-9197-464AF49A7E93}.Debug|Any CPU.Build.0 = Debug|Any CPU
		{13A9ECB5-A087-4860-9197-464AF49A7E93}.Debug|ARM64.ActiveCfg = Debug|Any CPU
		{13A9ECB5-A087-4860-9197-464AF49A7E93}.Debug|ARM64.Build.0 = Debug|Any CPU
		{13A9ECB5-A087-4860-9197-464AF49A7E93}.Debug|x64.ActiveCfg = Debug|Any CPU
		{13A9ECB5-A087-4860-9197-464AF49A7E93}.Debug|x64.Build.0 = Debug|Any CPU
		{13A9ECB5-A087-4860-9197-464AF49A7E93}.Debug|x86.ActiveCfg = Debug|Any CPU
		{13A9ECB5-A087-4860-9197-464AF49A7E93}.Debug|x86.Build.0 = Debug|Any CPU
		{13A9ECB5-A087-4860-9197-464AF49A7E93}.Release|Any CPU.ActiveCfg = Release|Any CPU
		{13A9ECB5-A087-4860-9197-464AF49A7E93}.Release|Any CPU.Build.0 = Release|Any CPU
		{13A9ECB5-A087-4860-9197-464AF49A7E93}.Release|ARM64.ActiveCfg = Release|Any CPU
		{13A9ECB5-A087-4860-9197-464AF49A7E93}.Release|ARM64.Build.0 = Release|Any CPU
		{13A9ECB5-A087-4860-9197-464AF49A7E93}.Release|x64.ActiveCfg = Release|Any CPU
		{13A9ECB5-A087-4860-9197-464AF49A7E93}.Release|x64.Build.0 = Release|Any CPU
		{13A9ECB5-A087-4860-9197-464AF49A7E93}.Release|x86.ActiveCfg = Release|Any CPU
		{13A9ECB5-A087-4860-9197-464AF49A7E93}.Release|x86.Build.0 = Release|Any CPU
		{17BA01FA-159C-431E-9D15-564C7FF06DA9}.Debug|Any CPU.ActiveCfg = Debug|Any CPU
		{17BA01FA-159C-431E-9D15-564C7FF06DA9}.Debug|Any CPU.Build.0 = Debug|Any CPU
		{17BA01FA-159C-431E-9D15-564C7FF06DA9}.Debug|ARM64.ActiveCfg = Debug|Any CPU
		{17BA01FA-159C-431E-9D15-564C7FF06DA9}.Debug|ARM64.Build.0 = Debug|Any CPU
		{17BA01FA-159C-431E-9D15-564C7FF06DA9}.Debug|x64.ActiveCfg = Debug|Any CPU
		{17BA01FA-159C-431E-9D15-564C7FF06DA9}.Debug|x64.Build.0 = Debug|Any CPU
		{17BA01FA-159C-431E-9D15-564C7FF06DA9}.Debug|x86.ActiveCfg = Debug|Any CPU
		{17BA01FA-159C-431E-9D15-564C7FF06DA9}.Debug|x86.Build.0 = Debug|Any CPU
		{17BA01FA-159C-431E-9D15-564C7FF06DA9}.Release|Any CPU.ActiveCfg = Release|Any CPU
		{17BA01FA-159C-431E-9D15-564C7FF06DA9}.Release|Any CPU.Build.0 = Release|Any CPU
		{17BA01FA-159C-431E-9D15-564C7FF06DA9}.Release|ARM64.ActiveCfg = Release|Any CPU
		{17BA01FA-159C-431E-9D15-564C7FF06DA9}.Release|ARM64.Build.0 = Release|Any CPU
		{17BA01FA-159C-431E-9D15-564C7FF06DA9}.Release|x64.ActiveCfg = Release|Any CPU
		{17BA01FA-159C-431E-9D15-564C7FF06DA9}.Release|x64.Build.0 = Release|Any CPU
		{17BA01FA-159C-431E-9D15-564C7FF06DA9}.Release|x86.ActiveCfg = Release|Any CPU
		{17BA01FA-159C-431E-9D15-564C7FF06DA9}.Release|x86.Build.0 = Release|Any CPU
		{79407AF8-A015-4177-9AAE-ECD7581E38FB}.Debug|Any CPU.ActiveCfg = Debug|Any CPU
		{79407AF8-A015-4177-9AAE-ECD7581E38FB}.Debug|Any CPU.Build.0 = Debug|Any CPU
		{79407AF8-A015-4177-9AAE-ECD7581E38FB}.Debug|ARM64.ActiveCfg = Debug|Any CPU
		{79407AF8-A015-4177-9AAE-ECD7581E38FB}.Debug|ARM64.Build.0 = Debug|Any CPU
		{79407AF8-A015-4177-9AAE-ECD7581E38FB}.Debug|x64.ActiveCfg = Debug|Any CPU
		{79407AF8-A015-4177-9AAE-ECD7581E38FB}.Debug|x64.Build.0 = Debug|Any CPU
		{79407AF8-A015-4177-9AAE-ECD7581E38FB}.Debug|x86.ActiveCfg = Debug|Any CPU
		{79407AF8-A015-4177-9AAE-ECD7581E38FB}.Debug|x86.Build.0 = Debug|Any CPU
		{79407AF8-A015-4177-9AAE-ECD7581E38FB}.Release|Any CPU.ActiveCfg = Release|Any CPU
		{79407AF8-A015-4177-9AAE-ECD7581E38FB}.Release|Any CPU.Build.0 = Release|Any CPU
		{79407AF8-A015-4177-9AAE-ECD7581E38FB}.Release|ARM64.ActiveCfg = Release|Any CPU
		{79407AF8-A015-4177-9AAE-ECD7581E38FB}.Release|ARM64.Build.0 = Release|Any CPU
		{79407AF8-A015-4177-9AAE-ECD7581E38FB}.Release|x64.ActiveCfg = Release|Any CPU
		{79407AF8-A015-4177-9AAE-ECD7581E38FB}.Release|x64.Build.0 = Release|Any CPU
		{79407AF8-A015-4177-9AAE-ECD7581E38FB}.Release|x86.ActiveCfg = Release|Any CPU
		{79407AF8-A015-4177-9AAE-ECD7581E38FB}.Release|x86.Build.0 = Release|Any CPU
	EndGlobalSection
	GlobalSection(SolutionProperties) = preSolution
		HideSolutionNode = FALSE
	EndGlobalSection
	GlobalSection(NestedProjects) = preSolution
		{C845F313-C320-4FE8-9037-CB585A73B848} = {997055F4-BCBE-4E91-8379-F75DAE0E5D3D}
		{CA9B0C62-B2AB-484F-A4B6-44BA25EE262E} = {997055F4-BCBE-4E91-8379-F75DAE0E5D3D}
		{FCD6D08D-300A-4CA4-A5AC-90D76068DDD0} = {D7A4A09A-CEC9-424F-9300-96AF8803326D}
		{259B68B3-A4E2-4D35-881D-F0D4A3CA0338} = {D7A4A09A-CEC9-424F-9300-96AF8803326D}
		{63ABADD1-D3DF-4FA6-9216-3F8083BDD52C} = {D7A4A09A-CEC9-424F-9300-96AF8803326D}
		{0788AA64-4648-4AB5-ABB2-D12FB9AF9120} = {D7A4A09A-CEC9-424F-9300-96AF8803326D}
		{13A9ECB5-A087-4860-9197-464AF49A7E93} = {D7A4A09A-CEC9-424F-9300-96AF8803326D}
		{17BA01FA-159C-431E-9D15-564C7FF06DA9} = {997055F4-BCBE-4E91-8379-F75DAE0E5D3D}
	EndGlobalSection
	GlobalSection(ExtensibilityGlobals) = postSolution
		SolutionGuid = {07C277A0-8D62-4E12-A50A-E0EB9025D423}
	EndGlobalSection
EndGlobal
