
Microsoft Visual Studio Solution File, Format Version 12.00
Project("{FAE04EC0-301F-11D3-BF4B-00C04F79EFBC}") = "Wavee", "Wavee.csproj", "{8AE50FD4-995E-452C-989B-F9A9ACF98FF5}"
EndProject
Project("{FAE04EC0-301F-11D3-BF4B-00C04F79EFBC}") = "Wavee.Spotify", "..\Wavee.Spotify\Wavee.Spotify.csproj", "{549CC105-6784-4DE0-80DE-FCEEADCE2EDD}"
EndProject
Project("{FAE04EC0-301F-11D3-BF4B-00C04F79EFBC}") = "Wavee.Spotify.Proto", "..\Wavee.Spotify.Proto\Wavee.Spotify.Proto.csproj", "{CABA0A02-61CB-41EA-B4F3-57A49540B0BF}"
EndProject
Project("{FAE04EC0-301F-11D3-BF4B-00C04F79EFBC}") = "Wavee.Spotify.ConsoleTests", "..\Wavee.Spotify.ConsoleTests\Wavee.Spotify.ConsoleTests.csproj", "{5F34F46F-F97E-4855-9E0B-650D4FDE19EB}"
EndProject
Global
	GlobalSection(SolutionConfigurationPlatforms) = preSolution
		Debug|Any CPU = Debug|Any CPU
		Release|Any CPU = Release|Any CPU
	EndGlobalSection
	GlobalSection(ProjectConfigurationPlatforms) = postSolution
		{8AE50FD4-995E-452C-989B-F9A9ACF98FF5}.Debug|Any CPU.ActiveCfg = Debug|Any CPU
		{8AE50FD4-995E-452C-989B-F9A9ACF98FF5}.Debug|Any CPU.Build.0 = Debug|Any CPU
		{8AE50FD4-995E-452C-989B-F9A9ACF98FF5}.Release|Any CPU.ActiveCfg = Release|Any CPU
		{8AE50FD4-995E-452C-989B-F9A9ACF98FF5}.Release|Any CPU.Build.0 = Release|Any CPU
		{549CC105-6784-4DE0-80DE-FCEEADCE2EDD}.Debug|Any CPU.ActiveCfg = Debug|Any CPU
		{549CC105-6784-4DE0-80DE-FCEEADCE2EDD}.Debug|Any CPU.Build.0 = Debug|Any CPU
		{549CC105-6784-4DE0-80DE-FCEEADCE2EDD}.Release|Any CPU.ActiveCfg = Release|Any CPU
		{549CC105-6784-4DE0-80DE-FCEEADCE2EDD}.Release|Any CPU.Build.0 = Release|Any CPU
		{CABA0A02-61CB-41EA-B4F3-57A49540B0BF}.Debug|Any CPU.ActiveCfg = Debug|Any CPU
		{CABA0A02-61CB-41EA-B4F3-57A49540B0BF}.Debug|Any CPU.Build.0 = Debug|Any CPU
		{CABA0A02-61CB-41EA-B4F3-57A49540B0BF}.Release|Any CPU.ActiveCfg = Release|Any CPU
		{CABA0A02-61CB-41EA-B4F3-57A49540B0BF}.Release|Any CPU.Build.0 = Release|Any CPU
		{5F34F46F-F97E-4855-9E0B-650D4FDE19EB}.Debug|Any CPU.ActiveCfg = Debug|Any CPU
		{5F34F46F-F97E-4855-9E0B-650D4FDE19EB}.Debug|Any CPU.Build.0 = Debug|Any CPU
		{5F34F46F-F97E-4855-9E0B-650D4FDE19EB}.Release|Any CPU.ActiveCfg = Release|Any CPU
		{5F34F46F-F97E-4855-9E0B-650D4FDE19EB}.Release|Any CPU.Build.0 = Release|Any CPU
	EndGlobalSection
EndGlobal
