
Microsoft Visual Studio Solution File, Format Version 12.00
Project("{FAE04EC0-301F-11D3-BF4B-00C04F79EFBC}") = "Wavee.Sinks.Bass", "Wavee.Sinks.Bass.csproj", "{946C4689-A338-4235-8747-6DF9723BAC9F}"
EndProject
Project("{FAE04EC0-301F-11D3-BF4B-00C04F79EFBC}") = "BassTest", "..\BassTest\BassTest.csproj", "{4BF3F132-EBC7-444E-A0CC-BF46D89052CE}"
EndProject
Global
	GlobalSection(SolutionConfigurationPlatforms) = preSolution
		Debug|Any CPU = Debug|Any CPU
		Release|Any CPU = Release|Any CPU
	EndGlobalSection
	GlobalSection(ProjectConfigurationPlatforms) = postSolution
		{946C4689-A338-4235-8747-6DF9723BAC9F}.Debug|Any CPU.ActiveCfg = Debug|Any CPU
		{946C4689-A338-4235-8747-6DF9723BAC9F}.Debug|Any CPU.Build.0 = Debug|Any CPU
		{946C4689-A338-4235-8747-6DF9723BAC9F}.Release|Any CPU.ActiveCfg = Release|Any CPU
		{946C4689-A338-4235-8747-6DF9723BAC9F}.Release|Any CPU.Build.0 = Release|Any CPU
		{4BF3F132-EBC7-444E-A0CC-BF46D89052CE}.Debug|Any CPU.ActiveCfg = Debug|Any CPU
		{4BF3F132-EBC7-444E-A0CC-BF46D89052CE}.Debug|Any CPU.Build.0 = Debug|Any CPU
		{4BF3F132-EBC7-444E-A0CC-BF46D89052CE}.Release|Any CPU.ActiveCfg = Release|Any CPU
		{4BF3F132-EBC7-444E-A0CC-BF46D89052CE}.Release|Any CPU.Build.0 = Release|Any CPU
	EndGlobalSection
EndGlobal
