
Microsoft Visual Studio Solution File, Format Version 12.00
Project("{FAE04EC0-301F-11D3-BF4B-00C04F79EFBC}") = "Wavee", "Wavee.csproj", "{0CEF2B6A-698F-4E66-8644-FA51B5DD6228}"
EndProject
Project("{FAE04EC0-301F-11D3-BF4B-00C04F79EFBC}") = "Wavee.Spotify", "..\Wavee.Spotify\Wavee.Spotify.csproj", "{C799E5BB-D7CE-4C48-B7EB-EBD97443F88E}"
EndProject
Project("{FAE04EC0-301F-11D3-BF4B-00C04F79EFBC}") = "Wavee.Spotify.Proto", "..\Wavee.Spotify.Proto\Wavee.Spotify.Proto.csproj", "{087A8613-801B-4667-9BB4-8E11CF9CADCE}"
EndProject
Project("{FAE04EC0-301F-11D3-BF4B-00C04F79EFBC}") = "ConsoleTest", "..\ConsoleTest\ConsoleTest.csproj", "{8D1350FA-7655-48E8-8F71-1DD4ADCFAFC9}"
EndProject
Project("{FAE04EC0-301F-11D3-BF4B-00C04F79EFBC}") = "Wavee.Spotify.Playback", "..\Wavee.Spotify.Playback\Wavee.Spotify.Playback.csproj", "{13E59F89-D147-467B-8030-419B22ACA353}"
EndProject
Project("{FAE04EC0-301F-11D3-BF4B-00C04F79EFBC}") = "Wavee.Spotify.Remote", "..\Wavee.Spotify.Remote\Wavee.Spotify.Remote.csproj", "{C8896266-9776-4F4F-83CB-08CC2A1031C3}"
EndProject
Global
	GlobalSection(SolutionConfigurationPlatforms) = preSolution
		Debug|Any CPU = Debug|Any CPU
		Release|Any CPU = Release|Any CPU
	EndGlobalSection
	GlobalSection(ProjectConfigurationPlatforms) = postSolution
		{0CEF2B6A-698F-4E66-8644-FA51B5DD6228}.Debug|Any CPU.ActiveCfg = Debug|Any CPU
		{0CEF2B6A-698F-4E66-8644-FA51B5DD6228}.Debug|Any CPU.Build.0 = Debug|Any CPU
		{0CEF2B6A-698F-4E66-8644-FA51B5DD6228}.Release|Any CPU.ActiveCfg = Release|Any CPU
		{0CEF2B6A-698F-4E66-8644-FA51B5DD6228}.Release|Any CPU.Build.0 = Release|Any CPU
		{C799E5BB-D7CE-4C48-B7EB-EBD97443F88E}.Debug|Any CPU.ActiveCfg = Debug|Any CPU
		{C799E5BB-D7CE-4C48-B7EB-EBD97443F88E}.Debug|Any CPU.Build.0 = Debug|Any CPU
		{C799E5BB-D7CE-4C48-B7EB-EBD97443F88E}.Release|Any CPU.ActiveCfg = Release|Any CPU
		{C799E5BB-D7CE-4C48-B7EB-EBD97443F88E}.Release|Any CPU.Build.0 = Release|Any CPU
		{087A8613-801B-4667-9BB4-8E11CF9CADCE}.Debug|Any CPU.ActiveCfg = Debug|Any CPU
		{087A8613-801B-4667-9BB4-8E11CF9CADCE}.Debug|Any CPU.Build.0 = Debug|Any CPU
		{087A8613-801B-4667-9BB4-8E11CF9CADCE}.Release|Any CPU.ActiveCfg = Release|Any CPU
		{087A8613-801B-4667-9BB4-8E11CF9CADCE}.Release|Any CPU.Build.0 = Release|Any CPU
		{8D1350FA-7655-48E8-8F71-1DD4ADCFAFC9}.Debug|Any CPU.ActiveCfg = Debug|Any CPU
		{8D1350FA-7655-48E8-8F71-1DD4ADCFAFC9}.Debug|Any CPU.Build.0 = Debug|Any CPU
		{8D1350FA-7655-48E8-8F71-1DD4ADCFAFC9}.Release|Any CPU.ActiveCfg = Release|Any CPU
		{8D1350FA-7655-48E8-8F71-1DD4ADCFAFC9}.Release|Any CPU.Build.0 = Release|Any CPU
		{13E59F89-D147-467B-8030-419B22ACA353}.Debug|Any CPU.ActiveCfg = Debug|Any CPU
		{13E59F89-D147-467B-8030-419B22ACA353}.Debug|Any CPU.Build.0 = Debug|Any CPU
		{13E59F89-D147-467B-8030-419B22ACA353}.Release|Any CPU.ActiveCfg = Release|Any CPU
		{13E59F89-D147-467B-8030-419B22ACA353}.Release|Any CPU.Build.0 = Release|Any CPU
		{C8896266-9776-4F4F-83CB-08CC2A1031C3}.Debug|Any CPU.ActiveCfg = Debug|Any CPU
		{C8896266-9776-4F4F-83CB-08CC2A1031C3}.Debug|Any CPU.Build.0 = Debug|Any CPU
		{C8896266-9776-4F4F-83CB-08CC2A1031C3}.Release|Any CPU.ActiveCfg = Release|Any CPU
		{C8896266-9776-4F4F-83CB-08CC2A1031C3}.Release|Any CPU.Build.0 = Release|Any CPU
	EndGlobalSection
EndGlobal
