
Microsoft Visual Studio Solution File, Format Version 12.00
# Visual Studio Version 17
VisualStudioVersion = 17.7.33711.374
MinimumVisualStudioVersion = 10.0.40219.1
Project("{FAE04EC0-301F-11D3-BF4B-00C04F79EFBC}") = "Wavee.UI.WinUI", "Wavee.UI.WinUI.csproj", "{77435FD4-6B6A-4FF6-9AD1-896CD815E9E4}"
EndProject
Project("{FAE04EC0-301F-11D3-BF4B-00C04F79EFBC}") = "Wavee.UI", "..\Wavee.UI\Wavee.UI.csproj", "{1C0F5F9C-E506-47ED-91E5-FF1F1E0C6A22}"
EndProject
Project("{FAE04EC0-301F-11D3-BF4B-00C04F79EFBC}") = "Wavee.Helpers", "..\..\lib\Wavee.Helpers\Wavee.Helpers.csproj", "{2B3B6456-1FE8-4C50-B562-C289C0003F2B}"
EndProject
Project("{9A19103F-16F7-4668-BE54-9A1E7A4F7556}") = "Wavee.Spotify.Proto", "..\..\lib\Wavee.Spotify.Proto\Wavee.Spotify.Proto.csproj", "{A973F64C-C65B-4126-8776-104CA4EA0FA3}"
EndProject
Project("{9A19103F-16F7-4668-BE54-9A1E7A4F7556}") = "Wavee.Core", "..\..\lib\Wavee.Core\Wavee.Core.csproj", "{34C1E6D4-09A0-4623-9C11-69E6ED88CF21}"
EndProject
Project("{9A19103F-16F7-4668-BE54-9A1E7A4F7556}") = "Wavee.Spotify", "..\..\lib\Wavee.Spotify\Wavee.Spotify.csproj", "{C27A1911-3D4B-4EF7-9338-DEFE6F91D696}"
EndProject
Project("{2150E333-8FDC-42A3-9474-1A3956D46DE8}") = "Lib", "Lib", "{C0AE65BD-1610-4760-9105-E13C71A1E6ED}"
EndProject
Project("{9A19103F-16F7-4668-BE54-9A1E7A4F7556}") = "AesCtrBouncyCastle", "..\..\lib\AesCtrBouncyCastle\AesCtrBouncyCastle.csproj", "{7817ACEC-6B0E-42D5-8A50-EBF5E315E633}"
EndProject
Global
	GlobalSection(SolutionConfigurationPlatforms) = preSolution
		Debug|Any CPU = Debug|Any CPU
		Debug|ARM64 = Debug|ARM64
		Debug|x64 = Debug|x64
		Debug|x86 = Debug|x86
		Release|Any CPU = Release|Any CPU
		Release|ARM64 = Release|ARM64
		Release|x64 = Release|x64
		Release|x86 = Release|x86
	EndGlobalSection
	GlobalSection(ProjectConfigurationPlatforms) = postSolution
		{77435FD4-6B6A-4FF6-9AD1-896CD815E9E4}.Debug|Any CPU.ActiveCfg = Debug|x64
		{77435FD4-6B6A-4FF6-9AD1-896CD815E9E4}.Debug|Any CPU.Build.0 = Debug|x64
		{77435FD4-6B6A-4FF6-9AD1-896CD815E9E4}.Debug|Any CPU.Deploy.0 = Debug|x64
		{77435FD4-6B6A-4FF6-9AD1-896CD815E9E4}.Debug|ARM64.ActiveCfg = Debug|ARM64
		{77435FD4-6B6A-4FF6-9AD1-896CD815E9E4}.Debug|ARM64.Build.0 = Debug|ARM64
		{77435FD4-6B6A-4FF6-9AD1-896CD815E9E4}.Debug|ARM64.Deploy.0 = Debug|ARM64
		{77435FD4-6B6A-4FF6-9AD1-896CD815E9E4}.Debug|x64.ActiveCfg = Debug|x64
		{77435FD4-6B6A-4FF6-9AD1-896CD815E9E4}.Debug|x64.Build.0 = Debug|x64
		{77435FD4-6B6A-4FF6-9AD1-896CD815E9E4}.Debug|x64.Deploy.0 = Debug|x64
		{77435FD4-6B6A-4FF6-9AD1-896CD815E9E4}.Debug|x86.ActiveCfg = Debug|x86
		{77435FD4-6B6A-4FF6-9AD1-896CD815E9E4}.Debug|x86.Build.0 = Debug|x86
		{77435FD4-6B6A-4FF6-9AD1-896CD815E9E4}.Debug|x86.Deploy.0 = Debug|x86
		{77435FD4-6B6A-4FF6-9AD1-896CD815E9E4}.Release|Any CPU.ActiveCfg = Release|x64
		{77435FD4-6B6A-4FF6-9AD1-896CD815E9E4}.Release|Any CPU.Build.0 = Release|x64
		{77435FD4-6B6A-4FF6-9AD1-896CD815E9E4}.Release|Any CPU.Deploy.0 = Release|x64
		{77435FD4-6B6A-4FF6-9AD1-896CD815E9E4}.Release|ARM64.ActiveCfg = Release|ARM64
		{77435FD4-6B6A-4FF6-9AD1-896CD815E9E4}.Release|ARM64.Build.0 = Release|ARM64
		{77435FD4-6B6A-4FF6-9AD1-896CD815E9E4}.Release|ARM64.Deploy.0 = Release|ARM64
		{77435FD4-6B6A-4FF6-9AD1-896CD815E9E4}.Release|x64.ActiveCfg = Release|x64
		{77435FD4-6B6A-4FF6-9AD1-896CD815E9E4}.Release|x64.Build.0 = Release|x64
		{77435FD4-6B6A-4FF6-9AD1-896CD815E9E4}.Release|x64.Deploy.0 = Release|x64
		{77435FD4-6B6A-4FF6-9AD1-896CD815E9E4}.Release|x86.ActiveCfg = Release|x86
		{77435FD4-6B6A-4FF6-9AD1-896CD815E9E4}.Release|x86.Build.0 = Release|x86
		{77435FD4-6B6A-4FF6-9AD1-896CD815E9E4}.Release|x86.Deploy.0 = Release|x86
		{1C0F5F9C-E506-47ED-91E5-FF1F1E0C6A22}.Debug|Any CPU.ActiveCfg = Debug|Any CPU
		{1C0F5F9C-E506-47ED-91E5-FF1F1E0C6A22}.Debug|Any CPU.Build.0 = Debug|Any CPU
		{1C0F5F9C-E506-47ED-91E5-FF1F1E0C6A22}.Debug|ARM64.ActiveCfg = Debug|Any CPU
		{1C0F5F9C-E506-47ED-91E5-FF1F1E0C6A22}.Debug|ARM64.Build.0 = Debug|Any CPU
		{1C0F5F9C-E506-47ED-91E5-FF1F1E0C6A22}.Debug|x64.ActiveCfg = Debug|Any CPU
		{1C0F5F9C-E506-47ED-91E5-FF1F1E0C6A22}.Debug|x64.Build.0 = Debug|Any CPU
		{1C0F5F9C-E506-47ED-91E5-FF1F1E0C6A22}.Debug|x86.ActiveCfg = Debug|Any CPU
		{1C0F5F9C-E506-47ED-91E5-FF1F1E0C6A22}.Debug|x86.Build.0 = Debug|Any CPU
		{1C0F5F9C-E506-47ED-91E5-FF1F1E0C6A22}.Release|Any CPU.ActiveCfg = Release|Any CPU
		{1C0F5F9C-E506-47ED-91E5-FF1F1E0C6A22}.Release|Any CPU.Build.0 = Release|Any CPU
		{1C0F5F9C-E506-47ED-91E5-FF1F1E0C6A22}.Release|ARM64.ActiveCfg = Release|Any CPU
		{1C0F5F9C-E506-47ED-91E5-FF1F1E0C6A22}.Release|ARM64.Build.0 = Release|Any CPU
		{1C0F5F9C-E506-47ED-91E5-FF1F1E0C6A22}.Release|x64.ActiveCfg = Release|Any CPU
		{1C0F5F9C-E506-47ED-91E5-FF1F1E0C6A22}.Release|x64.Build.0 = Release|Any CPU
		{1C0F5F9C-E506-47ED-91E5-FF1F1E0C6A22}.Release|x86.ActiveCfg = Release|Any CPU
		{1C0F5F9C-E506-47ED-91E5-FF1F1E0C6A22}.Release|x86.Build.0 = Release|Any CPU
		{2B3B6456-1FE8-4C50-B562-C289C0003F2B}.Debug|Any CPU.ActiveCfg = Debug|Any CPU
		{2B3B6456-1FE8-4C50-B562-C289C0003F2B}.Debug|Any CPU.Build.0 = Debug|Any CPU
		{2B3B6456-1FE8-4C50-B562-C289C0003F2B}.Debug|ARM64.ActiveCfg = Debug|Any CPU
		{2B3B6456-1FE8-4C50-B562-C289C0003F2B}.Debug|ARM64.Build.0 = Debug|Any CPU
		{2B3B6456-1FE8-4C50-B562-C289C0003F2B}.Debug|x64.ActiveCfg = Debug|Any CPU
		{2B3B6456-1FE8-4C50-B562-C289C0003F2B}.Debug|x64.Build.0 = Debug|Any CPU
		{2B3B6456-1FE8-4C50-B562-C289C0003F2B}.Debug|x86.ActiveCfg = Debug|Any CPU
		{2B3B6456-1FE8-4C50-B562-C289C0003F2B}.Debug|x86.Build.0 = Debug|Any CPU
		{2B3B6456-1FE8-4C50-B562-C289C0003F2B}.Release|Any CPU.ActiveCfg = Release|Any CPU
		{2B3B6456-1FE8-4C50-B562-C289C0003F2B}.Release|Any CPU.Build.0 = Release|Any CPU
		{2B3B6456-1FE8-4C50-B562-C289C0003F2B}.Release|ARM64.ActiveCfg = Release|Any CPU
		{2B3B6456-1FE8-4C50-B562-C289C0003F2B}.Release|ARM64.Build.0 = Release|Any CPU
		{2B3B6456-1FE8-4C50-B562-C289C0003F2B}.Release|x64.ActiveCfg = Release|Any CPU
		{2B3B6456-1FE8-4C50-B562-C289C0003F2B}.Release|x64.Build.0 = Release|Any CPU
		{2B3B6456-1FE8-4C50-B562-C289C0003F2B}.Release|x86.ActiveCfg = Release|Any CPU
		{2B3B6456-1FE8-4C50-B562-C289C0003F2B}.Release|x86.Build.0 = Release|Any CPU
		{A973F64C-C65B-4126-8776-104CA4EA0FA3}.Debug|Any CPU.ActiveCfg = Debug|Any CPU
		{A973F64C-C65B-4126-8776-104CA4EA0FA3}.Debug|Any CPU.Build.0 = Debug|Any CPU
		{A973F64C-C65B-4126-8776-104CA4EA0FA3}.Debug|ARM64.ActiveCfg = Debug|Any CPU
		{A973F64C-C65B-4126-8776-104CA4EA0FA3}.Debug|ARM64.Build.0 = Debug|Any CPU
		{A973F64C-C65B-4126-8776-104CA4EA0FA3}.Debug|x64.ActiveCfg = Debug|Any CPU
		{A973F64C-C65B-4126-8776-104CA4EA0FA3}.Debug|x64.Build.0 = Debug|Any CPU
		{A973F64C-C65B-4126-8776-104CA4EA0FA3}.Debug|x86.ActiveCfg = Debug|Any CPU
		{A973F64C-C65B-4126-8776-104CA4EA0FA3}.Debug|x86.Build.0 = Debug|Any CPU
		{A973F64C-C65B-4126-8776-104CA4EA0FA3}.Release|Any CPU.ActiveCfg = Release|Any CPU
		{A973F64C-C65B-4126-8776-104CA4EA0FA3}.Release|Any CPU.Build.0 = Release|Any CPU
		{A973F64C-C65B-4126-8776-104CA4EA0FA3}.Release|ARM64.ActiveCfg = Release|Any CPU
		{A973F64C-C65B-4126-8776-104CA4EA0FA3}.Release|ARM64.Build.0 = Release|Any CPU
		{A973F64C-C65B-4126-8776-104CA4EA0FA3}.Release|x64.ActiveCfg = Release|Any CPU
		{A973F64C-C65B-4126-8776-104CA4EA0FA3}.Release|x64.Build.0 = Release|Any CPU
		{A973F64C-C65B-4126-8776-104CA4EA0FA3}.Release|x86.ActiveCfg = Release|Any CPU
		{A973F64C-C65B-4126-8776-104CA4EA0FA3}.Release|x86.Build.0 = Release|Any CPU
		{34C1E6D4-09A0-4623-9C11-69E6ED88CF21}.Debug|Any CPU.ActiveCfg = Debug|Any CPU
		{34C1E6D4-09A0-4623-9C11-69E6ED88CF21}.Debug|Any CPU.Build.0 = Debug|Any CPU
		{34C1E6D4-09A0-4623-9C11-69E6ED88CF21}.Debug|ARM64.ActiveCfg = Debug|Any CPU
		{34C1E6D4-09A0-4623-9C11-69E6ED88CF21}.Debug|ARM64.Build.0 = Debug|Any CPU
		{34C1E6D4-09A0-4623-9C11-69E6ED88CF21}.Debug|x64.ActiveCfg = Debug|Any CPU
		{34C1E6D4-09A0-4623-9C11-69E6ED88CF21}.Debug|x64.Build.0 = Debug|Any CPU
		{34C1E6D4-09A0-4623-9C11-69E6ED88CF21}.Debug|x86.ActiveCfg = Debug|Any CPU
		{34C1E6D4-09A0-4623-9C11-69E6ED88CF21}.Debug|x86.Build.0 = Debug|Any CPU
		{34C1E6D4-09A0-4623-9C11-69E6ED88CF21}.Release|Any CPU.ActiveCfg = Release|Any CPU
		{34C1E6D4-09A0-4623-9C11-69E6ED88CF21}.Release|Any CPU.Build.0 = Release|Any CPU
		{34C1E6D4-09A0-4623-9C11-69E6ED88CF21}.Release|ARM64.ActiveCfg = Release|Any CPU
		{34C1E6D4-09A0-4623-9C11-69E6ED88CF21}.Release|ARM64.Build.0 = Release|Any CPU
		{34C1E6D4-09A0-4623-9C11-69E6ED88CF21}.Release|x64.ActiveCfg = Release|Any CPU
		{34C1E6D4-09A0-4623-9C11-69E6ED88CF21}.Release|x64.Build.0 = Release|Any CPU
		{34C1E6D4-09A0-4623-9C11-69E6ED88CF21}.Release|x86.ActiveCfg = Release|Any CPU
		{34C1E6D4-09A0-4623-9C11-69E6ED88CF21}.Release|x86.Build.0 = Release|Any CPU
		{C27A1911-3D4B-4EF7-9338-DEFE6F91D696}.Debug|Any CPU.ActiveCfg = Debug|Any CPU
		{C27A1911-3D4B-4EF7-9338-DEFE6F91D696}.Debug|Any CPU.Build.0 = Debug|Any CPU
		{C27A1911-3D4B-4EF7-9338-DEFE6F91D696}.Debug|ARM64.ActiveCfg = Debug|Any CPU
		{C27A1911-3D4B-4EF7-9338-DEFE6F91D696}.Debug|ARM64.Build.0 = Debug|Any CPU
		{C27A1911-3D4B-4EF7-9338-DEFE6F91D696}.Debug|x64.ActiveCfg = Debug|Any CPU
		{C27A1911-3D4B-4EF7-9338-DEFE6F91D696}.Debug|x64.Build.0 = Debug|Any CPU
		{C27A1911-3D4B-4EF7-9338-DEFE6F91D696}.Debug|x86.ActiveCfg = Debug|Any CPU
		{C27A1911-3D4B-4EF7-9338-DEFE6F91D696}.Debug|x86.Build.0 = Debug|Any CPU
		{C27A1911-3D4B-4EF7-9338-DEFE6F91D696}.Release|Any CPU.ActiveCfg = Release|Any CPU
		{C27A1911-3D4B-4EF7-9338-DEFE6F91D696}.Release|Any CPU.Build.0 = Release|Any CPU
		{C27A1911-3D4B-4EF7-9338-DEFE6F91D696}.Release|ARM64.ActiveCfg = Release|Any CPU
		{C27A1911-3D4B-4EF7-9338-DEFE6F91D696}.Release|ARM64.Build.0 = Release|Any CPU
		{C27A1911-3D4B-4EF7-9338-DEFE6F91D696}.Release|x64.ActiveCfg = Release|Any CPU
		{C27A1911-3D4B-4EF7-9338-DEFE6F91D696}.Release|x64.Build.0 = Release|Any CPU
		{C27A1911-3D4B-4EF7-9338-DEFE6F91D696}.Release|x86.ActiveCfg = Release|Any CPU
		{C27A1911-3D4B-4EF7-9338-DEFE6F91D696}.Release|x86.Build.0 = Release|Any CPU
		{7817ACEC-6B0E-42D5-8A50-EBF5E315E633}.Debug|Any CPU.ActiveCfg = Debug|Any CPU
		{7817ACEC-6B0E-42D5-8A50-EBF5E315E633}.Debug|Any CPU.Build.0 = Debug|Any CPU
		{7817ACEC-6B0E-42D5-8A50-EBF5E315E633}.Debug|ARM64.ActiveCfg = Debug|Any CPU
		{7817ACEC-6B0E-42D5-8A50-EBF5E315E633}.Debug|ARM64.Build.0 = Debug|Any CPU
		{7817ACEC-6B0E-42D5-8A50-EBF5E315E633}.Debug|x64.ActiveCfg = Debug|Any CPU
		{7817ACEC-6B0E-42D5-8A50-EBF5E315E633}.Debug|x64.Build.0 = Debug|Any CPU
		{7817ACEC-6B0E-42D5-8A50-EBF5E315E633}.Debug|x86.ActiveCfg = Debug|Any CPU
		{7817ACEC-6B0E-42D5-8A50-EBF5E315E633}.Debug|x86.Build.0 = Debug|Any CPU
		{7817ACEC-6B0E-42D5-8A50-EBF5E315E633}.Release|Any CPU.ActiveCfg = Release|Any CPU
		{7817ACEC-6B0E-42D5-8A50-EBF5E315E633}.Release|Any CPU.Build.0 = Release|Any CPU
		{7817ACEC-6B0E-42D5-8A50-EBF5E315E633}.Release|ARM64.ActiveCfg = Release|Any CPU
		{7817ACEC-6B0E-42D5-8A50-EBF5E315E633}.Release|ARM64.Build.0 = Release|Any CPU
		{7817ACEC-6B0E-42D5-8A50-EBF5E315E633}.Release|x64.ActiveCfg = Release|Any CPU
		{7817ACEC-6B0E-42D5-8A50-EBF5E315E633}.Release|x64.Build.0 = Release|Any CPU
		{7817ACEC-6B0E-42D5-8A50-EBF5E315E633}.Release|x86.ActiveCfg = Release|Any CPU
		{7817ACEC-6B0E-42D5-8A50-EBF5E315E633}.Release|x86.Build.0 = Release|Any CPU
	EndGlobalSection
	GlobalSection(SolutionProperties) = preSolution
		HideSolutionNode = FALSE
	EndGlobalSection
	GlobalSection(NestedProjects) = preSolution
		{2B3B6456-1FE8-4C50-B562-C289C0003F2B} = {C0AE65BD-1610-4760-9105-E13C71A1E6ED}
		{A973F64C-C65B-4126-8776-104CA4EA0FA3} = {C0AE65BD-1610-4760-9105-E13C71A1E6ED}
		{34C1E6D4-09A0-4623-9C11-69E6ED88CF21} = {C0AE65BD-1610-4760-9105-E13C71A1E6ED}
		{C27A1911-3D4B-4EF7-9338-DEFE6F91D696} = {C0AE65BD-1610-4760-9105-E13C71A1E6ED}
	EndGlobalSection
	GlobalSection(ExtensibilityGlobals) = postSolution
		SolutionGuid = {0F834451-0653-4EF9-800E-09135B3D8027}
	EndGlobalSection
EndGlobal
