
Microsoft Visual Studio Solution File, Format Version 12.00
# Visual Studio Version 17
VisualStudioVersion = 17.7.34302.85
MinimumVisualStudioVersion = 10.0.40219.1
Project("{9A19103F-16F7-4668-BE54-9A1E7A4F7556}") = "Wavee.UI.WinUI", "Wavee.UI.WinUI.csproj", "{AB021E11-510A-4EBE-A24B-4E436B65BEB5}"
EndProject
Project("{9A19103F-16F7-4668-BE54-9A1E7A4F7556}") = "Wavee", "..\Wavee\Wavee.csproj", "{2087E586-8BE4-4E69-90D1-4F09E91791D6}"
EndProject
Project("{FAE04EC0-301F-11D3-BF4B-00C04F79EFBC}") = "Wavee.Spotify", "..\Wavee.Spotify\Wavee.Spotify.csproj", "{5F4692C8-C27B-4BA2-924E-46914EEE66B3}"
EndProject
Project("{FAE04EC0-301F-11D3-BF4B-00C04F79EFBC}") = "Wavee.Spotify.Proto", "..\Wavee.Spotify.Proto\Wavee.Spotify.Proto.csproj", "{A1DDCF45-5C71-4FFD-B309-1EEC358C0340}"
EndProject
Project("{FAE04EC0-301F-11D3-BF4B-00C04F79EFBC}") = "ConsoleApp1", "..\..\prototyping\ConsoleApp1\ConsoleApp1.csproj", "{C7588167-5929-43E7-93CE-D5F94A4CEAE0}"
EndProject
Project("{FAE04EC0-301F-11D3-BF4B-00C04F79EFBC}") = "Wavee.Spotify.Decrypt", "..\Wavee.Spotify.Decrypt\Wavee.Spotify.Decrypt.csproj", "{56E4D654-7CD2-4563-AA6E-5CD944517B7E}"
EndProject
Project("{FAE04EC0-301F-11D3-BF4B-00C04F79EFBC}") = "Wavee.Players.NAudio", "..\Wavee.Players.NAudio\Wavee.Players.NAudio.csproj", "{7E965A51-E40A-44B6-912D-EB446476B598}"
EndProject
Global
	GlobalSection(SolutionConfigurationPlatforms) = preSolution
		Debug|Any CPU = Debug|Any CPU
		Debug|ARM64 = Debug|ARM64
		Debug|x64 = Debug|x64
		Debug|x86 = Debug|x86
		Release|Any CPU = Release|Any CPU
		Release|ARM64 = Release|ARM64
		Release|x64 = Release|x64
		Release|x86 = Release|x86
	EndGlobalSection
	GlobalSection(ProjectConfigurationPlatforms) = postSolution
		{AB021E11-510A-4EBE-A24B-4E436B65BEB5}.Debug|Any CPU.ActiveCfg = Debug|x64
		{AB021E11-510A-4EBE-A24B-4E436B65BEB5}.Debug|Any CPU.Build.0 = Debug|x64
		{AB021E11-510A-4EBE-A24B-4E436B65BEB5}.Debug|Any CPU.Deploy.0 = Debug|x64
		{AB021E11-510A-4EBE-A24B-4E436B65BEB5}.Debug|ARM64.ActiveCfg = Debug|ARM64
		{AB021E11-510A-4EBE-A24B-4E436B65BEB5}.Debug|ARM64.Build.0 = Debug|ARM64
		{AB021E11-510A-4EBE-A24B-4E436B65BEB5}.Debug|ARM64.Deploy.0 = Debug|ARM64
		{AB021E11-510A-4EBE-A24B-4E436B65BEB5}.Debug|x64.ActiveCfg = Debug|x64
		{AB021E11-510A-4EBE-A24B-4E436B65BEB5}.Debug|x64.Build.0 = Debug|x64
		{AB021E11-510A-4EBE-A24B-4E436B65BEB5}.Debug|x64.Deploy.0 = Debug|x64
		{AB021E11-510A-4EBE-A24B-4E436B65BEB5}.Debug|x86.ActiveCfg = Debug|x86
		{AB021E11-510A-4EBE-A24B-4E436B65BEB5}.Debug|x86.Build.0 = Debug|x86
		{AB021E11-510A-4EBE-A24B-4E436B65BEB5}.Debug|x86.Deploy.0 = Debug|x86
		{AB021E11-510A-4EBE-A24B-4E436B65BEB5}.Release|Any CPU.ActiveCfg = Release|x64
		{AB021E11-510A-4EBE-A24B-4E436B65BEB5}.Release|Any CPU.Build.0 = Release|x64
		{AB021E11-510A-4EBE-A24B-4E436B65BEB5}.Release|Any CPU.Deploy.0 = Release|x64
		{AB021E11-510A-4EBE-A24B-4E436B65BEB5}.Release|ARM64.ActiveCfg = Release|ARM64
		{AB021E11-510A-4EBE-A24B-4E436B65BEB5}.Release|ARM64.Build.0 = Release|ARM64
		{AB021E11-510A-4EBE-A24B-4E436B65BEB5}.Release|ARM64.Deploy.0 = Release|ARM64
		{AB021E11-510A-4EBE-A24B-4E436B65BEB5}.Release|x64.ActiveCfg = Release|x64
		{AB021E11-510A-4EBE-A24B-4E436B65BEB5}.Release|x64.Build.0 = Release|x64
		{AB021E11-510A-4EBE-A24B-4E436B65BEB5}.Release|x64.Deploy.0 = Release|x64
		{AB021E11-510A-4EBE-A24B-4E436B65BEB5}.Release|x86.ActiveCfg = Release|x86
		{AB021E11-510A-4EBE-A24B-4E436B65BEB5}.Release|x86.Build.0 = Release|x86
		{AB021E11-510A-4EBE-A24B-4E436B65BEB5}.Release|x86.Deploy.0 = Release|x86
		{2087E586-8BE4-4E69-90D1-4F09E91791D6}.Debug|Any CPU.ActiveCfg = Debug|Any CPU
		{2087E586-8BE4-4E69-90D1-4F09E91791D6}.Debug|Any CPU.Build.0 = Debug|Any CPU
		{2087E586-8BE4-4E69-90D1-4F09E91791D6}.Debug|ARM64.ActiveCfg = Debug|Any CPU
		{2087E586-8BE4-4E69-90D1-4F09E91791D6}.Debug|ARM64.Build.0 = Debug|Any CPU
		{2087E586-8BE4-4E69-90D1-4F09E91791D6}.Debug|x64.ActiveCfg = Debug|Any CPU
		{2087E586-8BE4-4E69-90D1-4F09E91791D6}.Debug|x64.Build.0 = Debug|Any CPU
		{2087E586-8BE4-4E69-90D1-4F09E91791D6}.Debug|x86.ActiveCfg = Debug|Any CPU
		{2087E586-8BE4-4E69-90D1-4F09E91791D6}.Debug|x86.Build.0 = Debug|Any CPU
		{2087E586-8BE4-4E69-90D1-4F09E91791D6}.Release|Any CPU.ActiveCfg = Release|Any CPU
		{2087E586-8BE4-4E69-90D1-4F09E91791D6}.Release|Any CPU.Build.0 = Release|Any CPU
		{2087E586-8BE4-4E69-90D1-4F09E91791D6}.Release|ARM64.ActiveCfg = Release|Any CPU
		{2087E586-8BE4-4E69-90D1-4F09E91791D6}.Release|ARM64.Build.0 = Release|Any CPU
		{2087E586-8BE4-4E69-90D1-4F09E91791D6}.Release|x64.ActiveCfg = Release|Any CPU
		{2087E586-8BE4-4E69-90D1-4F09E91791D6}.Release|x64.Build.0 = Release|Any CPU
		{2087E586-8BE4-4E69-90D1-4F09E91791D6}.Release|x86.ActiveCfg = Release|Any CPU
		{2087E586-8BE4-4E69-90D1-4F09E91791D6}.Release|x86.Build.0 = Release|Any CPU
		{5F4692C8-C27B-4BA2-924E-46914EEE66B3}.Debug|Any CPU.ActiveCfg = Debug|Any CPU
		{5F4692C8-C27B-4BA2-924E-46914EEE66B3}.Debug|Any CPU.Build.0 = Debug|Any CPU
		{5F4692C8-C27B-4BA2-924E-46914EEE66B3}.Debug|ARM64.ActiveCfg = Debug|Any CPU
		{5F4692C8-C27B-4BA2-924E-46914EEE66B3}.Debug|ARM64.Build.0 = Debug|Any CPU
		{5F4692C8-C27B-4BA2-924E-46914EEE66B3}.Debug|x64.ActiveCfg = Debug|Any CPU
		{5F4692C8-C27B-4BA2-924E-46914EEE66B3}.Debug|x64.Build.0 = Debug|Any CPU
		{5F4692C8-C27B-4BA2-924E-46914EEE66B3}.Debug|x86.ActiveCfg = Debug|Any CPU
		{5F4692C8-C27B-4BA2-924E-46914EEE66B3}.Debug|x86.Build.0 = Debug|Any CPU
		{5F4692C8-C27B-4BA2-924E-46914EEE66B3}.Release|Any CPU.ActiveCfg = Release|Any CPU
		{5F4692C8-C27B-4BA2-924E-46914EEE66B3}.Release|Any CPU.Build.0 = Release|Any CPU
		{5F4692C8-C27B-4BA2-924E-46914EEE66B3}.Release|ARM64.ActiveCfg = Release|Any CPU
		{5F4692C8-C27B-4BA2-924E-46914EEE66B3}.Release|ARM64.Build.0 = Release|Any CPU
		{5F4692C8-C27B-4BA2-924E-46914EEE66B3}.Release|x64.ActiveCfg = Release|Any CPU
		{5F4692C8-C27B-4BA2-924E-46914EEE66B3}.Release|x64.Build.0 = Release|Any CPU
		{5F4692C8-C27B-4BA2-924E-46914EEE66B3}.Release|x86.ActiveCfg = Release|Any CPU
		{5F4692C8-C27B-4BA2-924E-46914EEE66B3}.Release|x86.Build.0 = Release|Any CPU
		{A1DDCF45-5C71-4FFD-B309-1EEC358C0340}.Debug|Any CPU.ActiveCfg = Debug|Any CPU
		{A1DDCF45-5C71-4FFD-B309-1EEC358C0340}.Debug|Any CPU.Build.0 = Debug|Any CPU
		{A1DDCF45-5C71-4FFD-B309-1EEC358C0340}.Debug|ARM64.ActiveCfg = Debug|Any CPU
		{A1DDCF45-5C71-4FFD-B309-1EEC358C0340}.Debug|ARM64.Build.0 = Debug|Any CPU
		{A1DDCF45-5C71-4FFD-B309-1EEC358C0340}.Debug|x64.ActiveCfg = Debug|Any CPU
		{A1DDCF45-5C71-4FFD-B309-1EEC358C0340}.Debug|x64.Build.0 = Debug|Any CPU
		{A1DDCF45-5C71-4FFD-B309-1EEC358C0340}.Debug|x86.ActiveCfg = Debug|Any CPU
		{A1DDCF45-5C71-4FFD-B309-1EEC358C0340}.Debug|x86.Build.0 = Debug|Any CPU
		{A1DDCF45-5C71-4FFD-B309-1EEC358C0340}.Release|Any CPU.ActiveCfg = Release|Any CPU
		{A1DDCF45-5C71-4FFD-B309-1EEC358C0340}.Release|Any CPU.Build.0 = Release|Any CPU
		{A1DDCF45-5C71-4FFD-B309-1EEC358C0340}.Release|ARM64.ActiveCfg = Release|Any CPU
		{A1DDCF45-5C71-4FFD-B309-1EEC358C0340}.Release|ARM64.Build.0 = Release|Any CPU
		{A1DDCF45-5C71-4FFD-B309-1EEC358C0340}.Release|x64.ActiveCfg = Release|Any CPU
		{A1DDCF45-5C71-4FFD-B309-1EEC358C0340}.Release|x64.Build.0 = Release|Any CPU
		{A1DDCF45-5C71-4FFD-B309-1EEC358C0340}.Release|x86.ActiveCfg = Release|Any CPU
		{A1DDCF45-5C71-4FFD-B309-1EEC358C0340}.Release|x86.Build.0 = Release|Any CPU
		{C7588167-5929-43E7-93CE-D5F94A4CEAE0}.Debug|Any CPU.ActiveCfg = Debug|Any CPU
		{C7588167-5929-43E7-93CE-D5F94A4CEAE0}.Debug|Any CPU.Build.0 = Debug|Any CPU
		{C7588167-5929-43E7-93CE-D5F94A4CEAE0}.Debug|ARM64.ActiveCfg = Debug|Any CPU
		{C7588167-5929-43E7-93CE-D5F94A4CEAE0}.Debug|ARM64.Build.0 = Debug|Any CPU
		{C7588167-5929-43E7-93CE-D5F94A4CEAE0}.Debug|x64.ActiveCfg = Debug|Any CPU
		{C7588167-5929-43E7-93CE-D5F94A4CEAE0}.Debug|x64.Build.0 = Debug|Any CPU
		{C7588167-5929-43E7-93CE-D5F94A4CEAE0}.Debug|x86.ActiveCfg = Debug|Any CPU
		{C7588167-5929-43E7-93CE-D5F94A4CEAE0}.Debug|x86.Build.0 = Debug|Any CPU
		{C7588167-5929-43E7-93CE-D5F94A4CEAE0}.Release|Any CPU.ActiveCfg = Release|Any CPU
		{C7588167-5929-43E7-93CE-D5F94A4CEAE0}.Release|Any CPU.Build.0 = Release|Any CPU
		{C7588167-5929-43E7-93CE-D5F94A4CEAE0}.Release|ARM64.ActiveCfg = Release|Any CPU
		{C7588167-5929-43E7-93CE-D5F94A4CEAE0}.Release|ARM64.Build.0 = Release|Any CPU
		{C7588167-5929-43E7-93CE-D5F94A4CEAE0}.Release|x64.ActiveCfg = Release|Any CPU
		{C7588167-5929-43E7-93CE-D5F94A4CEAE0}.Release|x64.Build.0 = Release|Any CPU
		{C7588167-5929-43E7-93CE-D5F94A4CEAE0}.Release|x86.ActiveCfg = Release|Any CPU
		{C7588167-5929-43E7-93CE-D5F94A4CEAE0}.Release|x86.Build.0 = Release|Any CPU
		{56E4D654-7CD2-4563-AA6E-5CD944517B7E}.Debug|Any CPU.ActiveCfg = Debug|Any CPU
		{56E4D654-7CD2-4563-AA6E-5CD944517B7E}.Debug|Any CPU.Build.0 = Debug|Any CPU
		{56E4D654-7CD2-4563-AA6E-5CD944517B7E}.Debug|ARM64.ActiveCfg = Debug|Any CPU
		{56E4D654-7CD2-4563-AA6E-5CD944517B7E}.Debug|ARM64.Build.0 = Debug|Any CPU
		{56E4D654-7CD2-4563-AA6E-5CD944517B7E}.Debug|x64.ActiveCfg = Debug|Any CPU
		{56E4D654-7CD2-4563-AA6E-5CD944517B7E}.Debug|x64.Build.0 = Debug|Any CPU
		{56E4D654-7CD2-4563-AA6E-5CD944517B7E}.Debug|x86.ActiveCfg = Debug|Any CPU
		{56E4D654-7CD2-4563-AA6E-5CD944517B7E}.Debug|x86.Build.0 = Debug|Any CPU
		{56E4D654-7CD2-4563-AA6E-5CD944517B7E}.Release|Any CPU.ActiveCfg = Release|Any CPU
		{56E4D654-7CD2-4563-AA6E-5CD944517B7E}.Release|Any CPU.Build.0 = Release|Any CPU
		{56E4D654-7CD2-4563-AA6E-5CD944517B7E}.Release|ARM64.ActiveCfg = Release|Any CPU
		{56E4D654-7CD2-4563-AA6E-5CD944517B7E}.Release|ARM64.Build.0 = Release|Any CPU
		{56E4D654-7CD2-4563-AA6E-5CD944517B7E}.Release|x64.ActiveCfg = Release|Any CPU
		{56E4D654-7CD2-4563-AA6E-5CD944517B7E}.Release|x64.Build.0 = Release|Any CPU
		{56E4D654-7CD2-4563-AA6E-5CD944517B7E}.Release|x86.ActiveCfg = Release|Any CPU
		{56E4D654-7CD2-4563-AA6E-5CD944517B7E}.Release|x86.Build.0 = Release|Any CPU
		{7E965A51-E40A-44B6-912D-EB446476B598}.Debug|Any CPU.ActiveCfg = Debug|Any CPU
		{7E965A51-E40A-44B6-912D-EB446476B598}.Debug|Any CPU.Build.0 = Debug|Any CPU
		{7E965A51-E40A-44B6-912D-EB446476B598}.Debug|ARM64.ActiveCfg = Debug|Any CPU
		{7E965A51-E40A-44B6-912D-EB446476B598}.Debug|ARM64.Build.0 = Debug|Any CPU
		{7E965A51-E40A-44B6-912D-EB446476B598}.Debug|x64.ActiveCfg = Debug|Any CPU
		{7E965A51-E40A-44B6-912D-EB446476B598}.Debug|x64.Build.0 = Debug|Any CPU
		{7E965A51-E40A-44B6-912D-EB446476B598}.Debug|x86.ActiveCfg = Debug|Any CPU
		{7E965A51-E40A-44B6-912D-EB446476B598}.Debug|x86.Build.0 = Debug|Any CPU
		{7E965A51-E40A-44B6-912D-EB446476B598}.Release|Any CPU.ActiveCfg = Release|Any CPU
		{7E965A51-E40A-44B6-912D-EB446476B598}.Release|Any CPU.Build.0 = Release|Any CPU
		{7E965A51-E40A-44B6-912D-EB446476B598}.Release|ARM64.ActiveCfg = Release|Any CPU
		{7E965A51-E40A-44B6-912D-EB446476B598}.Release|ARM64.Build.0 = Release|Any CPU
		{7E965A51-E40A-44B6-912D-EB446476B598}.Release|x64.ActiveCfg = Release|Any CPU
		{7E965A51-E40A-44B6-912D-EB446476B598}.Release|x64.Build.0 = Release|Any CPU
		{7E965A51-E40A-44B6-912D-EB446476B598}.Release|x86.ActiveCfg = Release|Any CPU
		{7E965A51-E40A-44B6-912D-EB446476B598}.Release|x86.Build.0 = Release|Any CPU
	EndGlobalSection
	GlobalSection(SolutionProperties) = preSolution
		HideSolutionNode = FALSE
	EndGlobalSection
	GlobalSection(ExtensibilityGlobals) = postSolution
		SolutionGuid = {C9826472-C131-4F86-973B-C6C6FE10AF53}
	EndGlobalSection
EndGlobal
