
Microsoft Visual Studio Solution File, Format Version 12.00
# Visual Studio Version 17
VisualStudioVersion = 17.11.34909.67
MinimumVisualStudioVersion = 10.0.40219.1
Project("{9A19103F-16F7-4668-BE54-9A1E7A4F7556}") = "Wavee.UI.WinUI", "Wavee.UI.WinUI.csproj", "{FF6DD8E5-0109-483C-A4EE-2F01363441E4}"
EndProject
Project("{9A19103F-16F7-4668-BE54-9A1E7A4F7556}") = "Wavee.UI", "..\Wavee.UI\Wavee.UI.csproj", "{AC9A0FE3-189D-4AE9-9A8B-3FFE9DE2D9C3}"
EndProject
Project("{9A19103F-16F7-4668-BE54-9A1E7A4F7556}") = "Wavee.UI.Generators", "..\Wavee.UI.Generators\Wavee.UI.Generators.csproj", "{A6310EFF-A542-428F-A402-EDB82255FF75}"
EndProject
Project("{9A19103F-16F7-4668-BE54-9A1E7A4F7556}") = "Wavee.UI.FakeService", "..\Wavee.UI.FakeService\Wavee.UI.FakeService.csproj", "{9DAFD8D3-545D-4E4A-819F-88EECF3E2FE0}"
EndProject
Project("{FAE04EC0-301F-11D3-BF4B-00C04F79EFBC}") = "Wavee.UI.Spotify", "..\Wavee.UI.Spotify\Wavee.UI.Spotify.csproj", "{D035A081-DA0F-4637-9F01-59E1909029FB}"
EndProject
Project("{FAE04EC0-301F-11D3-BF4B-00C04F79EFBC}") = "Wavee.Contracts", "..\Wavee.Contracts\Wavee.Contracts.csproj", "{0841ACCE-181D-4490-98DF-9A74ED33F23D}"
EndProject
Project("{2150E333-8FDC-42A3-9474-1A3956D46DE8}") = "core", "core", "{A54340AE-BA62-4424-8455-2DB133C8951B}"
EndProject
Project("{2150E333-8FDC-42A3-9474-1A3956D46DE8}") = "tests", "tests", "{5A57191F-2938-4B80-9FCC-C62D852DF8C0}"
EndProject
Project("{2150E333-8FDC-42A3-9474-1A3956D46DE8}") = "ui", "ui", "{D30D1E6C-FCD1-449F-8E8D-8FE0D26A6E83}"
EndProject
Project("{FAE04EC0-301F-11D3-BF4B-00C04F79EFBC}") = "Wavee.ConsoleTest", "..\Wavee.ConsoleTest\Wavee.ConsoleTest.csproj", "{2D530069-B524-41C8-B659-550D9F8EECC3}"
EndProject
Project("{FAE04EC0-301F-11D3-BF4B-00C04F79EFBC}") = "Wavee.Spotify.Proto", "..\Wavee.Spotify.Proto\Wavee.Spotify.Proto.csproj", "{A66DFB3F-D6D8-4ADB-B98C-9B6748E51F69}"
EndProject
Project("{FAE04EC0-301F-11D3-BF4B-00C04F79EFBC}") = "Wavee", "..\Wavee\Wavee.csproj", "{A0C8E39A-4086-4CB8-A7ED-67DEB37F3351}"
EndProject
Project("{FAE04EC0-301F-11D3-BF4B-00C04F79EFBC}") = "Wavee.Core.Decoders", "..\Wavee.Core.Decoders\Wavee.Core.Decoders.csproj", "{702F3EFF-3E8E-4334-8814-933F3D9E37DE}"
EndProject
Global
	GlobalSection(SolutionConfigurationPlatforms) = preSolution
		Debug|Any CPU = Debug|Any CPU
		Debug|ARM64 = Debug|ARM64
		Debug|x64 = Debug|x64
		Debug|x86 = Debug|x86
		Release|Any CPU = Release|Any CPU
		Release|ARM64 = Release|ARM64
		Release|x64 = Release|x64
		Release|x86 = Release|x86
	EndGlobalSection
	GlobalSection(ProjectConfigurationPlatforms) = postSolution
		{FF6DD8E5-0109-483C-A4EE-2F01363441E4}.Debug|Any CPU.ActiveCfg = Debug|x64
		{FF6DD8E5-0109-483C-A4EE-2F01363441E4}.Debug|Any CPU.Build.0 = Debug|x64
		{FF6DD8E5-0109-483C-A4EE-2F01363441E4}.Debug|Any CPU.Deploy.0 = Debug|x64
		{FF6DD8E5-0109-483C-A4EE-2F01363441E4}.Debug|ARM64.ActiveCfg = Debug|ARM64
		{FF6DD8E5-0109-483C-A4EE-2F01363441E4}.Debug|ARM64.Build.0 = Debug|ARM64
		{FF6DD8E5-0109-483C-A4EE-2F01363441E4}.Debug|ARM64.Deploy.0 = Debug|ARM64
		{FF6DD8E5-0109-483C-A4EE-2F01363441E4}.Debug|x64.ActiveCfg = Debug|x64
		{FF6DD8E5-0109-483C-A4EE-2F01363441E4}.Debug|x64.Build.0 = Debug|x64
		{FF6DD8E5-0109-483C-A4EE-2F01363441E4}.Debug|x64.Deploy.0 = Debug|x64
		{FF6DD8E5-0109-483C-A4EE-2F01363441E4}.Debug|x86.ActiveCfg = Debug|x86
		{FF6DD8E5-0109-483C-A4EE-2F01363441E4}.Debug|x86.Build.0 = Debug|x86
		{FF6DD8E5-0109-483C-A4EE-2F01363441E4}.Debug|x86.Deploy.0 = Debug|x86
		{FF6DD8E5-0109-483C-A4EE-2F01363441E4}.Release|Any CPU.ActiveCfg = Release|x64
		{FF6DD8E5-0109-483C-A4EE-2F01363441E4}.Release|Any CPU.Build.0 = Release|x64
		{FF6DD8E5-0109-483C-A4EE-2F01363441E4}.Release|Any CPU.Deploy.0 = Release|x64
		{FF6DD8E5-0109-483C-A4EE-2F01363441E4}.Release|ARM64.ActiveCfg = Release|ARM64
		{FF6DD8E5-0109-483C-A4EE-2F01363441E4}.Release|ARM64.Build.0 = Release|ARM64
		{FF6DD8E5-0109-483C-A4EE-2F01363441E4}.Release|ARM64.Deploy.0 = Release|ARM64
		{FF6DD8E5-0109-483C-A4EE-2F01363441E4}.Release|x64.ActiveCfg = Release|x64
		{FF6DD8E5-0109-483C-A4EE-2F01363441E4}.Release|x64.Build.0 = Release|x64
		{FF6DD8E5-0109-483C-A4EE-2F01363441E4}.Release|x64.Deploy.0 = Release|x64
		{FF6DD8E5-0109-483C-A4EE-2F01363441E4}.Release|x86.ActiveCfg = Release|x86
		{FF6DD8E5-0109-483C-A4EE-2F01363441E4}.Release|x86.Build.0 = Release|x86
		{FF6DD8E5-0109-483C-A4EE-2F01363441E4}.Release|x86.Deploy.0 = Release|x86
		{AC9A0FE3-189D-4AE9-9A8B-3FFE9DE2D9C3}.Debug|Any CPU.ActiveCfg = Debug|Any CPU
		{AC9A0FE3-189D-4AE9-9A8B-3FFE9DE2D9C3}.Debug|Any CPU.Build.0 = Debug|Any CPU
		{AC9A0FE3-189D-4AE9-9A8B-3FFE9DE2D9C3}.Debug|ARM64.ActiveCfg = Debug|Any CPU
		{AC9A0FE3-189D-4AE9-9A8B-3FFE9DE2D9C3}.Debug|ARM64.Build.0 = Debug|Any CPU
		{AC9A0FE3-189D-4AE9-9A8B-3FFE9DE2D9C3}.Debug|x64.ActiveCfg = Debug|Any CPU
		{AC9A0FE3-189D-4AE9-9A8B-3FFE9DE2D9C3}.Debug|x64.Build.0 = Debug|Any CPU
		{AC9A0FE3-189D-4AE9-9A8B-3FFE9DE2D9C3}.Debug|x86.ActiveCfg = Debug|Any CPU
		{AC9A0FE3-189D-4AE9-9A8B-3FFE9DE2D9C3}.Debug|x86.Build.0 = Debug|Any CPU
		{AC9A0FE3-189D-4AE9-9A8B-3FFE9DE2D9C3}.Release|Any CPU.ActiveCfg = Release|Any CPU
		{AC9A0FE3-189D-4AE9-9A8B-3FFE9DE2D9C3}.Release|Any CPU.Build.0 = Release|Any CPU
		{AC9A0FE3-189D-4AE9-9A8B-3FFE9DE2D9C3}.Release|ARM64.ActiveCfg = Release|Any CPU
		{AC9A0FE3-189D-4AE9-9A8B-3FFE9DE2D9C3}.Release|ARM64.Build.0 = Release|Any CPU
		{AC9A0FE3-189D-4AE9-9A8B-3FFE9DE2D9C3}.Release|x64.ActiveCfg = Release|Any CPU
		{AC9A0FE3-189D-4AE9-9A8B-3FFE9DE2D9C3}.Release|x64.Build.0 = Release|Any CPU
		{AC9A0FE3-189D-4AE9-9A8B-3FFE9DE2D9C3}.Release|x86.ActiveCfg = Release|Any CPU
		{AC9A0FE3-189D-4AE9-9A8B-3FFE9DE2D9C3}.Release|x86.Build.0 = Release|Any CPU
		{A6310EFF-A542-428F-A402-EDB82255FF75}.Debug|Any CPU.ActiveCfg = Debug|Any CPU
		{A6310EFF-A542-428F-A402-EDB82255FF75}.Debug|Any CPU.Build.0 = Debug|Any CPU
		{A6310EFF-A542-428F-A402-EDB82255FF75}.Debug|ARM64.ActiveCfg = Debug|Any CPU
		{A6310EFF-A542-428F-A402-EDB82255FF75}.Debug|ARM64.Build.0 = Debug|Any CPU
		{A6310EFF-A542-428F-A402-EDB82255FF75}.Debug|x64.ActiveCfg = Debug|Any CPU
		{A6310EFF-A542-428F-A402-EDB82255FF75}.Debug|x64.Build.0 = Debug|Any CPU
		{A6310EFF-A542-428F-A402-EDB82255FF75}.Debug|x86.ActiveCfg = Debug|Any CPU
		{A6310EFF-A542-428F-A402-EDB82255FF75}.Debug|x86.Build.0 = Debug|Any CPU
		{A6310EFF-A542-428F-A402-EDB82255FF75}.Release|Any CPU.ActiveCfg = Release|Any CPU
		{A6310EFF-A542-428F-A402-EDB82255FF75}.Release|Any CPU.Build.0 = Release|Any CPU
		{A6310EFF-A542-428F-A402-EDB82255FF75}.Release|ARM64.ActiveCfg = Release|Any CPU
		{A6310EFF-A542-428F-A402-EDB82255FF75}.Release|ARM64.Build.0 = Release|Any CPU
		{A6310EFF-A542-428F-A402-EDB82255FF75}.Release|x64.ActiveCfg = Release|Any CPU
		{A6310EFF-A542-428F-A402-EDB82255FF75}.Release|x64.Build.0 = Release|Any CPU
		{A6310EFF-A542-428F-A402-EDB82255FF75}.Release|x86.ActiveCfg = Release|Any CPU
		{A6310EFF-A542-428F-A402-EDB82255FF75}.Release|x86.Build.0 = Release|Any CPU
		{9DAFD8D3-545D-4E4A-819F-88EECF3E2FE0}.Debug|Any CPU.ActiveCfg = Debug|Any CPU
		{9DAFD8D3-545D-4E4A-819F-88EECF3E2FE0}.Debug|Any CPU.Build.0 = Debug|Any CPU
		{9DAFD8D3-545D-4E4A-819F-88EECF3E2FE0}.Debug|ARM64.ActiveCfg = Debug|Any CPU
		{9DAFD8D3-545D-4E4A-819F-88EECF3E2FE0}.Debug|ARM64.Build.0 = Debug|Any CPU
		{9DAFD8D3-545D-4E4A-819F-88EECF3E2FE0}.Debug|x64.ActiveCfg = Debug|Any CPU
		{9DAFD8D3-545D-4E4A-819F-88EECF3E2FE0}.Debug|x64.Build.0 = Debug|Any CPU
		{9DAFD8D3-545D-4E4A-819F-88EECF3E2FE0}.Debug|x86.ActiveCfg = Debug|Any CPU
		{9DAFD8D3-545D-4E4A-819F-88EECF3E2FE0}.Debug|x86.Build.0 = Debug|Any CPU
		{9DAFD8D3-545D-4E4A-819F-88EECF3E2FE0}.Release|Any CPU.ActiveCfg = Release|Any CPU
		{9DAFD8D3-545D-4E4A-819F-88EECF3E2FE0}.Release|Any CPU.Build.0 = Release|Any CPU
		{9DAFD8D3-545D-4E4A-819F-88EECF3E2FE0}.Release|ARM64.ActiveCfg = Release|Any CPU
		{9DAFD8D3-545D-4E4A-819F-88EECF3E2FE0}.Release|ARM64.Build.0 = Release|Any CPU
		{9DAFD8D3-545D-4E4A-819F-88EECF3E2FE0}.Release|x64.ActiveCfg = Release|Any CPU
		{9DAFD8D3-545D-4E4A-819F-88EECF3E2FE0}.Release|x64.Build.0 = Release|Any CPU
		{9DAFD8D3-545D-4E4A-819F-88EECF3E2FE0}.Release|x86.ActiveCfg = Release|Any CPU
		{9DAFD8D3-545D-4E4A-819F-88EECF3E2FE0}.Release|x86.Build.0 = Release|Any CPU
		{D035A081-DA0F-4637-9F01-59E1909029FB}.Debug|Any CPU.ActiveCfg = Debug|Any CPU
		{D035A081-DA0F-4637-9F01-59E1909029FB}.Debug|Any CPU.Build.0 = Debug|Any CPU
		{D035A081-DA0F-4637-9F01-59E1909029FB}.Debug|ARM64.ActiveCfg = Debug|Any CPU
		{D035A081-DA0F-4637-9F01-59E1909029FB}.Debug|ARM64.Build.0 = Debug|Any CPU
		{D035A081-DA0F-4637-9F01-59E1909029FB}.Debug|x64.ActiveCfg = Debug|Any CPU
		{D035A081-DA0F-4637-9F01-59E1909029FB}.Debug|x64.Build.0 = Debug|Any CPU
		{D035A081-DA0F-4637-9F01-59E1909029FB}.Debug|x86.ActiveCfg = Debug|Any CPU
		{D035A081-DA0F-4637-9F01-59E1909029FB}.Debug|x86.Build.0 = Debug|Any CPU
		{D035A081-DA0F-4637-9F01-59E1909029FB}.Release|Any CPU.ActiveCfg = Release|Any CPU
		{D035A081-DA0F-4637-9F01-59E1909029FB}.Release|Any CPU.Build.0 = Release|Any CPU
		{D035A081-DA0F-4637-9F01-59E1909029FB}.Release|ARM64.ActiveCfg = Release|Any CPU
		{D035A081-DA0F-4637-9F01-59E1909029FB}.Release|ARM64.Build.0 = Release|Any CPU
		{D035A081-DA0F-4637-9F01-59E1909029FB}.Release|x64.ActiveCfg = Release|Any CPU
		{D035A081-DA0F-4637-9F01-59E1909029FB}.Release|x64.Build.0 = Release|Any CPU
		{D035A081-DA0F-4637-9F01-59E1909029FB}.Release|x86.ActiveCfg = Release|Any CPU
		{D035A081-DA0F-4637-9F01-59E1909029FB}.Release|x86.Build.0 = Release|Any CPU
		{0841ACCE-181D-4490-98DF-9A74ED33F23D}.Debug|Any CPU.ActiveCfg = Debug|Any CPU
		{0841ACCE-181D-4490-98DF-9A74ED33F23D}.Debug|Any CPU.Build.0 = Debug|Any CPU
		{0841ACCE-181D-4490-98DF-9A74ED33F23D}.Debug|ARM64.ActiveCfg = Debug|Any CPU
		{0841ACCE-181D-4490-98DF-9A74ED33F23D}.Debug|ARM64.Build.0 = Debug|Any CPU
		{0841ACCE-181D-4490-98DF-9A74ED33F23D}.Debug|x64.ActiveCfg = Debug|Any CPU
		{0841ACCE-181D-4490-98DF-9A74ED33F23D}.Debug|x64.Build.0 = Debug|Any CPU
		{0841ACCE-181D-4490-98DF-9A74ED33F23D}.Debug|x86.ActiveCfg = Debug|Any CPU
		{0841ACCE-181D-4490-98DF-9A74ED33F23D}.Debug|x86.Build.0 = Debug|Any CPU
		{0841ACCE-181D-4490-98DF-9A74ED33F23D}.Release|Any CPU.ActiveCfg = Release|Any CPU
		{0841ACCE-181D-4490-98DF-9A74ED33F23D}.Release|Any CPU.Build.0 = Release|Any CPU
		{0841ACCE-181D-4490-98DF-9A74ED33F23D}.Release|ARM64.ActiveCfg = Release|Any CPU
		{0841ACCE-181D-4490-98DF-9A74ED33F23D}.Release|ARM64.Build.0 = Release|Any CPU
		{0841ACCE-181D-4490-98DF-9A74ED33F23D}.Release|x64.ActiveCfg = Release|Any CPU
		{0841ACCE-181D-4490-98DF-9A74ED33F23D}.Release|x64.Build.0 = Release|Any CPU
		{0841ACCE-181D-4490-98DF-9A74ED33F23D}.Release|x86.ActiveCfg = Release|Any CPU
		{0841ACCE-181D-4490-98DF-9A74ED33F23D}.Release|x86.Build.0 = Release|Any CPU
		{2D530069-B524-41C8-B659-550D9F8EECC3}.Debug|Any CPU.ActiveCfg = Debug|Any CPU
		{2D530069-B524-41C8-B659-550D9F8EECC3}.Debug|Any CPU.Build.0 = Debug|Any CPU
		{2D530069-B524-41C8-B659-550D9F8EECC3}.Debug|ARM64.ActiveCfg = Debug|Any CPU
		{2D530069-B524-41C8-B659-550D9F8EECC3}.Debug|ARM64.Build.0 = Debug|Any CPU
		{2D530069-B524-41C8-B659-550D9F8EECC3}.Debug|x64.ActiveCfg = Debug|Any CPU
		{2D530069-B524-41C8-B659-550D9F8EECC3}.Debug|x64.Build.0 = Debug|Any CPU
		{2D530069-B524-41C8-B659-550D9F8EECC3}.Debug|x86.ActiveCfg = Debug|Any CPU
		{2D530069-B524-41C8-B659-550D9F8EECC3}.Debug|x86.Build.0 = Debug|Any CPU
		{2D530069-B524-41C8-B659-550D9F8EECC3}.Release|Any CPU.ActiveCfg = Release|Any CPU
		{2D530069-B524-41C8-B659-550D9F8EECC3}.Release|Any CPU.Build.0 = Release|Any CPU
		{2D530069-B524-41C8-B659-550D9F8EECC3}.Release|ARM64.ActiveCfg = Release|Any CPU
		{2D530069-B524-41C8-B659-550D9F8EECC3}.Release|ARM64.Build.0 = Release|Any CPU
		{2D530069-B524-41C8-B659-550D9F8EECC3}.Release|x64.ActiveCfg = Release|Any CPU
		{2D530069-B524-41C8-B659-550D9F8EECC3}.Release|x64.Build.0 = Release|Any CPU
		{2D530069-B524-41C8-B659-550D9F8EECC3}.Release|x86.ActiveCfg = Release|Any CPU
		{2D530069-B524-41C8-B659-550D9F8EECC3}.Release|x86.Build.0 = Release|Any CPU
		{A66DFB3F-D6D8-4ADB-B98C-9B6748E51F69}.Debug|Any CPU.ActiveCfg = Debug|Any CPU
		{A66DFB3F-D6D8-4ADB-B98C-9B6748E51F69}.Debug|Any CPU.Build.0 = Debug|Any CPU
		{A66DFB3F-D6D8-4ADB-B98C-9B6748E51F69}.Debug|ARM64.ActiveCfg = Debug|Any CPU
		{A66DFB3F-D6D8-4ADB-B98C-9B6748E51F69}.Debug|ARM64.Build.0 = Debug|Any CPU
		{A66DFB3F-D6D8-4ADB-B98C-9B6748E51F69}.Debug|x64.ActiveCfg = Debug|Any CPU
		{A66DFB3F-D6D8-4ADB-B98C-9B6748E51F69}.Debug|x64.Build.0 = Debug|Any CPU
		{A66DFB3F-D6D8-4ADB-B98C-9B6748E51F69}.Debug|x86.ActiveCfg = Debug|Any CPU
		{A66DFB3F-D6D8-4ADB-B98C-9B6748E51F69}.Debug|x86.Build.0 = Debug|Any CPU
		{A66DFB3F-D6D8-4ADB-B98C-9B6748E51F69}.Release|Any CPU.ActiveCfg = Release|Any CPU
		{A66DFB3F-D6D8-4ADB-B98C-9B6748E51F69}.Release|Any CPU.Build.0 = Release|Any CPU
		{A66DFB3F-D6D8-4ADB-B98C-9B6748E51F69}.Release|ARM64.ActiveCfg = Release|Any CPU
		{A66DFB3F-D6D8-4ADB-B98C-9B6748E51F69}.Release|ARM64.Build.0 = Release|Any CPU
		{A66DFB3F-D6D8-4ADB-B98C-9B6748E51F69}.Release|x64.ActiveCfg = Release|Any CPU
		{A66DFB3F-D6D8-4ADB-B98C-9B6748E51F69}.Release|x64.Build.0 = Release|Any CPU
		{A66DFB3F-D6D8-4ADB-B98C-9B6748E51F69}.Release|x86.ActiveCfg = Release|Any CPU
		{A66DFB3F-D6D8-4ADB-B98C-9B6748E51F69}.Release|x86.Build.0 = Release|Any CPU
		{A0C8E39A-4086-4CB8-A7ED-67DEB37F3351}.Debug|Any CPU.ActiveCfg = Debug|Any CPU
		{A0C8E39A-4086-4CB8-A7ED-67DEB37F3351}.Debug|Any CPU.Build.0 = Debug|Any CPU
		{A0C8E39A-4086-4CB8-A7ED-67DEB37F3351}.Debug|ARM64.ActiveCfg = Debug|Any CPU
		{A0C8E39A-4086-4CB8-A7ED-67DEB37F3351}.Debug|ARM64.Build.0 = Debug|Any CPU
		{A0C8E39A-4086-4CB8-A7ED-67DEB37F3351}.Debug|x64.ActiveCfg = Debug|Any CPU
		{A0C8E39A-4086-4CB8-A7ED-67DEB37F3351}.Debug|x64.Build.0 = Debug|Any CPU
		{A0C8E39A-4086-4CB8-A7ED-67DEB37F3351}.Debug|x86.ActiveCfg = Debug|Any CPU
		{A0C8E39A-4086-4CB8-A7ED-67DEB37F3351}.Debug|x86.Build.0 = Debug|Any CPU
		{A0C8E39A-4086-4CB8-A7ED-67DEB37F3351}.Release|Any CPU.ActiveCfg = Release|Any CPU
		{A0C8E39A-4086-4CB8-A7ED-67DEB37F3351}.Release|Any CPU.Build.0 = Release|Any CPU
		{A0C8E39A-4086-4CB8-A7ED-67DEB37F3351}.Release|ARM64.ActiveCfg = Release|Any CPU
		{A0C8E39A-4086-4CB8-A7ED-67DEB37F3351}.Release|ARM64.Build.0 = Release|Any CPU
		{A0C8E39A-4086-4CB8-A7ED-67DEB37F3351}.Release|x64.ActiveCfg = Release|Any CPU
		{A0C8E39A-4086-4CB8-A7ED-67DEB37F3351}.Release|x64.Build.0 = Release|Any CPU
		{A0C8E39A-4086-4CB8-A7ED-67DEB37F3351}.Release|x86.ActiveCfg = Release|Any CPU
		{A0C8E39A-4086-4CB8-A7ED-67DEB37F3351}.Release|x86.Build.0 = Release|Any CPU
		{702F3EFF-3E8E-4334-8814-933F3D9E37DE}.Debug|Any CPU.ActiveCfg = Debug|Any CPU
		{702F3EFF-3E8E-4334-8814-933F3D9E37DE}.Debug|Any CPU.Build.0 = Debug|Any CPU
		{702F3EFF-3E8E-4334-8814-933F3D9E37DE}.Debug|ARM64.ActiveCfg = Debug|Any CPU
		{702F3EFF-3E8E-4334-8814-933F3D9E37DE}.Debug|ARM64.Build.0 = Debug|Any CPU
		{702F3EFF-3E8E-4334-8814-933F3D9E37DE}.Debug|x64.ActiveCfg = Debug|Any CPU
		{702F3EFF-3E8E-4334-8814-933F3D9E37DE}.Debug|x64.Build.0 = Debug|Any CPU
		{702F3EFF-3E8E-4334-8814-933F3D9E37DE}.Debug|x86.ActiveCfg = Debug|Any CPU
		{702F3EFF-3E8E-4334-8814-933F3D9E37DE}.Debug|x86.Build.0 = Debug|Any CPU
		{702F3EFF-3E8E-4334-8814-933F3D9E37DE}.Release|Any CPU.ActiveCfg = Release|Any CPU
		{702F3EFF-3E8E-4334-8814-933F3D9E37DE}.Release|Any CPU.Build.0 = Release|Any CPU
		{702F3EFF-3E8E-4334-8814-933F3D9E37DE}.Release|ARM64.ActiveCfg = Release|Any CPU
		{702F3EFF-3E8E-4334-8814-933F3D9E37DE}.Release|ARM64.Build.0 = Release|Any CPU
		{702F3EFF-3E8E-4334-8814-933F3D9E37DE}.Release|x64.ActiveCfg = Release|Any CPU
		{702F3EFF-3E8E-4334-8814-933F3D9E37DE}.Release|x64.Build.0 = Release|Any CPU
		{702F3EFF-3E8E-4334-8814-933F3D9E37DE}.Release|x86.ActiveCfg = Release|Any CPU
		{702F3EFF-3E8E-4334-8814-933F3D9E37DE}.Release|x86.Build.0 = Release|Any CPU
	EndGlobalSection
	GlobalSection(SolutionProperties) = preSolution
		HideSolutionNode = FALSE
	EndGlobalSection
	GlobalSection(ExtensibilityGlobals) = postSolution
		SolutionGuid = {E99D13B9-3FE3-46BF-8B9E-59013B795C4F}
	EndGlobalSection
	GlobalSection(NestedProjects) = preSolution
		{0841ACCE-181D-4490-98DF-9A74ED33F23D} = {A54340AE-BA62-4424-8455-2DB133C8951B}
		{D035A081-DA0F-4637-9F01-59E1909029FB} = {A54340AE-BA62-4424-8455-2DB133C8951B}
		{9DAFD8D3-545D-4E4A-819F-88EECF3E2FE0} = {5A57191F-2938-4B80-9FCC-C62D852DF8C0}
		{AC9A0FE3-189D-4AE9-9A8B-3FFE9DE2D9C3} = {D30D1E6C-FCD1-449F-8E8D-8FE0D26A6E83}
		{A6310EFF-A542-428F-A402-EDB82255FF75} = {D30D1E6C-FCD1-449F-8E8D-8FE0D26A6E83}
		{FF6DD8E5-0109-483C-A4EE-2F01363441E4} = {D30D1E6C-FCD1-449F-8E8D-8FE0D26A6E83}
		{2D530069-B524-41C8-B659-550D9F8EECC3} = {5A57191F-2938-4B80-9FCC-C62D852DF8C0}
		{A66DFB3F-D6D8-4ADB-B98C-9B6748E51F69} = {A54340AE-BA62-4424-8455-2DB133C8951B}
		{A0C8E39A-4086-4CB8-A7ED-67DEB37F3351} = {A54340AE-BA62-4424-8455-2DB133C8951B}
		{702F3EFF-3E8E-4334-8814-933F3D9E37DE} = {A54340AE-BA62-4424-8455-2DB133C8951B}
	EndGlobalSection
EndGlobal
