
Microsoft Visual Studio Solution File, Format Version 12.00
# Visual Studio Version 17
VisualStudioVersion = 17.6.33706.43
MinimumVisualStudioVersion = 10.0.40219.1
Project("{9A19103F-16F7-4668-BE54-9A1E7A4F7556}") = "Wavee.UI.WinUI", "Wavee.UI.WinUI.csproj", "{94120E06-C62E-479D-9F35-AED28B2F192E}"
EndProject
Project("{9A19103F-16F7-4668-BE54-9A1E7A4F7556}") = "Wavee.UI", "..\Wavee.UI\Wavee.UI.csproj", "{10E42879-DA0E-4C09-BA3A-939827B1202B}"
EndProject
Project("{9A19103F-16F7-4668-BE54-9A1E7A4F7556}") = "Wavee", "..\..\..\scratchpad\Wavee2Lib\Wavee\Wavee\Wavee.csproj", "{6B3C945E-305B-4DF7-B2C7-6F8D0A2A4644}"
EndProject
Project("{9A19103F-16F7-4668-BE54-9A1E7A4F7556}") = "Wavee.Sinks", "..\..\..\scratchpad\Wavee2Lib\Wavee\Wavee.Sinks\Wavee.Sinks.csproj", "{60FA473C-B40B-4E99-90D6-FF4D858A170B}"
EndProject
Project("{9A19103F-16F7-4668-BE54-9A1E7A4F7556}") = "Wavee.Spotify", "..\..\..\scratchpad\Wavee2Lib\Wavee\Wavee.Spotify\Wavee.Spotify.csproj", "{D7254C31-BB41-48E5-9FAE-FB51F06F0C7A}"
EndProject
Project("{9A19103F-16F7-4668-BE54-9A1E7A4F7556}") = "Wavee.Spotify.Proto", "..\..\..\scratchpad\Wavee2Lib\Wavee\Wavee.Spotify.Proto\Wavee.Spotify.Proto.csproj", "{B5628FE6-B913-48E9-995F-54FAAE1DA074}"
EndProject
Global
	GlobalSection(SolutionConfigurationPlatforms) = preSolution
		Debug|Any CPU = Debug|Any CPU
		Debug|ARM64 = Debug|ARM64
		Debug|x64 = Debug|x64
		Debug|x86 = Debug|x86
		Release|Any CPU = Release|Any CPU
		Release|ARM64 = Release|ARM64
		Release|x64 = Release|x64
		Release|x86 = Release|x86
	EndGlobalSection
	GlobalSection(ProjectConfigurationPlatforms) = postSolution
		{94120E06-C62E-479D-9F35-AED28B2F192E}.Debug|Any CPU.ActiveCfg = Debug|x64
		{94120E06-C62E-479D-9F35-AED28B2F192E}.Debug|Any CPU.Build.0 = Debug|x64
		{94120E06-C62E-479D-9F35-AED28B2F192E}.Debug|Any CPU.Deploy.0 = Debug|x64
		{94120E06-C62E-479D-9F35-AED28B2F192E}.Debug|ARM64.ActiveCfg = Debug|ARM64
		{94120E06-C62E-479D-9F35-AED28B2F192E}.Debug|ARM64.Build.0 = Debug|ARM64
		{94120E06-C62E-479D-9F35-AED28B2F192E}.Debug|ARM64.Deploy.0 = Debug|ARM64
		{94120E06-C62E-479D-9F35-AED28B2F192E}.Debug|x64.ActiveCfg = Debug|x64
		{94120E06-C62E-479D-9F35-AED28B2F192E}.Debug|x64.Build.0 = Debug|x64
		{94120E06-C62E-479D-9F35-AED28B2F192E}.Debug|x64.Deploy.0 = Debug|x64
		{94120E06-C62E-479D-9F35-AED28B2F192E}.Debug|x86.ActiveCfg = Debug|x86
		{94120E06-C62E-479D-9F35-AED28B2F192E}.Debug|x86.Build.0 = Debug|x86
		{94120E06-C62E-479D-9F35-AED28B2F192E}.Debug|x86.Deploy.0 = Debug|x86
		{94120E06-C62E-479D-9F35-AED28B2F192E}.Release|Any CPU.ActiveCfg = Release|x64
		{94120E06-C62E-479D-9F35-AED28B2F192E}.Release|Any CPU.Build.0 = Release|x64
		{94120E06-C62E-479D-9F35-AED28B2F192E}.Release|Any CPU.Deploy.0 = Release|x64
		{94120E06-C62E-479D-9F35-AED28B2F192E}.Release|ARM64.ActiveCfg = Release|ARM64
		{94120E06-C62E-479D-9F35-AED28B2F192E}.Release|ARM64.Build.0 = Release|ARM64
		{94120E06-C62E-479D-9F35-AED28B2F192E}.Release|ARM64.Deploy.0 = Release|ARM64
		{94120E06-C62E-479D-9F35-AED28B2F192E}.Release|x64.ActiveCfg = Release|x64
		{94120E06-C62E-479D-9F35-AED28B2F192E}.Release|x64.Build.0 = Release|x64
		{94120E06-C62E-479D-9F35-AED28B2F192E}.Release|x64.Deploy.0 = Release|x64
		{94120E06-C62E-479D-9F35-AED28B2F192E}.Release|x86.ActiveCfg = Release|x86
		{94120E06-C62E-479D-9F35-AED28B2F192E}.Release|x86.Build.0 = Release|x86
		{94120E06-C62E-479D-9F35-AED28B2F192E}.Release|x86.Deploy.0 = Release|x86
		{10E42879-DA0E-4C09-BA3A-939827B1202B}.Debug|Any CPU.ActiveCfg = Debug|Any CPU
		{10E42879-DA0E-4C09-BA3A-939827B1202B}.Debug|Any CPU.Build.0 = Debug|Any CPU
		{10E42879-DA0E-4C09-BA3A-939827B1202B}.Debug|ARM64.ActiveCfg = Debug|Any CPU
		{10E42879-DA0E-4C09-BA3A-939827B1202B}.Debug|ARM64.Build.0 = Debug|Any CPU
		{10E42879-DA0E-4C09-BA3A-939827B1202B}.Debug|x64.ActiveCfg = Debug|Any CPU
		{10E42879-DA0E-4C09-BA3A-939827B1202B}.Debug|x64.Build.0 = Debug|Any CPU
		{10E42879-DA0E-4C09-BA3A-939827B1202B}.Debug|x86.ActiveCfg = Debug|Any CPU
		{10E42879-DA0E-4C09-BA3A-939827B1202B}.Debug|x86.Build.0 = Debug|Any CPU
		{10E42879-DA0E-4C09-BA3A-939827B1202B}.Release|Any CPU.ActiveCfg = Release|Any CPU
		{10E42879-DA0E-4C09-BA3A-939827B1202B}.Release|Any CPU.Build.0 = Release|Any CPU
		{10E42879-DA0E-4C09-BA3A-939827B1202B}.Release|ARM64.ActiveCfg = Release|Any CPU
		{10E42879-DA0E-4C09-BA3A-939827B1202B}.Release|ARM64.Build.0 = Release|Any CPU
		{10E42879-DA0E-4C09-BA3A-939827B1202B}.Release|x64.ActiveCfg = Release|Any CPU
		{10E42879-DA0E-4C09-BA3A-939827B1202B}.Release|x64.Build.0 = Release|Any CPU
		{10E42879-DA0E-4C09-BA3A-939827B1202B}.Release|x86.ActiveCfg = Release|Any CPU
		{10E42879-DA0E-4C09-BA3A-939827B1202B}.Release|x86.Build.0 = Release|Any CPU
		{6B3C945E-305B-4DF7-B2C7-6F8D0A2A4644}.Debug|Any CPU.ActiveCfg = Debug|Any CPU
		{6B3C945E-305B-4DF7-B2C7-6F8D0A2A4644}.Debug|Any CPU.Build.0 = Debug|Any CPU
		{6B3C945E-305B-4DF7-B2C7-6F8D0A2A4644}.Debug|ARM64.ActiveCfg = Debug|Any CPU
		{6B3C945E-305B-4DF7-B2C7-6F8D0A2A4644}.Debug|ARM64.Build.0 = Debug|Any CPU
		{6B3C945E-305B-4DF7-B2C7-6F8D0A2A4644}.Debug|x64.ActiveCfg = Debug|Any CPU
		{6B3C945E-305B-4DF7-B2C7-6F8D0A2A4644}.Debug|x64.Build.0 = Debug|Any CPU
		{6B3C945E-305B-4DF7-B2C7-6F8D0A2A4644}.Debug|x86.ActiveCfg = Debug|Any CPU
		{6B3C945E-305B-4DF7-B2C7-6F8D0A2A4644}.Debug|x86.Build.0 = Debug|Any CPU
		{6B3C945E-305B-4DF7-B2C7-6F8D0A2A4644}.Release|Any CPU.ActiveCfg = Release|Any CPU
		{6B3C945E-305B-4DF7-B2C7-6F8D0A2A4644}.Release|Any CPU.Build.0 = Release|Any CPU
		{6B3C945E-305B-4DF7-B2C7-6F8D0A2A4644}.Release|ARM64.ActiveCfg = Release|Any CPU
		{6B3C945E-305B-4DF7-B2C7-6F8D0A2A4644}.Release|ARM64.Build.0 = Release|Any CPU
		{6B3C945E-305B-4DF7-B2C7-6F8D0A2A4644}.Release|x64.ActiveCfg = Release|Any CPU
		{6B3C945E-305B-4DF7-B2C7-6F8D0A2A4644}.Release|x64.Build.0 = Release|Any CPU
		{6B3C945E-305B-4DF7-B2C7-6F8D0A2A4644}.Release|x86.ActiveCfg = Release|Any CPU
		{6B3C945E-305B-4DF7-B2C7-6F8D0A2A4644}.Release|x86.Build.0 = Release|Any CPU
		{60FA473C-B40B-4E99-90D6-FF4D858A170B}.Debug|Any CPU.ActiveCfg = Debug|Any CPU
		{60FA473C-B40B-4E99-90D6-FF4D858A170B}.Debug|Any CPU.Build.0 = Debug|Any CPU
		{60FA473C-B40B-4E99-90D6-FF4D858A170B}.Debug|ARM64.ActiveCfg = Debug|Any CPU
		{60FA473C-B40B-4E99-90D6-FF4D858A170B}.Debug|ARM64.Build.0 = Debug|Any CPU
		{60FA473C-B40B-4E99-90D6-FF4D858A170B}.Debug|x64.ActiveCfg = Debug|Any CPU
		{60FA473C-B40B-4E99-90D6-FF4D858A170B}.Debug|x64.Build.0 = Debug|Any CPU
		{60FA473C-B40B-4E99-90D6-FF4D858A170B}.Debug|x86.ActiveCfg = Debug|Any CPU
		{60FA473C-B40B-4E99-90D6-FF4D858A170B}.Debug|x86.Build.0 = Debug|Any CPU
		{60FA473C-B40B-4E99-90D6-FF4D858A170B}.Release|Any CPU.ActiveCfg = Release|Any CPU
		{60FA473C-B40B-4E99-90D6-FF4D858A170B}.Release|Any CPU.Build.0 = Release|Any CPU
		{60FA473C-B40B-4E99-90D6-FF4D858A170B}.Release|ARM64.ActiveCfg = Release|Any CPU
		{60FA473C-B40B-4E99-90D6-FF4D858A170B}.Release|ARM64.Build.0 = Release|Any CPU
		{60FA473C-B40B-4E99-90D6-FF4D858A170B}.Release|x64.ActiveCfg = Release|Any CPU
		{60FA473C-B40B-4E99-90D6-FF4D858A170B}.Release|x64.Build.0 = Release|Any CPU
		{60FA473C-B40B-4E99-90D6-FF4D858A170B}.Release|x86.ActiveCfg = Release|Any CPU
		{60FA473C-B40B-4E99-90D6-FF4D858A170B}.Release|x86.Build.0 = Release|Any CPU
		{D7254C31-BB41-48E5-9FAE-FB51F06F0C7A}.Debug|Any CPU.ActiveCfg = Debug|Any CPU
		{D7254C31-BB41-48E5-9FAE-FB51F06F0C7A}.Debug|Any CPU.Build.0 = Debug|Any CPU
		{D7254C31-BB41-48E5-9FAE-FB51F06F0C7A}.Debug|ARM64.ActiveCfg = Debug|Any CPU
		{D7254C31-BB41-48E5-9FAE-FB51F06F0C7A}.Debug|ARM64.Build.0 = Debug|Any CPU
		{D7254C31-BB41-48E5-9FAE-FB51F06F0C7A}.Debug|x64.ActiveCfg = Debug|Any CPU
		{D7254C31-BB41-48E5-9FAE-FB51F06F0C7A}.Debug|x64.Build.0 = Debug|Any CPU
		{D7254C31-BB41-48E5-9FAE-FB51F06F0C7A}.Debug|x86.ActiveCfg = Debug|Any CPU
		{D7254C31-BB41-48E5-9FAE-FB51F06F0C7A}.Debug|x86.Build.0 = Debug|Any CPU
		{D7254C31-BB41-48E5-9FAE-FB51F06F0C7A}.Release|Any CPU.ActiveCfg = Release|Any CPU
		{D7254C31-BB41-48E5-9FAE-FB51F06F0C7A}.Release|Any CPU.Build.0 = Release|Any CPU
		{D7254C31-BB41-48E5-9FAE-FB51F06F0C7A}.Release|ARM64.ActiveCfg = Release|Any CPU
		{D7254C31-BB41-48E5-9FAE-FB51F06F0C7A}.Release|ARM64.Build.0 = Release|Any CPU
		{D7254C31-BB41-48E5-9FAE-FB51F06F0C7A}.Release|x64.ActiveCfg = Release|Any CPU
		{D7254C31-BB41-48E5-9FAE-FB51F06F0C7A}.Release|x64.Build.0 = Release|Any CPU
		{D7254C31-BB41-48E5-9FAE-FB51F06F0C7A}.Release|x86.ActiveCfg = Release|Any CPU
		{D7254C31-BB41-48E5-9FAE-FB51F06F0C7A}.Release|x86.Build.0 = Release|Any CPU
		{B5628FE6-B913-48E9-995F-54FAAE1DA074}.Debug|Any CPU.ActiveCfg = Debug|Any CPU
		{B5628FE6-B913-48E9-995F-54FAAE1DA074}.Debug|Any CPU.Build.0 = Debug|Any CPU
		{B5628FE6-B913-48E9-995F-54FAAE1DA074}.Debug|ARM64.ActiveCfg = Debug|Any CPU
		{B5628FE6-B913-48E9-995F-54FAAE1DA074}.Debug|ARM64.Build.0 = Debug|Any CPU
		{B5628FE6-B913-48E9-995F-54FAAE1DA074}.Debug|x64.ActiveCfg = Debug|Any CPU
		{B5628FE6-B913-48E9-995F-54FAAE1DA074}.Debug|x64.Build.0 = Debug|Any CPU
		{B5628FE6-B913-48E9-995F-54FAAE1DA074}.Debug|x86.ActiveCfg = Debug|Any CPU
		{B5628FE6-B913-48E9-995F-54FAAE1DA074}.Debug|x86.Build.0 = Debug|Any CPU
		{B5628FE6-B913-48E9-995F-54FAAE1DA074}.Release|Any CPU.ActiveCfg = Release|Any CPU
		{B5628FE6-B913-48E9-995F-54FAAE1DA074}.Release|Any CPU.Build.0 = Release|Any CPU
		{B5628FE6-B913-48E9-995F-54FAAE1DA074}.Release|ARM64.ActiveCfg = Release|Any CPU
		{B5628FE6-B913-48E9-995F-54FAAE1DA074}.Release|ARM64.Build.0 = Release|Any CPU
		{B5628FE6-B913-48E9-995F-54FAAE1DA074}.Release|x64.ActiveCfg = Release|Any CPU
		{B5628FE6-B913-48E9-995F-54FAAE1DA074}.Release|x64.Build.0 = Release|Any CPU
		{B5628FE6-B913-48E9-995F-54FAAE1DA074}.Release|x86.ActiveCfg = Release|Any CPU
		{B5628FE6-B913-48E9-995F-54FAAE1DA074}.Release|x86.Build.0 = Release|Any CPU
	EndGlobalSection
	GlobalSection(SolutionProperties) = preSolution
		HideSolutionNode = FALSE
	EndGlobalSection
	GlobalSection(ExtensibilityGlobals) = postSolution
		SolutionGuid = {537E423D-F82F-4294-8149-FF1B8E66E65D}
	EndGlobalSection
EndGlobal
