
Microsoft Visual Studio Solution File, Format Version 12.00
# Visual Studio Version 17
VisualStudioVersion = 17.9.34511.98
MinimumVisualStudioVersion = 10.0.40219.1
Project("{9A19103F-16F7-4668-BE54-9A1E7A4F7556}") = "Wavee.UI.WinUI", "Wavee.UI.WinUI\Wavee.UI.WinUI.csproj", "{B1C3D64F-F88C-492D-B9F0-9AEB8F598AA1}"
EndProject
Project("{9A19103F-16F7-4668-BE54-9A1E7A4F7556}") = "Wavee.UI", "..\Wavee.UI\Wavee.UI.csproj", "{768B23F0-7EE1-4E04-B8AF-82EDA85E73A3}"
EndProject
Project("{9A19103F-16F7-4668-BE54-9A1E7A4F7556}") = "Wavee.Spotify.Proto", "..\..\spotify\Wavee.Spotify.Proto\Wavee.Spotify.Proto.csproj", "{7D53A813-CA6C-414C-BC69-E54681CC53CE}"
EndProject
Project("{2150E333-8FDC-42A3-9474-1A3956D46DE8}") = "tests", "tests", "{194E7EA7-B5E7-41F8-B097-52467D4CF33A}"
EndProject
Project("{2150E333-8FDC-42A3-9474-1A3956D46DE8}") = "core", "core", "{C94E00DA-F23E-41F3-8F25-C9A65B8496BB}"
EndProject
Project("{2150E333-8FDC-42A3-9474-1A3956D46DE8}") = "ui", "ui", "{F817B51C-2F25-4507-B6BB-456107D754B6}"
EndProject
Project("{9A19103F-16F7-4668-BE54-9A1E7A4F7556}") = "ConsoleTest", "..\..\..\tests\ConsoleTest\ConsoleTest.csproj", "{86E200F5-BD68-4566-9175-261F653EEC46}"
EndProject
Project("{9A19103F-16F7-4668-BE54-9A1E7A4F7556}") = "Wavee.Spfy", "..\..\Wavee.Spfy\Wavee.Spfy.csproj", "{B7DFE122-7DB2-47EC-86E7-0265F51EEAE0}"
EndProject
Project("{9A19103F-16F7-4668-BE54-9A1E7A4F7556}") = "Wavee", "..\..\Wavee\Wavee.csproj", "{A846F95B-C091-44F6-9312-FD307EA9F92B}"
EndProject
Global
	GlobalSection(SolutionConfigurationPlatforms) = preSolution
		Debug|Any CPU = Debug|Any CPU
		Debug|ARM64 = Debug|ARM64
		Debug|x64 = Debug|x64
		Debug|x86 = Debug|x86
		Release|Any CPU = Release|Any CPU
		Release|ARM64 = Release|ARM64
		Release|x64 = Release|x64
		Release|x86 = Release|x86
	EndGlobalSection
	GlobalSection(ProjectConfigurationPlatforms) = postSolution
		{B1C3D64F-F88C-492D-B9F0-9AEB8F598AA1}.Debug|Any CPU.ActiveCfg = Debug|x64
		{B1C3D64F-F88C-492D-B9F0-9AEB8F598AA1}.Debug|Any CPU.Build.0 = Debug|x64
		{B1C3D64F-F88C-492D-B9F0-9AEB8F598AA1}.Debug|Any CPU.Deploy.0 = Debug|x64
		{B1C3D64F-F88C-492D-B9F0-9AEB8F598AA1}.Debug|ARM64.ActiveCfg = Debug|ARM64
		{B1C3D64F-F88C-492D-B9F0-9AEB8F598AA1}.Debug|ARM64.Build.0 = Debug|ARM64
		{B1C3D64F-F88C-492D-B9F0-9AEB8F598AA1}.Debug|ARM64.Deploy.0 = Debug|ARM64
		{B1C3D64F-F88C-492D-B9F0-9AEB8F598AA1}.Debug|x64.ActiveCfg = Debug|x64
		{B1C3D64F-F88C-492D-B9F0-9AEB8F598AA1}.Debug|x64.Build.0 = Debug|x64
		{B1C3D64F-F88C-492D-B9F0-9AEB8F598AA1}.Debug|x64.Deploy.0 = Debug|x64
		{B1C3D64F-F88C-492D-B9F0-9AEB8F598AA1}.Debug|x86.ActiveCfg = Debug|x86
		{B1C3D64F-F88C-492D-B9F0-9AEB8F598AA1}.Debug|x86.Build.0 = Debug|x86
		{B1C3D64F-F88C-492D-B9F0-9AEB8F598AA1}.Debug|x86.Deploy.0 = Debug|x86
		{B1C3D64F-F88C-492D-B9F0-9AEB8F598AA1}.Release|Any CPU.ActiveCfg = Release|x64
		{B1C3D64F-F88C-492D-B9F0-9AEB8F598AA1}.Release|Any CPU.Build.0 = Release|x64
		{B1C3D64F-F88C-492D-B9F0-9AEB8F598AA1}.Release|Any CPU.Deploy.0 = Release|x64
		{B1C3D64F-F88C-492D-B9F0-9AEB8F598AA1}.Release|ARM64.ActiveCfg = Release|ARM64
		{B1C3D64F-F88C-492D-B9F0-9AEB8F598AA1}.Release|ARM64.Build.0 = Release|ARM64
		{B1C3D64F-F88C-492D-B9F0-9AEB8F598AA1}.Release|ARM64.Deploy.0 = Release|ARM64
		{B1C3D64F-F88C-492D-B9F0-9AEB8F598AA1}.Release|x64.ActiveCfg = Release|x64
		{B1C3D64F-F88C-492D-B9F0-9AEB8F598AA1}.Release|x64.Build.0 = Release|x64
		{B1C3D64F-F88C-492D-B9F0-9AEB8F598AA1}.Release|x64.Deploy.0 = Release|x64
		{B1C3D64F-F88C-492D-B9F0-9AEB8F598AA1}.Release|x86.ActiveCfg = Release|x86
		{B1C3D64F-F88C-492D-B9F0-9AEB8F598AA1}.Release|x86.Build.0 = Release|x86
		{B1C3D64F-F88C-492D-B9F0-9AEB8F598AA1}.Release|x86.Deploy.0 = Release|x86
		{768B23F0-7EE1-4E04-B8AF-82EDA85E73A3}.Debug|Any CPU.ActiveCfg = Debug|Any CPU
		{768B23F0-7EE1-4E04-B8AF-82EDA85E73A3}.Debug|Any CPU.Build.0 = Debug|Any CPU
		{768B23F0-7EE1-4E04-B8AF-82EDA85E73A3}.Debug|ARM64.ActiveCfg = Debug|Any CPU
		{768B23F0-7EE1-4E04-B8AF-82EDA85E73A3}.Debug|ARM64.Build.0 = Debug|Any CPU
		{768B23F0-7EE1-4E04-B8AF-82EDA85E73A3}.Debug|x64.ActiveCfg = Debug|Any CPU
		{768B23F0-7EE1-4E04-B8AF-82EDA85E73A3}.Debug|x64.Build.0 = Debug|Any CPU
		{768B23F0-7EE1-4E04-B8AF-82EDA85E73A3}.Debug|x86.ActiveCfg = Debug|Any CPU
		{768B23F0-7EE1-4E04-B8AF-82EDA85E73A3}.Debug|x86.Build.0 = Debug|Any CPU
		{768B23F0-7EE1-4E04-B8AF-82EDA85E73A3}.Release|Any CPU.ActiveCfg = Release|Any CPU
		{768B23F0-7EE1-4E04-B8AF-82EDA85E73A3}.Release|Any CPU.Build.0 = Release|Any CPU
		{768B23F0-7EE1-4E04-B8AF-82EDA85E73A3}.Release|ARM64.ActiveCfg = Release|Any CPU
		{768B23F0-7EE1-4E04-B8AF-82EDA85E73A3}.Release|ARM64.Build.0 = Release|Any CPU
		{768B23F0-7EE1-4E04-B8AF-82EDA85E73A3}.Release|x64.ActiveCfg = Release|Any CPU
		{768B23F0-7EE1-4E04-B8AF-82EDA85E73A3}.Release|x64.Build.0 = Release|Any CPU
		{768B23F0-7EE1-4E04-B8AF-82EDA85E73A3}.Release|x86.ActiveCfg = Release|Any CPU
		{768B23F0-7EE1-4E04-B8AF-82EDA85E73A3}.Release|x86.Build.0 = Release|Any CPU
		{7D53A813-CA6C-414C-BC69-E54681CC53CE}.Debug|Any CPU.ActiveCfg = Debug|Any CPU
		{7D53A813-CA6C-414C-BC69-E54681CC53CE}.Debug|Any CPU.Build.0 = Debug|Any CPU
		{7D53A813-CA6C-414C-BC69-E54681CC53CE}.Debug|ARM64.ActiveCfg = Debug|Any CPU
		{7D53A813-CA6C-414C-BC69-E54681CC53CE}.Debug|ARM64.Build.0 = Debug|Any CPU
		{7D53A813-CA6C-414C-BC69-E54681CC53CE}.Debug|x64.ActiveCfg = Debug|Any CPU
		{7D53A813-CA6C-414C-BC69-E54681CC53CE}.Debug|x64.Build.0 = Debug|Any CPU
		{7D53A813-CA6C-414C-BC69-E54681CC53CE}.Debug|x86.ActiveCfg = Debug|Any CPU
		{7D53A813-CA6C-414C-BC69-E54681CC53CE}.Debug|x86.Build.0 = Debug|Any CPU
		{7D53A813-CA6C-414C-BC69-E54681CC53CE}.Release|Any CPU.ActiveCfg = Release|Any CPU
		{7D53A813-CA6C-414C-BC69-E54681CC53CE}.Release|Any CPU.Build.0 = Release|Any CPU
		{7D53A813-CA6C-414C-BC69-E54681CC53CE}.Release|ARM64.ActiveCfg = Release|Any CPU
		{7D53A813-CA6C-414C-BC69-E54681CC53CE}.Release|ARM64.Build.0 = Release|Any CPU
		{7D53A813-CA6C-414C-BC69-E54681CC53CE}.Release|x64.ActiveCfg = Release|Any CPU
		{7D53A813-CA6C-414C-BC69-E54681CC53CE}.Release|x64.Build.0 = Release|Any CPU
		{7D53A813-CA6C-414C-BC69-E54681CC53CE}.Release|x86.ActiveCfg = Release|Any CPU
		{7D53A813-CA6C-414C-BC69-E54681CC53CE}.Release|x86.Build.0 = Release|Any CPU
		{86E200F5-BD68-4566-9175-261F653EEC46}.Debug|Any CPU.ActiveCfg = Debug|Any CPU
		{86E200F5-BD68-4566-9175-261F653EEC46}.Debug|Any CPU.Build.0 = Debug|Any CPU
		{86E200F5-BD68-4566-9175-261F653EEC46}.Debug|ARM64.ActiveCfg = Debug|Any CPU
		{86E200F5-BD68-4566-9175-261F653EEC46}.Debug|ARM64.Build.0 = Debug|Any CPU
		{86E200F5-BD68-4566-9175-261F653EEC46}.Debug|x64.ActiveCfg = Debug|Any CPU
		{86E200F5-BD68-4566-9175-261F653EEC46}.Debug|x64.Build.0 = Debug|Any CPU
		{86E200F5-BD68-4566-9175-261F653EEC46}.Debug|x86.ActiveCfg = Debug|Any CPU
		{86E200F5-BD68-4566-9175-261F653EEC46}.Debug|x86.Build.0 = Debug|Any CPU
		{86E200F5-BD68-4566-9175-261F653EEC46}.Release|Any CPU.ActiveCfg = Release|Any CPU
		{86E200F5-BD68-4566-9175-261F653EEC46}.Release|Any CPU.Build.0 = Release|Any CPU
		{86E200F5-BD68-4566-9175-261F653EEC46}.Release|ARM64.ActiveCfg = Release|Any CPU
		{86E200F5-BD68-4566-9175-261F653EEC46}.Release|ARM64.Build.0 = Release|Any CPU
		{86E200F5-BD68-4566-9175-261F653EEC46}.Release|x64.ActiveCfg = Release|Any CPU
		{86E200F5-BD68-4566-9175-261F653EEC46}.Release|x64.Build.0 = Release|Any CPU
		{86E200F5-BD68-4566-9175-261F653EEC46}.Release|x86.ActiveCfg = Release|Any CPU
		{86E200F5-BD68-4566-9175-261F653EEC46}.Release|x86.Build.0 = Release|Any CPU
		{B7DFE122-7DB2-47EC-86E7-0265F51EEAE0}.Debug|Any CPU.ActiveCfg = Debug|Any CPU
		{B7DFE122-7DB2-47EC-86E7-0265F51EEAE0}.Debug|Any CPU.Build.0 = Debug|Any CPU
		{B7DFE122-7DB2-47EC-86E7-0265F51EEAE0}.Debug|ARM64.ActiveCfg = Debug|Any CPU
		{B7DFE122-7DB2-47EC-86E7-0265F51EEAE0}.Debug|ARM64.Build.0 = Debug|Any CPU
		{B7DFE122-7DB2-47EC-86E7-0265F51EEAE0}.Debug|x64.ActiveCfg = Debug|Any CPU
		{B7DFE122-7DB2-47EC-86E7-0265F51EEAE0}.Debug|x64.Build.0 = Debug|Any CPU
		{B7DFE122-7DB2-47EC-86E7-0265F51EEAE0}.Debug|x86.ActiveCfg = Debug|Any CPU
		{B7DFE122-7DB2-47EC-86E7-0265F51EEAE0}.Debug|x86.Build.0 = Debug|Any CPU
		{B7DFE122-7DB2-47EC-86E7-0265F51EEAE0}.Release|Any CPU.ActiveCfg = Release|Any CPU
		{B7DFE122-7DB2-47EC-86E7-0265F51EEAE0}.Release|Any CPU.Build.0 = Release|Any CPU
		{B7DFE122-7DB2-47EC-86E7-0265F51EEAE0}.Release|ARM64.ActiveCfg = Release|Any CPU
		{B7DFE122-7DB2-47EC-86E7-0265F51EEAE0}.Release|ARM64.Build.0 = Release|Any CPU
		{B7DFE122-7DB2-47EC-86E7-0265F51EEAE0}.Release|x64.ActiveCfg = Release|Any CPU
		{B7DFE122-7DB2-47EC-86E7-0265F51EEAE0}.Release|x64.Build.0 = Release|Any CPU
		{B7DFE122-7DB2-47EC-86E7-0265F51EEAE0}.Release|x86.ActiveCfg = Release|Any CPU
		{B7DFE122-7DB2-47EC-86E7-0265F51EEAE0}.Release|x86.Build.0 = Release|Any CPU
		{A846F95B-C091-44F6-9312-FD307EA9F92B}.Debug|Any CPU.ActiveCfg = Debug|Any CPU
		{A846F95B-C091-44F6-9312-FD307EA9F92B}.Debug|Any CPU.Build.0 = Debug|Any CPU
		{A846F95B-C091-44F6-9312-FD307EA9F92B}.Debug|ARM64.ActiveCfg = Debug|Any CPU
		{A846F95B-C091-44F6-9312-FD307EA9F92B}.Debug|ARM64.Build.0 = Debug|Any CPU
		{A846F95B-C091-44F6-9312-FD307EA9F92B}.Debug|x64.ActiveCfg = Debug|Any CPU
		{A846F95B-C091-44F6-9312-FD307EA9F92B}.Debug|x64.Build.0 = Debug|Any CPU
		{A846F95B-C091-44F6-9312-FD307EA9F92B}.Debug|x86.ActiveCfg = Debug|Any CPU
		{A846F95B-C091-44F6-9312-FD307EA9F92B}.Debug|x86.Build.0 = Debug|Any CPU
		{A846F95B-C091-44F6-9312-FD307EA9F92B}.Release|Any CPU.ActiveCfg = Release|Any CPU
		{A846F95B-C091-44F6-9312-FD307EA9F92B}.Release|Any CPU.Build.0 = Release|Any CPU
		{A846F95B-C091-44F6-9312-FD307EA9F92B}.Release|ARM64.ActiveCfg = Release|Any CPU
		{A846F95B-C091-44F6-9312-FD307EA9F92B}.Release|ARM64.Build.0 = Release|Any CPU
		{A846F95B-C091-44F6-9312-FD307EA9F92B}.Release|x64.ActiveCfg = Release|Any CPU
		{A846F95B-C091-44F6-9312-FD307EA9F92B}.Release|x64.Build.0 = Release|Any CPU
		{A846F95B-C091-44F6-9312-FD307EA9F92B}.Release|x86.ActiveCfg = Release|Any CPU
		{A846F95B-C091-44F6-9312-FD307EA9F92B}.Release|x86.Build.0 = Release|Any CPU
	EndGlobalSection
	GlobalSection(SolutionProperties) = preSolution
		HideSolutionNode = FALSE
	EndGlobalSection
	GlobalSection(NestedProjects) = preSolution
		{B1C3D64F-F88C-492D-B9F0-9AEB8F598AA1} = {F817B51C-2F25-4507-B6BB-456107D754B6}
		{768B23F0-7EE1-4E04-B8AF-82EDA85E73A3} = {F817B51C-2F25-4507-B6BB-456107D754B6}
		{7D53A813-CA6C-414C-BC69-E54681CC53CE} = {C94E00DA-F23E-41F3-8F25-C9A65B8496BB}
		{86E200F5-BD68-4566-9175-261F653EEC46} = {194E7EA7-B5E7-41F8-B097-52467D4CF33A}
		{B7DFE122-7DB2-47EC-86E7-0265F51EEAE0} = {C94E00DA-F23E-41F3-8F25-C9A65B8496BB}
		{A846F95B-C091-44F6-9312-FD307EA9F92B} = {C94E00DA-F23E-41F3-8F25-C9A65B8496BB}
	EndGlobalSection
	GlobalSection(ExtensibilityGlobals) = postSolution
		SolutionGuid = {60F993E5-268C-48A3-81EF-C7BF0CDA6223}
	EndGlobalSection
EndGlobal
