
Microsoft Visual Studio Solution File, Format Version 12.00
# Visual Studio Version 17
VisualStudioVersion = 17.6.33606.364
MinimumVisualStudioVersion = 10.0.40219.1
Project("{9A19103F-16F7-4668-BE54-9A1E7A4F7556}") = "Wavee.UI.WinUI", "Wavee.UI.WinUI.csproj", "{1BB39A39-4885-40CF-BE03-EDAAF5344147}"
EndProject
Project("{9A19103F-16F7-4668-BE54-9A1E7A4F7556}") = "Wavee.UI", "..\Wavee.UI\Wavee.UI.csproj", "{6874C65C-884B-4B22-BDC2-97B4342F425D}"
EndProject
Project("{FAE04EC0-301F-11D3-BF4B-00C04F79EFBC}") = "Wavee.UI.WinUI.Debug", "..\Wavee.UI.WinUI.Debug\Wavee.UI.WinUI.Debug.csproj", "{6AC50D4D-D6B5-4352-94C6-F88A8239665B}"
EndProject
Global
	GlobalSection(SolutionConfigurationPlatforms) = preSolution
		Debug|Any CPU = Debug|Any CPU
		Debug|ARM64 = Debug|ARM64
		Debug|x64 = Debug|x64
		Debug|x86 = Debug|x86
		Release|Any CPU = Release|Any CPU
		Release|ARM64 = Release|ARM64
		Release|x64 = Release|x64
		Release|x86 = Release|x86
	EndGlobalSection
	GlobalSection(ProjectConfigurationPlatforms) = postSolution
		{1BB39A39-4885-40CF-BE03-EDAAF5344147}.Debug|Any CPU.ActiveCfg = Debug|x64
		{1BB39A39-4885-40CF-BE03-EDAAF5344147}.Debug|Any CPU.Build.0 = Debug|x64
		{1BB39A39-4885-40CF-BE03-EDAAF5344147}.Debug|Any CPU.Deploy.0 = Debug|x64
		{1BB39A39-4885-40CF-BE03-EDAAF5344147}.Debug|ARM64.ActiveCfg = Debug|ARM64
		{1BB39A39-4885-40CF-BE03-EDAAF5344147}.Debug|ARM64.Build.0 = Debug|ARM64
		{1BB39A39-4885-40CF-BE03-EDAAF5344147}.Debug|ARM64.Deploy.0 = Debug|ARM64
		{1BB39A39-4885-40CF-BE03-EDAAF5344147}.Debug|x64.ActiveCfg = Debug|x64
		{1BB39A39-4885-40CF-BE03-EDAAF5344147}.Debug|x64.Build.0 = Debug|x64
		{1BB39A39-4885-40CF-BE03-EDAAF5344147}.Debug|x64.Deploy.0 = Debug|x64
		{1BB39A39-4885-40CF-BE03-EDAAF5344147}.Debug|x86.ActiveCfg = Debug|x86
		{1BB39A39-4885-40CF-BE03-EDAAF5344147}.Debug|x86.Build.0 = Debug|x86
		{1BB39A39-4885-40CF-BE03-EDAAF5344147}.Debug|x86.Deploy.0 = Debug|x86
		{1BB39A39-4885-40CF-BE03-EDAAF5344147}.Release|Any CPU.ActiveCfg = Release|x64
		{1BB39A39-4885-40CF-BE03-EDAAF5344147}.Release|Any CPU.Build.0 = Release|x64
		{1BB39A39-4885-40CF-BE03-EDAAF5344147}.Release|Any CPU.Deploy.0 = Release|x64
		{1BB39A39-4885-40CF-BE03-EDAAF5344147}.Release|ARM64.ActiveCfg = Release|ARM64
		{1BB39A39-4885-40CF-BE03-EDAAF5344147}.Release|ARM64.Build.0 = Release|ARM64
		{1BB39A39-4885-40CF-BE03-EDAAF5344147}.Release|ARM64.Deploy.0 = Release|ARM64
		{1BB39A39-4885-40CF-BE03-EDAAF5344147}.Release|x64.ActiveCfg = Release|x64
		{1BB39A39-4885-40CF-BE03-EDAAF5344147}.Release|x64.Build.0 = Release|x64
		{1BB39A39-4885-40CF-BE03-EDAAF5344147}.Release|x64.Deploy.0 = Release|x64
		{1BB39A39-4885-40CF-BE03-EDAAF5344147}.Release|x86.ActiveCfg = Release|x86
		{1BB39A39-4885-40CF-BE03-EDAAF5344147}.Release|x86.Build.0 = Release|x86
		{1BB39A39-4885-40CF-BE03-EDAAF5344147}.Release|x86.Deploy.0 = Release|x86
		{6874C65C-884B-4B22-BDC2-97B4342F425D}.Debug|Any CPU.ActiveCfg = Debug|Any CPU
		{6874C65C-884B-4B22-BDC2-97B4342F425D}.Debug|Any CPU.Build.0 = Debug|Any CPU
		{6874C65C-884B-4B22-BDC2-97B4342F425D}.Debug|ARM64.ActiveCfg = Debug|Any CPU
		{6874C65C-884B-4B22-BDC2-97B4342F425D}.Debug|ARM64.Build.0 = Debug|Any CPU
		{6874C65C-884B-4B22-BDC2-97B4342F425D}.Debug|x64.ActiveCfg = Debug|Any CPU
		{6874C65C-884B-4B22-BDC2-97B4342F425D}.Debug|x64.Build.0 = Debug|Any CPU
		{6874C65C-884B-4B22-BDC2-97B4342F425D}.Debug|x86.ActiveCfg = Debug|Any CPU
		{6874C65C-884B-4B22-BDC2-97B4342F425D}.Debug|x86.Build.0 = Debug|Any CPU
		{6874C65C-884B-4B22-BDC2-97B4342F425D}.Release|Any CPU.ActiveCfg = Release|Any CPU
		{6874C65C-884B-4B22-BDC2-97B4342F425D}.Release|Any CPU.Build.0 = Release|Any CPU
		{6874C65C-884B-4B22-BDC2-97B4342F425D}.Release|ARM64.ActiveCfg = Release|Any CPU
		{6874C65C-884B-4B22-BDC2-97B4342F425D}.Release|ARM64.Build.0 = Release|Any CPU
		{6874C65C-884B-4B22-BDC2-97B4342F425D}.Release|x64.ActiveCfg = Release|Any CPU
		{6874C65C-884B-4B22-BDC2-97B4342F425D}.Release|x64.Build.0 = Release|Any CPU
		{6874C65C-884B-4B22-BDC2-97B4342F425D}.Release|x86.ActiveCfg = Release|Any CPU
		{6874C65C-884B-4B22-BDC2-97B4342F425D}.Release|x86.Build.0 = Release|Any CPU
		{6AC50D4D-D6B5-4352-94C6-F88A8239665B}.Debug|Any CPU.ActiveCfg = Debug|Any CPU
		{6AC50D4D-D6B5-4352-94C6-F88A8239665B}.Debug|Any CPU.Build.0 = Debug|Any CPU
		{6AC50D4D-D6B5-4352-94C6-F88A8239665B}.Debug|ARM64.ActiveCfg = Debug|Any CPU
		{6AC50D4D-D6B5-4352-94C6-F88A8239665B}.Debug|ARM64.Build.0 = Debug|Any CPU
		{6AC50D4D-D6B5-4352-94C6-F88A8239665B}.Debug|x64.ActiveCfg = Debug|Any CPU
		{6AC50D4D-D6B5-4352-94C6-F88A8239665B}.Debug|x64.Build.0 = Debug|Any CPU
		{6AC50D4D-D6B5-4352-94C6-F88A8239665B}.Debug|x86.ActiveCfg = Debug|Any CPU
		{6AC50D4D-D6B5-4352-94C6-F88A8239665B}.Debug|x86.Build.0 = Debug|Any CPU
		{6AC50D4D-D6B5-4352-94C6-F88A8239665B}.Release|Any CPU.ActiveCfg = Release|Any CPU
		{6AC50D4D-D6B5-4352-94C6-F88A8239665B}.Release|Any CPU.Build.0 = Release|Any CPU
		{6AC50D4D-D6B5-4352-94C6-F88A8239665B}.Release|ARM64.ActiveCfg = Release|Any CPU
		{6AC50D4D-D6B5-4352-94C6-F88A8239665B}.Release|ARM64.Build.0 = Release|Any CPU
		{6AC50D4D-D6B5-4352-94C6-F88A8239665B}.Release|x64.ActiveCfg = Release|Any CPU
		{6AC50D4D-D6B5-4352-94C6-F88A8239665B}.Release|x64.Build.0 = Release|Any CPU
		{6AC50D4D-D6B5-4352-94C6-F88A8239665B}.Release|x86.ActiveCfg = Release|Any CPU
		{6AC50D4D-D6B5-4352-94C6-F88A8239665B}.Release|x86.Build.0 = Release|Any CPU
	EndGlobalSection
	GlobalSection(SolutionProperties) = preSolution
		HideSolutionNode = FALSE
	EndGlobalSection
	GlobalSection(ExtensibilityGlobals) = postSolution
		SolutionGuid = {BBF6C7B8-F15E-4069-9A12-5D22D719CF22}
	EndGlobalSection
EndGlobal
