
Microsoft Visual Studio Solution File, Format Version 12.00
Project("{FAE04EC0-301F-11D3-BF4B-00C04F79EFBC}") = "Wavee.Spotify.Proto", "spotify\Wavee.Spotify.Proto\Wavee.Spotify.Proto.csproj", "{522A5D81-A3A2-4780-87F9-B2FC456634B4}"
EndProject
Project("{FAE04EC0-301F-11D3-BF4B-00C04F79EFBC}") = "Wavee.Spotify", "spotify\Wavee.Spotify\Wavee.Spotify.csproj", "{36E809B1-9F7F-4538-BA8E-DDFEF24A53D1}"
EndProject
Project("{FAE04EC0-301F-11D3-BF4B-00C04F79EFBC}") = "Wavee.Local", "local\Wavee.Local\Wavee.Local.csproj", "{983EFF87-679B-4A6A-82BB-15502B4A7348}"
EndProject
Project("{FAE04EC0-301F-11D3-BF4B-00C04F79EFBC}") = "Wavee.Core", "core\Wavee.Core\Wavee.Core.csproj", "{A5FC3915-6157-4E86-AFDD-24D33DE15B83}"
EndProject
Project("{FAE04EC0-301F-11D3-BF4B-00C04F79EFBC}") = "Wavee.Spotify.Auth", "spotify\Wavee.Spotify.Auth\Wavee.Spotify.Auth.csproj", "{4B040D64-186D-4FA2-B262-BC4C10E48906}"
EndProject
Project("{2150E333-8FDC-42A3-9474-1A3956D46DE8}") = "spotify", "spotify", "{60BF705B-1E89-4F57-8ED0-1F4ADEA1FA37}"
EndProject
Project("{FAE04EC0-301F-11D3-BF4B-00C04F79EFBC}") = "ConsoleApp1", "..\tests\ConsoleApp1\ConsoleApp1.csproj", "{7F8F8A52-6EB9-41AA-8DE0-F5CC41033304}"
EndProject
Project("{FAE04EC0-301F-11D3-BF4B-00C04F79EFBC}") = "Wavee.Spotify.Decryption", "spotify\Wavee.Spotify.Decryption\Wavee.Spotify.Decryption.csproj", "{9FFB879D-8D74-45E6-9669-4ADACEFEEC1B}"
EndProject
Project("{2150E333-8FDC-42A3-9474-1A3956D46DE8}") = "core", "core", "{4F322E61-2889-4E34-A6D4-3C2EC953B2A1}"
EndProject
Project("{FAE04EC0-301F-11D3-BF4B-00C04F79EFBC}") = "Wavee.Core.Decoders", "core\Wavee.Core.Decoders\Wavee.Core.Decoders.csproj", "{C06FBE79-C93E-4427-87E9-E315497C7E10}"
EndProject
Global
	GlobalSection(SolutionConfigurationPlatforms) = preSolution
		Debug|Any CPU = Debug|Any CPU
		Release|Any CPU = Release|Any CPU
	EndGlobalSection
	GlobalSection(ProjectConfigurationPlatforms) = postSolution
		{522A5D81-A3A2-4780-87F9-B2FC456634B4}.Debug|Any CPU.ActiveCfg = Debug|Any CPU
		{522A5D81-A3A2-4780-87F9-B2FC456634B4}.Debug|Any CPU.Build.0 = Debug|Any CPU
		{522A5D81-A3A2-4780-87F9-B2FC456634B4}.Release|Any CPU.ActiveCfg = Release|Any CPU
		{522A5D81-A3A2-4780-87F9-B2FC456634B4}.Release|Any CPU.Build.0 = Release|Any CPU
		{36E809B1-9F7F-4538-BA8E-DDFEF24A53D1}.Debug|Any CPU.ActiveCfg = Debug|Any CPU
		{36E809B1-9F7F-4538-BA8E-DDFEF24A53D1}.Debug|Any CPU.Build.0 = Debug|Any CPU
		{36E809B1-9F7F-4538-BA8E-DDFEF24A53D1}.Release|Any CPU.ActiveCfg = Release|Any CPU
		{36E809B1-9F7F-4538-BA8E-DDFEF24A53D1}.Release|Any CPU.Build.0 = Release|Any CPU
		{983EFF87-679B-4A6A-82BB-15502B4A7348}.Debug|Any CPU.ActiveCfg = Debug|Any CPU
		{983EFF87-679B-4A6A-82BB-15502B4A7348}.Debug|Any CPU.Build.0 = Debug|Any CPU
		{983EFF87-679B-4A6A-82BB-15502B4A7348}.Release|Any CPU.ActiveCfg = Release|Any CPU
		{983EFF87-679B-4A6A-82BB-15502B4A7348}.Release|Any CPU.Build.0 = Release|Any CPU
		{A5FC3915-6157-4E86-AFDD-24D33DE15B83}.Debug|Any CPU.ActiveCfg = Debug|Any CPU
		{A5FC3915-6157-4E86-AFDD-24D33DE15B83}.Debug|Any CPU.Build.0 = Debug|Any CPU
		{A5FC3915-6157-4E86-AFDD-24D33DE15B83}.Release|Any CPU.ActiveCfg = Release|Any CPU
		{A5FC3915-6157-4E86-AFDD-24D33DE15B83}.Release|Any CPU.Build.0 = Release|Any CPU
		{4B040D64-186D-4FA2-B262-BC4C10E48906}.Debug|Any CPU.ActiveCfg = Debug|Any CPU
		{4B040D64-186D-4FA2-B262-BC4C10E48906}.Debug|Any CPU.Build.0 = Debug|Any CPU
		{4B040D64-186D-4FA2-B262-BC4C10E48906}.Release|Any CPU.ActiveCfg = Release|Any CPU
		{4B040D64-186D-4FA2-B262-BC4C10E48906}.Release|Any CPU.Build.0 = Release|Any CPU
		{7F8F8A52-6EB9-41AA-8DE0-F5CC41033304}.Debug|Any CPU.ActiveCfg = Debug|Any CPU
		{7F8F8A52-6EB9-41AA-8DE0-F5CC41033304}.Debug|Any CPU.Build.0 = Debug|Any CPU
		{7F8F8A52-6EB9-41AA-8DE0-F5CC41033304}.Release|Any CPU.ActiveCfg = Release|Any CPU
		{7F8F8A52-6EB9-41AA-8DE0-F5CC41033304}.Release|Any CPU.Build.0 = Release|Any CPU
		{9FFB879D-8D74-45E6-9669-4ADACEFEEC1B}.Debug|Any CPU.ActiveCfg = Debug|Any CPU
		{9FFB879D-8D74-45E6-9669-4ADACEFEEC1B}.Debug|Any CPU.Build.0 = Debug|Any CPU
		{9FFB879D-8D74-45E6-9669-4ADACEFEEC1B}.Release|Any CPU.ActiveCfg = Release|Any CPU
		{9FFB879D-8D74-45E6-9669-4ADACEFEEC1B}.Release|Any CPU.Build.0 = Release|Any CPU
		{C06FBE79-C93E-4427-87E9-E315497C7E10}.Debug|Any CPU.ActiveCfg = Debug|Any CPU
		{C06FBE79-C93E-4427-87E9-E315497C7E10}.Debug|Any CPU.Build.0 = Debug|Any CPU
		{C06FBE79-C93E-4427-87E9-E315497C7E10}.Release|Any CPU.ActiveCfg = Release|Any CPU
		{C06FBE79-C93E-4427-87E9-E315497C7E10}.Release|Any CPU.Build.0 = Release|Any CPU
	EndGlobalSection
	GlobalSection(NestedProjects) = preSolution
		{36E809B1-9F7F-4538-BA8E-DDFEF24A53D1} = {60BF705B-1E89-4F57-8ED0-1F4ADEA1FA37}
		{4B040D64-186D-4FA2-B262-BC4C10E48906} = {60BF705B-1E89-4F57-8ED0-1F4ADEA1FA37}
		{522A5D81-A3A2-4780-87F9-B2FC456634B4} = {60BF705B-1E89-4F57-8ED0-1F4ADEA1FA37}
		{9FFB879D-8D74-45E6-9669-4ADACEFEEC1B} = {60BF705B-1E89-4F57-8ED0-1F4ADEA1FA37}
		{A5FC3915-6157-4E86-AFDD-24D33DE15B83} = {4F322E61-2889-4E34-A6D4-3C2EC953B2A1}
		{C06FBE79-C93E-4427-87E9-E315497C7E10} = {4F322E61-2889-4E34-A6D4-3C2EC953B2A1}
	EndGlobalSection
EndGlobal
