
Microsoft Visual Studio Solution File, Format Version 12.00
# Visual Studio Version 17
VisualStudioVersion = 17.10.34707.107
MinimumVisualStudioVersion = 10.0.40219.1
Project("{FAE04EC0-301F-11D3-BF4B-00C04F79EFBC}") = "Wavee.UI.WInUI", "ui\Wavee.UI.WInUI\Wavee.UI.WInUI.csproj", "{7BD34EA3-B197-4DE2-8D13-7337ADBBA162}"
EndProject
Project("{9A19103F-16F7-4668-BE54-9A1E7A4F7556}") = "Wavee.Core", "core\Wavee.Core\Wavee.Core.csproj", "{8C0F2734-D0DE-4F61-B7DB-946CDB53B858}"
EndProject
Project("{9A19103F-16F7-4668-BE54-9A1E7A4F7556}") = "Wavee.Core.Decoders", "core\Wavee.Core.Decoders\Wavee.Core.Decoders.csproj", "{6656F55B-BF37-4ED1-84AC-A64643988698}"
EndProject
Project("{9A19103F-16F7-4668-BE54-9A1E7A4F7556}") = "Wavee.Local", "local\Wavee.Local\Wavee.Local.csproj", "{2E2EE33A-2B18-4974-B6DC-264D6DC999C3}"
EndProject
Project("{9A19103F-16F7-4668-BE54-9A1E7A4F7556}") = "Wavee.Spotify", "spotify\Wavee.Spotify\Wavee.Spotify.csproj", "{5570D5C6-5A4B-472B-99D6-3AC13EE18877}"
EndProject
Project("{2150E333-8FDC-42A3-9474-1A3956D46DE8}") = "core", "core", "{6E4262AE-903C-4983-BD19-AC642197A8E8}"
EndProject
Project("{2150E333-8FDC-42A3-9474-1A3956D46DE8}") = "local", "local", "{994EB6EA-AA84-4C24-B416-5C3F0AF1B55C}"
EndProject
Project("{2150E333-8FDC-42A3-9474-1A3956D46DE8}") = "spotify", "spotify", "{A9C8FAE6-B05D-4DAE-87E9-A86BFA463BCB}"
EndProject
Project("{9A19103F-16F7-4668-BE54-9A1E7A4F7556}") = "Wavee.Spotify.Auth", "spotify\Wavee.Spotify.Auth\Wavee.Spotify.Auth.csproj", "{A1F61218-7078-4287-AB8A-00EAC1A81C80}"
EndProject
Project("{9A19103F-16F7-4668-BE54-9A1E7A4F7556}") = "Wavee.Spotify.Decryption", "spotify\Wavee.Spotify.Decryption\Wavee.Spotify.Decryption.csproj", "{EE07817E-138B-486C-9F65-2B4056F4E0F3}"
EndProject
Project("{9A19103F-16F7-4668-BE54-9A1E7A4F7556}") = "Wavee.Spotify.Proto", "spotify\Wavee.Spotify.Proto\Wavee.Spotify.Proto.csproj", "{8F7EA4C0-76FA-47A1-9119-66DE63C27CD0}"
EndProject
Global
	GlobalSection(SolutionConfigurationPlatforms) = preSolution
		Debug|Any CPU = Debug|Any CPU
		Debug|ARM64 = Debug|ARM64
		Debug|x64 = Debug|x64
		Debug|x86 = Debug|x86
		Release|Any CPU = Release|Any CPU
		Release|ARM64 = Release|ARM64
		Release|x64 = Release|x64
		Release|x86 = Release|x86
	EndGlobalSection
	GlobalSection(ProjectConfigurationPlatforms) = postSolution
		{7BD34EA3-B197-4DE2-8D13-7337ADBBA162}.Debug|Any CPU.ActiveCfg = Debug|x64
		{7BD34EA3-B197-4DE2-8D13-7337ADBBA162}.Debug|Any CPU.Build.0 = Debug|x64
		{7BD34EA3-B197-4DE2-8D13-7337ADBBA162}.Debug|Any CPU.Deploy.0 = Debug|x64
		{7BD34EA3-B197-4DE2-8D13-7337ADBBA162}.Debug|ARM64.ActiveCfg = Debug|ARM64
		{7BD34EA3-B197-4DE2-8D13-7337ADBBA162}.Debug|ARM64.Build.0 = Debug|ARM64
		{7BD34EA3-B197-4DE2-8D13-7337ADBBA162}.Debug|ARM64.Deploy.0 = Debug|ARM64
		{7BD34EA3-B197-4DE2-8D13-7337ADBBA162}.Debug|x64.ActiveCfg = Debug|x64
		{7BD34EA3-B197-4DE2-8D13-7337ADBBA162}.Debug|x64.Build.0 = Debug|x64
		{7BD34EA3-B197-4DE2-8D13-7337ADBBA162}.Debug|x64.Deploy.0 = Debug|x64
		{7BD34EA3-B197-4DE2-8D13-7337ADBBA162}.Debug|x86.ActiveCfg = Debug|x86
		{7BD34EA3-B197-4DE2-8D13-7337ADBBA162}.Debug|x86.Build.0 = Debug|x86
		{7BD34EA3-B197-4DE2-8D13-7337ADBBA162}.Debug|x86.Deploy.0 = Debug|x86
		{7BD34EA3-B197-4DE2-8D13-7337ADBBA162}.Release|Any CPU.ActiveCfg = Release|x64
		{7BD34EA3-B197-4DE2-8D13-7337ADBBA162}.Release|Any CPU.Build.0 = Release|x64
		{7BD34EA3-B197-4DE2-8D13-7337ADBBA162}.Release|Any CPU.Deploy.0 = Release|x64
		{7BD34EA3-B197-4DE2-8D13-7337ADBBA162}.Release|ARM64.ActiveCfg = Release|ARM64
		{7BD34EA3-B197-4DE2-8D13-7337ADBBA162}.Release|ARM64.Build.0 = Release|ARM64
		{7BD34EA3-B197-4DE2-8D13-7337ADBBA162}.Release|ARM64.Deploy.0 = Release|ARM64
		{7BD34EA3-B197-4DE2-8D13-7337ADBBA162}.Release|x64.ActiveCfg = Release|x64
		{7BD34EA3-B197-4DE2-8D13-7337ADBBA162}.Release|x64.Build.0 = Release|x64
		{7BD34EA3-B197-4DE2-8D13-7337ADBBA162}.Release|x64.Deploy.0 = Release|x64
		{7BD34EA3-B197-4DE2-8D13-7337ADBBA162}.Release|x86.ActiveCfg = Release|x86
		{7BD34EA3-B197-4DE2-8D13-7337ADBBA162}.Release|x86.Build.0 = Release|x86
		{7BD34EA3-B197-4DE2-8D13-7337ADBBA162}.Release|x86.Deploy.0 = Release|x86
		{8C0F2734-D0DE-4F61-B7DB-946CDB53B858}.Debug|Any CPU.ActiveCfg = Debug|Any CPU
		{8C0F2734-D0DE-4F61-B7DB-946CDB53B858}.Debug|Any CPU.Build.0 = Debug|Any CPU
		{8C0F2734-D0DE-4F61-B7DB-946CDB53B858}.Debug|ARM64.ActiveCfg = Debug|Any CPU
		{8C0F2734-D0DE-4F61-B7DB-946CDB53B858}.Debug|ARM64.Build.0 = Debug|Any CPU
		{8C0F2734-D0DE-4F61-B7DB-946CDB53B858}.Debug|x64.ActiveCfg = Debug|Any CPU
		{8C0F2734-D0DE-4F61-B7DB-946CDB53B858}.Debug|x64.Build.0 = Debug|Any CPU
		{8C0F2734-D0DE-4F61-B7DB-946CDB53B858}.Debug|x86.ActiveCfg = Debug|Any CPU
		{8C0F2734-D0DE-4F61-B7DB-946CDB53B858}.Debug|x86.Build.0 = Debug|Any CPU
		{8C0F2734-D0DE-4F61-B7DB-946CDB53B858}.Release|Any CPU.ActiveCfg = Release|Any CPU
		{8C0F2734-D0DE-4F61-B7DB-946CDB53B858}.Release|Any CPU.Build.0 = Release|Any CPU
		{8C0F2734-D0DE-4F61-B7DB-946CDB53B858}.Release|ARM64.ActiveCfg = Release|Any CPU
		{8C0F2734-D0DE-4F61-B7DB-946CDB53B858}.Release|ARM64.Build.0 = Release|Any CPU
		{8C0F2734-D0DE-4F61-B7DB-946CDB53B858}.Release|x64.ActiveCfg = Release|Any CPU
		{8C0F2734-D0DE-4F61-B7DB-946CDB53B858}.Release|x64.Build.0 = Release|Any CPU
		{8C0F2734-D0DE-4F61-B7DB-946CDB53B858}.Release|x86.ActiveCfg = Release|Any CPU
		{8C0F2734-D0DE-4F61-B7DB-946CDB53B858}.Release|x86.Build.0 = Release|Any CPU
		{6656F55B-BF37-4ED1-84AC-A64643988698}.Debug|Any CPU.ActiveCfg = Debug|Any CPU
		{6656F55B-BF37-4ED1-84AC-A64643988698}.Debug|Any CPU.Build.0 = Debug|Any CPU
		{6656F55B-BF37-4ED1-84AC-A64643988698}.Debug|ARM64.ActiveCfg = Debug|Any CPU
		{6656F55B-BF37-4ED1-84AC-A64643988698}.Debug|ARM64.Build.0 = Debug|Any CPU
		{6656F55B-BF37-4ED1-84AC-A64643988698}.Debug|x64.ActiveCfg = Debug|Any CPU
		{6656F55B-BF37-4ED1-84AC-A64643988698}.Debug|x64.Build.0 = Debug|Any CPU
		{6656F55B-BF37-4ED1-84AC-A64643988698}.Debug|x86.ActiveCfg = Debug|Any CPU
		{6656F55B-BF37-4ED1-84AC-A64643988698}.Debug|x86.Build.0 = Debug|Any CPU
		{6656F55B-BF37-4ED1-84AC-A64643988698}.Release|Any CPU.ActiveCfg = Release|Any CPU
		{6656F55B-BF37-4ED1-84AC-A64643988698}.Release|Any CPU.Build.0 = Release|Any CPU
		{6656F55B-BF37-4ED1-84AC-A64643988698}.Release|ARM64.ActiveCfg = Release|Any CPU
		{6656F55B-BF37-4ED1-84AC-A64643988698}.Release|ARM64.Build.0 = Release|Any CPU
		{6656F55B-BF37-4ED1-84AC-A64643988698}.Release|x64.ActiveCfg = Release|Any CPU
		{6656F55B-BF37-4ED1-84AC-A64643988698}.Release|x64.Build.0 = Release|Any CPU
		{6656F55B-BF37-4ED1-84AC-A64643988698}.Release|x86.ActiveCfg = Release|Any CPU
		{6656F55B-BF37-4ED1-84AC-A64643988698}.Release|x86.Build.0 = Release|Any CPU
		{2E2EE33A-2B18-4974-B6DC-264D6DC999C3}.Debug|Any CPU.ActiveCfg = Debug|Any CPU
		{2E2EE33A-2B18-4974-B6DC-264D6DC999C3}.Debug|Any CPU.Build.0 = Debug|Any CPU
		{2E2EE33A-2B18-4974-B6DC-264D6DC999C3}.Debug|ARM64.ActiveCfg = Debug|Any CPU
		{2E2EE33A-2B18-4974-B6DC-264D6DC999C3}.Debug|ARM64.Build.0 = Debug|Any CPU
		{2E2EE33A-2B18-4974-B6DC-264D6DC999C3}.Debug|x64.ActiveCfg = Debug|Any CPU
		{2E2EE33A-2B18-4974-B6DC-264D6DC999C3}.Debug|x64.Build.0 = Debug|Any CPU
		{2E2EE33A-2B18-4974-B6DC-264D6DC999C3}.Debug|x86.ActiveCfg = Debug|Any CPU
		{2E2EE33A-2B18-4974-B6DC-264D6DC999C3}.Debug|x86.Build.0 = Debug|Any CPU
		{2E2EE33A-2B18-4974-B6DC-264D6DC999C3}.Release|Any CPU.ActiveCfg = Release|Any CPU
		{2E2EE33A-2B18-4974-B6DC-264D6DC999C3}.Release|Any CPU.Build.0 = Release|Any CPU
		{2E2EE33A-2B18-4974-B6DC-264D6DC999C3}.Release|ARM64.ActiveCfg = Release|Any CPU
		{2E2EE33A-2B18-4974-B6DC-264D6DC999C3}.Release|ARM64.Build.0 = Release|Any CPU
		{2E2EE33A-2B18-4974-B6DC-264D6DC999C3}.Release|x64.ActiveCfg = Release|Any CPU
		{2E2EE33A-2B18-4974-B6DC-264D6DC999C3}.Release|x64.Build.0 = Release|Any CPU
		{2E2EE33A-2B18-4974-B6DC-264D6DC999C3}.Release|x86.ActiveCfg = Release|Any CPU
		{2E2EE33A-2B18-4974-B6DC-264D6DC999C3}.Release|x86.Build.0 = Release|Any CPU
		{5570D5C6-5A4B-472B-99D6-3AC13EE18877}.Debug|Any CPU.ActiveCfg = Debug|Any CPU
		{5570D5C6-5A4B-472B-99D6-3AC13EE18877}.Debug|Any CPU.Build.0 = Debug|Any CPU
		{5570D5C6-5A4B-472B-99D6-3AC13EE18877}.Debug|ARM64.ActiveCfg = Debug|Any CPU
		{5570D5C6-5A4B-472B-99D6-3AC13EE18877}.Debug|ARM64.Build.0 = Debug|Any CPU
		{5570D5C6-5A4B-472B-99D6-3AC13EE18877}.Debug|x64.ActiveCfg = Debug|Any CPU
		{5570D5C6-5A4B-472B-99D6-3AC13EE18877}.Debug|x64.Build.0 = Debug|Any CPU
		{5570D5C6-5A4B-472B-99D6-3AC13EE18877}.Debug|x86.ActiveCfg = Debug|Any CPU
		{5570D5C6-5A4B-472B-99D6-3AC13EE18877}.Debug|x86.Build.0 = Debug|Any CPU
		{5570D5C6-5A4B-472B-99D6-3AC13EE18877}.Release|Any CPU.ActiveCfg = Release|Any CPU
		{5570D5C6-5A4B-472B-99D6-3AC13EE18877}.Release|Any CPU.Build.0 = Release|Any CPU
		{5570D5C6-5A4B-472B-99D6-3AC13EE18877}.Release|ARM64.ActiveCfg = Release|Any CPU
		{5570D5C6-5A4B-472B-99D6-3AC13EE18877}.Release|ARM64.Build.0 = Release|Any CPU
		{5570D5C6-5A4B-472B-99D6-3AC13EE18877}.Release|x64.ActiveCfg = Release|Any CPU
		{5570D5C6-5A4B-472B-99D6-3AC13EE18877}.Release|x64.Build.0 = Release|Any CPU
		{5570D5C6-5A4B-472B-99D6-3AC13EE18877}.Release|x86.ActiveCfg = Release|Any CPU
		{5570D5C6-5A4B-472B-99D6-3AC13EE18877}.Release|x86.Build.0 = Release|Any CPU
		{A1F61218-7078-4287-AB8A-00EAC1A81C80}.Debug|Any CPU.ActiveCfg = Debug|Any CPU
		{A1F61218-7078-4287-AB8A-00EAC1A81C80}.Debug|Any CPU.Build.0 = Debug|Any CPU
		{A1F61218-7078-4287-AB8A-00EAC1A81C80}.Debug|ARM64.ActiveCfg = Debug|Any CPU
		{A1F61218-7078-4287-AB8A-00EAC1A81C80}.Debug|ARM64.Build.0 = Debug|Any CPU
		{A1F61218-7078-4287-AB8A-00EAC1A81C80}.Debug|x64.ActiveCfg = Debug|Any CPU
		{A1F61218-7078-4287-AB8A-00EAC1A81C80}.Debug|x64.Build.0 = Debug|Any CPU
		{A1F61218-7078-4287-AB8A-00EAC1A81C80}.Debug|x86.ActiveCfg = Debug|Any CPU
		{A1F61218-7078-4287-AB8A-00EAC1A81C80}.Debug|x86.Build.0 = Debug|Any CPU
		{A1F61218-7078-4287-AB8A-00EAC1A81C80}.Release|Any CPU.ActiveCfg = Release|Any CPU
		{A1F61218-7078-4287-AB8A-00EAC1A81C80}.Release|Any CPU.Build.0 = Release|Any CPU
		{A1F61218-7078-4287-AB8A-00EAC1A81C80}.Release|ARM64.ActiveCfg = Release|Any CPU
		{A1F61218-7078-4287-AB8A-00EAC1A81C80}.Release|ARM64.Build.0 = Release|Any CPU
		{A1F61218-7078-4287-AB8A-00EAC1A81C80}.Release|x64.ActiveCfg = Release|Any CPU
		{A1F61218-7078-4287-AB8A-00EAC1A81C80}.Release|x64.Build.0 = Release|Any CPU
		{A1F61218-7078-4287-AB8A-00EAC1A81C80}.Release|x86.ActiveCfg = Release|Any CPU
		{A1F61218-7078-4287-AB8A-00EAC1A81C80}.Release|x86.Build.0 = Release|Any CPU
		{EE07817E-138B-486C-9F65-2B4056F4E0F3}.Debug|Any CPU.ActiveCfg = Debug|Any CPU
		{EE07817E-138B-486C-9F65-2B4056F4E0F3}.Debug|Any CPU.Build.0 = Debug|Any CPU
		{EE07817E-138B-486C-9F65-2B4056F4E0F3}.Debug|ARM64.ActiveCfg = Debug|Any CPU
		{EE07817E-138B-486C-9F65-2B4056F4E0F3}.Debug|ARM64.Build.0 = Debug|Any CPU
		{EE07817E-138B-486C-9F65-2B4056F4E0F3}.Debug|x64.ActiveCfg = Debug|Any CPU
		{EE07817E-138B-486C-9F65-2B4056F4E0F3}.Debug|x64.Build.0 = Debug|Any CPU
		{EE07817E-138B-486C-9F65-2B4056F4E0F3}.Debug|x86.ActiveCfg = Debug|Any CPU
		{EE07817E-138B-486C-9F65-2B4056F4E0F3}.Debug|x86.Build.0 = Debug|Any CPU
		{EE07817E-138B-486C-9F65-2B4056F4E0F3}.Release|Any CPU.ActiveCfg = Release|Any CPU
		{EE07817E-138B-486C-9F65-2B4056F4E0F3}.Release|Any CPU.Build.0 = Release|Any CPU
		{EE07817E-138B-486C-9F65-2B4056F4E0F3}.Release|ARM64.ActiveCfg = Release|Any CPU
		{EE07817E-138B-486C-9F65-2B4056F4E0F3}.Release|ARM64.Build.0 = Release|Any CPU
		{EE07817E-138B-486C-9F65-2B4056F4E0F3}.Release|x64.ActiveCfg = Release|Any CPU
		{EE07817E-138B-486C-9F65-2B4056F4E0F3}.Release|x64.Build.0 = Release|Any CPU
		{EE07817E-138B-486C-9F65-2B4056F4E0F3}.Release|x86.ActiveCfg = Release|Any CPU
		{EE07817E-138B-486C-9F65-2B4056F4E0F3}.Release|x86.Build.0 = Release|Any CPU
		{8F7EA4C0-76FA-47A1-9119-66DE63C27CD0}.Debug|Any CPU.ActiveCfg = Debug|Any CPU
		{8F7EA4C0-76FA-47A1-9119-66DE63C27CD0}.Debug|Any CPU.Build.0 = Debug|Any CPU
		{8F7EA4C0-76FA-47A1-9119-66DE63C27CD0}.Debug|ARM64.ActiveCfg = Debug|Any CPU
		{8F7EA4C0-76FA-47A1-9119-66DE63C27CD0}.Debug|ARM64.Build.0 = Debug|Any CPU
		{8F7EA4C0-76FA-47A1-9119-66DE63C27CD0}.Debug|x64.ActiveCfg = Debug|Any CPU
		{8F7EA4C0-76FA-47A1-9119-66DE63C27CD0}.Debug|x64.Build.0 = Debug|Any CPU
		{8F7EA4C0-76FA-47A1-9119-66DE63C27CD0}.Debug|x86.ActiveCfg = Debug|Any CPU
		{8F7EA4C0-76FA-47A1-9119-66DE63C27CD0}.Debug|x86.Build.0 = Debug|Any CPU
		{8F7EA4C0-76FA-47A1-9119-66DE63C27CD0}.Release|Any CPU.ActiveCfg = Release|Any CPU
		{8F7EA4C0-76FA-47A1-9119-66DE63C27CD0}.Release|Any CPU.Build.0 = Release|Any CPU
		{8F7EA4C0-76FA-47A1-9119-66DE63C27CD0}.Release|ARM64.ActiveCfg = Release|Any CPU
		{8F7EA4C0-76FA-47A1-9119-66DE63C27CD0}.Release|ARM64.Build.0 = Release|Any CPU
		{8F7EA4C0-76FA-47A1-9119-66DE63C27CD0}.Release|x64.ActiveCfg = Release|Any CPU
		{8F7EA4C0-76FA-47A1-9119-66DE63C27CD0}.Release|x64.Build.0 = Release|Any CPU
		{8F7EA4C0-76FA-47A1-9119-66DE63C27CD0}.Release|x86.ActiveCfg = Release|Any CPU
		{8F7EA4C0-76FA-47A1-9119-66DE63C27CD0}.Release|x86.Build.0 = Release|Any CPU
	EndGlobalSection
	GlobalSection(SolutionProperties) = preSolution
		HideSolutionNode = FALSE
	EndGlobalSection
	GlobalSection(NestedProjects) = preSolution
		{8C0F2734-D0DE-4F61-B7DB-946CDB53B858} = {6E4262AE-903C-4983-BD19-AC642197A8E8}
		{6656F55B-BF37-4ED1-84AC-A64643988698} = {6E4262AE-903C-4983-BD19-AC642197A8E8}
		{2E2EE33A-2B18-4974-B6DC-264D6DC999C3} = {994EB6EA-AA84-4C24-B416-5C3F0AF1B55C}
		{5570D5C6-5A4B-472B-99D6-3AC13EE18877} = {A9C8FAE6-B05D-4DAE-87E9-A86BFA463BCB}
		{A1F61218-7078-4287-AB8A-00EAC1A81C80} = {A9C8FAE6-B05D-4DAE-87E9-A86BFA463BCB}
		{EE07817E-138B-486C-9F65-2B4056F4E0F3} = {A9C8FAE6-B05D-4DAE-87E9-A86BFA463BCB}
		{8F7EA4C0-76FA-47A1-9119-66DE63C27CD0} = {A9C8FAE6-B05D-4DAE-87E9-A86BFA463BCB}
	EndGlobalSection
	GlobalSection(ExtensibilityGlobals) = postSolution
		SolutionGuid = {617EBE03-4501-4B3D-9CE0-6B14A45B332F}
	EndGlobalSection
EndGlobal
